<?xml version="1.0" encoding="utf-8"?>
<Project ToolsVersion="17.0" xmlns="http://schemas.microsoft.com/developer/msbuild/2003">
  <ItemGroup>
    <CustomBuild Include="D:\cpplib\poco_2022\cmake_win_x64\CMakeFiles\f3a1d287e21de6fe85fa8b3fb651f831\uninstall.rule">
      <Filter>CMake Rules</Filter>
    </CustomBuild>
    <CustomBuild Include="D:\cpplib\poco_2022\CMakeLists.txt" />
  </ItemGroup>
  <ItemGroup>
    <None Include="D:\cpplib\poco_2022\cmake_win_x64\CMakeFiles\uninstall" />
  </ItemGroup>
  <ItemGroup>
    <Filter Include="CMake Rules">
      <UniqueIdentifier>{9F3C8CEE-544E-3182-9224-0703C4F8E6DD}</UniqueIdentifier>
    </Filter>
  </ItemGroup>
</Project>
