<?xml version="1.0" encoding="utf-8"?>
<Project ToolsVersion="17.0" xmlns="http://schemas.microsoft.com/developer/msbuild/2003">
  <ItemGroup>
    <ClCompile Include="D:\cpplib\poco_2022\Foundation\src\ASCIIEncoding.cpp">
      <Filter>Text\Source Files</Filter>
    </ClCompile>
    <ClCompile Include="D:\cpplib\poco_2022\Foundation\src\AbstractObserver.cpp">
      <Filter>Notifications\Source Files</Filter>
    </ClCompile>
    <ClCompile Include="D:\cpplib\poco_2022\Foundation\src\ActiveDispatcher.cpp">
      <Filter>Threading\Source Files</Filter>
    </ClCompile>
    <ClCompile Include="D:\cpplib\poco_2022\Foundation\src\ArchiveStrategy.cpp">
      <Filter>Logging\Source Files</Filter>
    </ClCompile>
    <ClCompile Include="D:\cpplib\poco_2022\Foundation\src\Ascii.cpp">
      <Filter>Core\Source Files</Filter>
    </ClCompile>
    <ClCompile Include="D:\cpplib\poco_2022\Foundation\src\AsyncChannel.cpp">
      <Filter>Logging\Source Files</Filter>
    </ClCompile>
    <ClCompile Include="D:\cpplib\poco_2022\Foundation\src\AtomicCounter.cpp">
      <Filter>Core\Source Files</Filter>
    </ClCompile>
    <ClCompile Include="D:\cpplib\poco_2022\Foundation\src\AtomicFlag.cpp">
      <Filter>Core\Source Files</Filter>
    </ClCompile>
    <ClCompile Include="D:\cpplib\poco_2022\Foundation\src\Base32Decoder.cpp">
      <Filter>Streams\Source Files</Filter>
    </ClCompile>
    <ClCompile Include="D:\cpplib\poco_2022\Foundation\src\Base32Encoder.cpp">
      <Filter>Streams\Source Files</Filter>
    </ClCompile>
    <ClCompile Include="D:\cpplib\poco_2022\Foundation\src\Base64Decoder.cpp">
      <Filter>Streams\Source Files</Filter>
    </ClCompile>
    <ClCompile Include="D:\cpplib\poco_2022\Foundation\src\Base64Encoder.cpp">
      <Filter>Streams\Source Files</Filter>
    </ClCompile>
    <ClCompile Include="D:\cpplib\poco_2022\Foundation\src\BinaryReader.cpp">
      <Filter>Streams\Source Files</Filter>
    </ClCompile>
    <ClCompile Include="D:\cpplib\poco_2022\Foundation\src\BinaryWriter.cpp">
      <Filter>Streams\Source Files</Filter>
    </ClCompile>
    <ClCompile Include="D:\cpplib\poco_2022\Foundation\src\Bugcheck.cpp">
      <Filter>Core\Source Files</Filter>
    </ClCompile>
    <ClCompile Include="D:\cpplib\poco_2022\Foundation\src\ByteOrder.cpp">
      <Filter>Core\Source Files</Filter>
    </ClCompile>
    <ClCompile Include="D:\cpplib\poco_2022\Foundation\src\Channel.cpp">
      <Filter>Logging\Source Files</Filter>
    </ClCompile>
    <ClCompile Include="D:\cpplib\poco_2022\Foundation\src\Checksum.cpp">
      <Filter>Core\Source Files</Filter>
    </ClCompile>
    <ClCompile Include="D:\cpplib\poco_2022\Foundation\src\Clock.cpp">
      <Filter>DateTime\Source Files</Filter>
    </ClCompile>
    <ClCompile Include="D:\cpplib\poco_2022\Foundation\src\Condition.cpp">
      <Filter>Threading\Source Files</Filter>
    </ClCompile>
    <ClCompile Include="D:\cpplib\poco_2022\Foundation\src\Configurable.cpp">
      <Filter>Logging\Source Files</Filter>
    </ClCompile>
    <ClCompile Include="D:\cpplib\poco_2022\Foundation\src\ConsoleChannel.cpp">
      <Filter>Logging\Source Files</Filter>
    </ClCompile>
    <ClCompile Include="D:\cpplib\poco_2022\Foundation\src\CountingStream.cpp">
      <Filter>Streams\Source Files</Filter>
    </ClCompile>
    <ClCompile Include="D:\cpplib\poco_2022\Foundation\src\DataURIStream.cpp">
      <Filter>Streams\Source Files</Filter>
    </ClCompile>
    <ClCompile Include="D:\cpplib\poco_2022\Foundation\src\DataURIStreamFactory.cpp">
      <Filter>URI\Source Files</Filter>
    </ClCompile>
    <ClCompile Include="D:\cpplib\poco_2022\Foundation\src\DateTime.cpp">
      <Filter>DateTime\Source Files</Filter>
    </ClCompile>
    <ClCompile Include="D:\cpplib\poco_2022\Foundation\src\DateTimeFormat.cpp">
      <Filter>DateTime\Source Files</Filter>
    </ClCompile>
    <ClCompile Include="D:\cpplib\poco_2022\Foundation\src\DateTimeFormatter.cpp">
      <Filter>DateTime\Source Files</Filter>
    </ClCompile>
    <ClCompile Include="D:\cpplib\poco_2022\Foundation\src\DateTimeParser.cpp">
      <Filter>DateTime\Source Files</Filter>
    </ClCompile>
    <ClCompile Include="D:\cpplib\poco_2022\Foundation\src\Debugger.cpp">
      <Filter>Core\Source Files</Filter>
    </ClCompile>
    <ClCompile Include="D:\cpplib\poco_2022\Foundation\src\DeflatingStream.cpp">
      <Filter>Streams\Source Files</Filter>
    </ClCompile>
    <ClCompile Include="D:\cpplib\poco_2022\Foundation\src\DigestEngine.cpp">
      <Filter>Crypt\Source Files</Filter>
    </ClCompile>
    <ClCompile Include="D:\cpplib\poco_2022\Foundation\src\DigestStream.cpp">
      <Filter>Crypt\Source Files</Filter>
    </ClCompile>
    <ClCompile Include="D:\cpplib\poco_2022\Foundation\src\DirectoryIterator.cpp">
      <Filter>Filesystem\Source Files</Filter>
    </ClCompile>
    <ClCompile Include="D:\cpplib\poco_2022\Foundation\src\DirectoryIteratorStrategy.cpp">
      <Filter>Filesystem\Source Files</Filter>
    </ClCompile>
    <ClCompile Include="D:\cpplib\poco_2022\Foundation\src\DirectoryWatcher.cpp">
      <Filter>Filesystem\Source Files</Filter>
    </ClCompile>
    <ClCompile Include="D:\cpplib\poco_2022\Foundation\src\Environment.cpp">
      <Filter>Core\Source Files</Filter>
    </ClCompile>
    <ClCompile Include="D:\cpplib\poco_2022\Foundation\src\Error.cpp">
      <Filter>Core\Source Files</Filter>
    </ClCompile>
    <ClCompile Include="D:\cpplib\poco_2022\Foundation\src\ErrorHandler.cpp">
      <Filter>Threading\Source Files</Filter>
    </ClCompile>
    <ClCompile Include="D:\cpplib\poco_2022\Foundation\src\Event.cpp">
      <Filter>Threading\Source Files</Filter>
    </ClCompile>
    <ClCompile Include="D:\cpplib\poco_2022\Foundation\src\EventArgs.cpp">
      <Filter>Events\Source Files</Filter>
    </ClCompile>
    <ClCompile Include="D:\cpplib\poco_2022\Foundation\src\EventChannel.cpp">
      <Filter>Logging\Source Files</Filter>
    </ClCompile>
    <ClCompile Include="D:\cpplib\poco_2022\Foundation\src\EventLogChannel.cpp">
      <Filter>Logging\Source Files</Filter>
    </ClCompile>
    <ClCompile Include="D:\cpplib\poco_2022\Foundation\src\Exception.cpp">
      <Filter>Core\Source Files</Filter>
    </ClCompile>
    <ClCompile Include="D:\cpplib\poco_2022\Foundation\src\FIFOBufferStream.cpp">
      <Filter>Streams\Source Files</Filter>
    </ClCompile>
    <ClCompile Include="D:\cpplib\poco_2022\Foundation\src\FPEnvironment.cpp">
      <Filter>Core\Source Files</Filter>
    </ClCompile>
    <ClCompile Include="D:\cpplib\poco_2022\Foundation\src\File.cpp">
      <Filter>Filesystem\Source Files</Filter>
    </ClCompile>
    <ClCompile Include="D:\cpplib\poco_2022\Foundation\src\FileChannel.cpp">
      <Filter>Logging\Source Files</Filter>
    </ClCompile>
    <ClCompile Include="D:\cpplib\poco_2022\Foundation\src\FileStream.cpp">
      <Filter>Streams\Source Files</Filter>
    </ClCompile>
    <ClCompile Include="D:\cpplib\poco_2022\Foundation\src\FileStreamFactory.cpp">
      <Filter>URI\Source Files</Filter>
    </ClCompile>
    <ClCompile Include="D:\cpplib\poco_2022\Foundation\src\Format.cpp">
      <Filter>Core\Source Files</Filter>
    </ClCompile>
    <ClCompile Include="D:\cpplib\poco_2022\Foundation\src\Formatter.cpp">
      <Filter>Logging\Source Files</Filter>
    </ClCompile>
    <ClCompile Include="D:\cpplib\poco_2022\Foundation\src\FormattingChannel.cpp">
      <Filter>Logging\Source Files</Filter>
    </ClCompile>
    <ClCompile Include="D:\cpplib\poco_2022\Foundation\src\Glob.cpp">
      <Filter>Filesystem\Source Files</Filter>
    </ClCompile>
    <ClCompile Include="D:\cpplib\poco_2022\Foundation\src\Hash.cpp">
      <Filter>Hashing\Source Files</Filter>
    </ClCompile>
    <ClCompile Include="D:\cpplib\poco_2022\Foundation\src\HashStatistic.cpp">
      <Filter>Hashing\Source Files</Filter>
    </ClCompile>
    <ClCompile Include="D:\cpplib\poco_2022\Foundation\src\HexBinaryDecoder.cpp">
      <Filter>Streams\Source Files</Filter>
    </ClCompile>
    <ClCompile Include="D:\cpplib\poco_2022\Foundation\src\HexBinaryEncoder.cpp">
      <Filter>Streams\Source Files</Filter>
    </ClCompile>
    <ClCompile Include="D:\cpplib\poco_2022\Foundation\src\InflatingStream.cpp">
      <Filter>Streams\Source Files</Filter>
    </ClCompile>
    <ClCompile Include="D:\cpplib\poco_2022\Foundation\src\JSONString.cpp">
      <Filter>Core\Source Files</Filter>
    </ClCompile>
    <ClCompile Include="D:\cpplib\poco_2022\Foundation\src\Latin1Encoding.cpp">
      <Filter>Text\Source Files</Filter>
    </ClCompile>
    <ClCompile Include="D:\cpplib\poco_2022\Foundation\src\Latin2Encoding.cpp">
      <Filter>Text\Source Files</Filter>
    </ClCompile>
    <ClCompile Include="D:\cpplib\poco_2022\Foundation\src\Latin9Encoding.cpp">
      <Filter>Text\Source Files</Filter>
    </ClCompile>
    <ClCompile Include="D:\cpplib\poco_2022\Foundation\src\LineEndingConverter.cpp">
      <Filter>Streams\Source Files</Filter>
    </ClCompile>
    <ClCompile Include="D:\cpplib\poco_2022\Foundation\src\LocalDateTime.cpp">
      <Filter>DateTime\Source Files</Filter>
    </ClCompile>
    <ClCompile Include="D:\cpplib\poco_2022\Foundation\src\LogFile.cpp">
      <Filter>Logging\Source Files</Filter>
    </ClCompile>
    <ClCompile Include="D:\cpplib\poco_2022\Foundation\src\LogStream.cpp">
      <Filter>Logging\Source Files</Filter>
    </ClCompile>
    <ClCompile Include="D:\cpplib\poco_2022\Foundation\src\Logger.cpp">
      <Filter>Logging\Source Files</Filter>
    </ClCompile>
    <ClCompile Include="D:\cpplib\poco_2022\Foundation\src\LoggingFactory.cpp">
      <Filter>Logging\Source Files</Filter>
    </ClCompile>
    <ClCompile Include="D:\cpplib\poco_2022\Foundation\src\LoggingRegistry.cpp">
      <Filter>Logging\Source Files</Filter>
    </ClCompile>
    <ClCompile Include="D:\cpplib\poco_2022\Foundation\src\MD4Engine.cpp">
      <Filter>Crypt\Source Files</Filter>
    </ClCompile>
    <ClCompile Include="D:\cpplib\poco_2022\Foundation\src\MD5Engine.cpp">
      <Filter>Crypt\Source Files</Filter>
    </ClCompile>
    <ClCompile Include="D:\cpplib\poco_2022\Foundation\src\Manifest.cpp">
      <Filter>SharedLibrary\Source Files</Filter>
    </ClCompile>
    <ClCompile Include="D:\cpplib\poco_2022\Foundation\src\MemoryPool.cpp">
      <Filter>Core\Source Files</Filter>
    </ClCompile>
    <ClCompile Include="D:\cpplib\poco_2022\Foundation\src\MemoryStream.cpp">
      <Filter>Streams\Source Files</Filter>
    </ClCompile>
    <ClCompile Include="D:\cpplib\poco_2022\Foundation\src\Message.cpp">
      <Filter>Logging\Source Files</Filter>
    </ClCompile>
    <ClCompile Include="D:\cpplib\poco_2022\Foundation\src\Mutex.cpp">
      <Filter>Threading\Source Files</Filter>
    </ClCompile>
    <ClCompile Include="D:\cpplib\poco_2022\Foundation\src\NamedEvent.cpp">
      <Filter>Processes\Source Files</Filter>
    </ClCompile>
    <ClCompile Include="D:\cpplib\poco_2022\Foundation\src\NamedMutex.cpp">
      <Filter>Processes\Source Files</Filter>
    </ClCompile>
    <ClCompile Include="D:\cpplib\poco_2022\Foundation\src\NestedDiagnosticContext.cpp">
      <Filter>Core\Source Files</Filter>
    </ClCompile>
    <ClCompile Include="D:\cpplib\poco_2022\Foundation\src\Notification.cpp">
      <Filter>Notifications\Source Files</Filter>
    </ClCompile>
    <ClCompile Include="D:\cpplib\poco_2022\Foundation\src\NotificationCenter.cpp">
      <Filter>Notifications\Source Files</Filter>
    </ClCompile>
    <ClCompile Include="D:\cpplib\poco_2022\Foundation\src\NotificationQueue.cpp">
      <Filter>Notifications\Source Files</Filter>
    </ClCompile>
    <ClCompile Include="D:\cpplib\poco_2022\Foundation\src\NullChannel.cpp">
      <Filter>Logging\Source Files</Filter>
    </ClCompile>
    <ClCompile Include="D:\cpplib\poco_2022\Foundation\src\NullStream.cpp">
      <Filter>Streams\Source Files</Filter>
    </ClCompile>
    <ClCompile Include="D:\cpplib\poco_2022\Foundation\src\NumberFormatter.cpp">
      <Filter>Core\Source Files</Filter>
    </ClCompile>
    <ClCompile Include="D:\cpplib\poco_2022\Foundation\src\NumberParser.cpp">
      <Filter>Core\Source Files</Filter>
    </ClCompile>
    <ClCompile Include="D:\cpplib\poco_2022\Foundation\src\NumericString.cpp">
      <Filter>Core\Source Files</Filter>
    </ClCompile>
    <ClCompile Include="D:\cpplib\poco_2022\Foundation\src\Path.cpp">
      <Filter>Filesystem\Source Files</Filter>
    </ClCompile>
    <ClCompile Include="D:\cpplib\poco_2022\Foundation\src\PatternFormatter.cpp">
      <Filter>Logging\Source Files</Filter>
    </ClCompile>
    <ClCompile Include="D:\cpplib\poco_2022\Foundation\src\Pipe.cpp">
      <Filter>Processes\Source Files</Filter>
    </ClCompile>
    <ClCompile Include="D:\cpplib\poco_2022\Foundation\src\PipeImpl.cpp">
      <Filter>Processes\Source Files</Filter>
    </ClCompile>
    <ClCompile Include="D:\cpplib\poco_2022\Foundation\src\PipeStream.cpp">
      <Filter>Processes\Source Files</Filter>
    </ClCompile>
    <ClCompile Include="D:\cpplib\poco_2022\Foundation\src\PriorityNotificationQueue.cpp">
      <Filter>Notifications\Source Files</Filter>
    </ClCompile>
    <ClCompile Include="D:\cpplib\poco_2022\Foundation\src\Process.cpp">
      <Filter>Processes\Source Files</Filter>
    </ClCompile>
    <ClCompile Include="D:\cpplib\poco_2022\Foundation\src\PurgeStrategy.cpp">
      <Filter>Logging\Source Files</Filter>
    </ClCompile>
    <ClCompile Include="D:\cpplib\poco_2022\Foundation\src\RWLock.cpp">
      <Filter>Threading\Source Files</Filter>
    </ClCompile>
    <ClCompile Include="D:\cpplib\poco_2022\Foundation\src\Random.cpp">
      <Filter>Crypt\Source Files</Filter>
    </ClCompile>
    <ClCompile Include="D:\cpplib\poco_2022\Foundation\src\RandomStream.cpp">
      <Filter>Crypt\Source Files</Filter>
    </ClCompile>
    <ClCompile Include="D:\cpplib\poco_2022\Foundation\src\RefCountedObject.cpp">
      <Filter>Core\Source Files</Filter>
    </ClCompile>
    <ClCompile Include="D:\cpplib\poco_2022\Foundation\src\RegularExpression.cpp">
      <Filter>RegExp\Source Files</Filter>
    </ClCompile>
    <ClCompile Include="D:\cpplib\poco_2022\Foundation\src\RotateStrategy.cpp">
      <Filter>Logging\Source Files</Filter>
    </ClCompile>
    <ClCompile Include="D:\cpplib\poco_2022\Foundation\src\Runnable.cpp">
      <Filter>Threading\Source Files</Filter>
    </ClCompile>
    <ClCompile Include="D:\cpplib\poco_2022\Foundation\src\SHA1Engine.cpp">
      <Filter>Crypt\Source Files</Filter>
    </ClCompile>
    <ClCompile Include="D:\cpplib\poco_2022\Foundation\src\SHA2Engine.cpp">
      <Filter>Crypt\Source Files</Filter>
    </ClCompile>
    <ClCompile Include="D:\cpplib\poco_2022\Foundation\src\Semaphore.cpp">
      <Filter>Threading\Source Files</Filter>
    </ClCompile>
    <ClCompile Include="D:\cpplib\poco_2022\Foundation\src\SharedLibrary.cpp">
      <Filter>SharedLibrary\Source Files</Filter>
    </ClCompile>
    <ClCompile Include="D:\cpplib\poco_2022\Foundation\src\SharedMemory.cpp">
      <Filter>Processes\Source Files</Filter>
    </ClCompile>
    <ClCompile Include="D:\cpplib\poco_2022\Foundation\src\SignalHandler.cpp">
      <Filter>Threading\Source Files</Filter>
    </ClCompile>
    <ClCompile Include="D:\cpplib\poco_2022\Foundation\src\SimpleFileChannel.cpp">
      <Filter>Logging\Source Files</Filter>
    </ClCompile>
    <ClCompile Include="D:\cpplib\poco_2022\Foundation\src\SortedDirectoryIterator.cpp">
      <Filter>Filesystem\Source Files</Filter>
    </ClCompile>
    <ClCompile Include="D:\cpplib\poco_2022\Foundation\src\SplitterChannel.cpp">
      <Filter>Logging\Source Files</Filter>
    </ClCompile>
    <ClCompile Include="D:\cpplib\poco_2022\Foundation\src\Stopwatch.cpp">
      <Filter>DateTime\Source Files</Filter>
    </ClCompile>
    <ClCompile Include="D:\cpplib\poco_2022\Foundation\src\StreamChannel.cpp">
      <Filter>Logging\Source Files</Filter>
    </ClCompile>
    <ClCompile Include="D:\cpplib\poco_2022\Foundation\src\StreamConverter.cpp">
      <Filter>Text\Source Files</Filter>
    </ClCompile>
    <ClCompile Include="D:\cpplib\poco_2022\Foundation\src\StreamCopier.cpp">
      <Filter>Streams\Source Files</Filter>
    </ClCompile>
    <ClCompile Include="D:\cpplib\poco_2022\Foundation\src\StreamTokenizer.cpp">
      <Filter>Streams\Source Files</Filter>
    </ClCompile>
    <ClCompile Include="D:\cpplib\poco_2022\Foundation\src\String.cpp">
      <Filter>Core\Source Files</Filter>
    </ClCompile>
    <ClCompile Include="D:\cpplib\poco_2022\Foundation\src\StringTokenizer.cpp">
      <Filter>Core\Source Files</Filter>
    </ClCompile>
    <ClCompile Include="D:\cpplib\poco_2022\Foundation\src\SynchronizedObject.cpp">
      <Filter>Threading\Source Files</Filter>
    </ClCompile>
    <ClCompile Include="D:\cpplib\poco_2022\Foundation\src\Task.cpp">
      <Filter>Tasks\Source Files</Filter>
    </ClCompile>
    <ClCompile Include="D:\cpplib\poco_2022\Foundation\src\TaskManager.cpp">
      <Filter>Tasks\Source Files</Filter>
    </ClCompile>
    <ClCompile Include="D:\cpplib\poco_2022\Foundation\src\TaskNotification.cpp">
      <Filter>Tasks\Source Files</Filter>
    </ClCompile>
    <ClCompile Include="D:\cpplib\poco_2022\Foundation\src\TeeStream.cpp">
      <Filter>Streams\Source Files</Filter>
    </ClCompile>
    <ClCompile Include="D:\cpplib\poco_2022\Foundation\src\TemporaryFile.cpp">
      <Filter>Filesystem\Source Files</Filter>
    </ClCompile>
    <ClCompile Include="D:\cpplib\poco_2022\Foundation\src\TextBufferIterator.cpp">
      <Filter>Text\Source Files</Filter>
    </ClCompile>
    <ClCompile Include="D:\cpplib\poco_2022\Foundation\src\TextConverter.cpp">
      <Filter>Text\Source Files</Filter>
    </ClCompile>
    <ClCompile Include="D:\cpplib\poco_2022\Foundation\src\TextEncoding.cpp">
      <Filter>Text\Source Files</Filter>
    </ClCompile>
    <ClCompile Include="D:\cpplib\poco_2022\Foundation\src\TextIterator.cpp">
      <Filter>Text\Source Files</Filter>
    </ClCompile>
    <ClCompile Include="D:\cpplib\poco_2022\Foundation\src\Thread.cpp">
      <Filter>Threading\Source Files</Filter>
    </ClCompile>
    <ClCompile Include="D:\cpplib\poco_2022\Foundation\src\ThreadLocal.cpp">
      <Filter>Threading\Source Files</Filter>
    </ClCompile>
    <ClCompile Include="D:\cpplib\poco_2022\Foundation\src\ThreadPool.cpp">
      <Filter>Threading\Source Files</Filter>
    </ClCompile>
    <ClCompile Include="D:\cpplib\poco_2022\Foundation\src\ThreadTarget.cpp">
      <Filter>Threading\Source Files</Filter>
    </ClCompile>
    <ClCompile Include="D:\cpplib\poco_2022\Foundation\src\TimedNotificationQueue.cpp">
      <Filter>Notifications\Source Files</Filter>
    </ClCompile>
    <ClCompile Include="D:\cpplib\poco_2022\Foundation\src\Timer.cpp">
      <Filter>Threading\Source Files</Filter>
    </ClCompile>
    <ClCompile Include="D:\cpplib\poco_2022\Foundation\src\Timespan.cpp">
      <Filter>DateTime\Source Files</Filter>
    </ClCompile>
    <ClCompile Include="D:\cpplib\poco_2022\Foundation\src\Timestamp.cpp">
      <Filter>DateTime\Source Files</Filter>
    </ClCompile>
    <ClCompile Include="D:\cpplib\poco_2022\Foundation\src\Timezone.cpp">
      <Filter>DateTime\Source Files</Filter>
    </ClCompile>
    <ClCompile Include="D:\cpplib\poco_2022\Foundation\src\Token.cpp">
      <Filter>Streams\Source Files</Filter>
    </ClCompile>
    <ClCompile Include="D:\cpplib\poco_2022\Foundation\src\URI.cpp">
      <Filter>URI\Source Files</Filter>
    </ClCompile>
    <ClCompile Include="D:\cpplib\poco_2022\Foundation\src\URIStreamFactory.cpp">
      <Filter>URI\Source Files</Filter>
    </ClCompile>
    <ClCompile Include="D:\cpplib\poco_2022\Foundation\src\URIStreamOpener.cpp">
      <Filter>URI\Source Files</Filter>
    </ClCompile>
    <ClCompile Include="D:\cpplib\poco_2022\Foundation\src\UTF16Encoding.cpp">
      <Filter>Text\Source Files</Filter>
    </ClCompile>
    <ClCompile Include="D:\cpplib\poco_2022\Foundation\src\UTF32Encoding.cpp">
      <Filter>Text\Source Files</Filter>
    </ClCompile>
    <ClCompile Include="D:\cpplib\poco_2022\Foundation\src\UTF8Encoding.cpp">
      <Filter>Text\Source Files</Filter>
    </ClCompile>
    <ClCompile Include="D:\cpplib\poco_2022\Foundation\src\UTF8String.cpp">
      <Filter>Text\Source Files</Filter>
    </ClCompile>
    <ClCompile Include="D:\cpplib\poco_2022\Foundation\src\UUID.cpp">
      <Filter>UUID\Source Files</Filter>
    </ClCompile>
    <ClCompile Include="D:\cpplib\poco_2022\Foundation\src\UUIDGenerator.cpp">
      <Filter>UUID\Source Files</Filter>
    </ClCompile>
    <ClCompile Include="D:\cpplib\poco_2022\Foundation\src\Unicode.cpp">
      <Filter>Text\Source Files</Filter>
    </ClCompile>
    <ClCompile Include="D:\cpplib\poco_2022\Foundation\src\UnicodeConverter.cpp">
      <Filter>Text\Source Files</Filter>
    </ClCompile>
    <ClCompile Include="D:\cpplib\poco_2022\Foundation\src\Var.cpp">
      <Filter>Core\Source Files</Filter>
    </ClCompile>
    <ClCompile Include="D:\cpplib\poco_2022\Foundation\src\VarHolder.cpp">
      <Filter>Core\Source Files</Filter>
    </ClCompile>
    <ClCompile Include="D:\cpplib\poco_2022\Foundation\src\VarIterator.cpp">
      <Filter>Dynamic\Source Files</Filter>
    </ClCompile>
    <ClCompile Include="D:\cpplib\poco_2022\Foundation\src\Void.cpp">
      <Filter>Core\Source Files</Filter>
    </ClCompile>
    <ClCompile Include="D:\cpplib\poco_2022\Foundation\src\Windows1250Encoding.cpp">
      <Filter>Text\Source Files</Filter>
    </ClCompile>
    <ClCompile Include="D:\cpplib\poco_2022\Foundation\src\Windows1251Encoding.cpp">
      <Filter>Text\Source Files</Filter>
    </ClCompile>
    <ClCompile Include="D:\cpplib\poco_2022\Foundation\src\Windows1252Encoding.cpp">
      <Filter>Text\Source Files</Filter>
    </ClCompile>
    <ClCompile Include="D:\cpplib\poco_2022\Foundation\src\WindowsConsoleChannel.cpp">
      <Filter>Logging\Source Files</Filter>
    </ClCompile>
    <ClCompile Include="D:\cpplib\poco_2022\Foundation\src\pcre2_auto_possess.c">
      <Filter>pcre2\Source Files</Filter>
    </ClCompile>
    <ClCompile Include="D:\cpplib\poco_2022\Foundation\src\pcre2_chartables.c">
      <Filter>pcre2\Source Files</Filter>
    </ClCompile>
    <ClCompile Include="D:\cpplib\poco_2022\Foundation\src\pcre2_compile.c">
      <Filter>pcre2\Source Files</Filter>
    </ClCompile>
    <ClCompile Include="D:\cpplib\poco_2022\Foundation\src\pcre2_config.c">
      <Filter>pcre2\Source Files</Filter>
    </ClCompile>
    <ClCompile Include="D:\cpplib\poco_2022\Foundation\src\pcre2_context.c">
      <Filter>pcre2\Source Files</Filter>
    </ClCompile>
    <ClCompile Include="D:\cpplib\poco_2022\Foundation\src\pcre2_convert.c">
      <Filter>pcre2\Source Files</Filter>
    </ClCompile>
    <ClCompile Include="D:\cpplib\poco_2022\Foundation\src\pcre2_dfa_match.c">
      <Filter>pcre2\Source Files</Filter>
    </ClCompile>
    <ClCompile Include="D:\cpplib\poco_2022\Foundation\src\pcre2_error.c">
      <Filter>pcre2\Source Files</Filter>
    </ClCompile>
    <ClCompile Include="D:\cpplib\poco_2022\Foundation\src\pcre2_extuni.c">
      <Filter>pcre2\Source Files</Filter>
    </ClCompile>
    <ClCompile Include="D:\cpplib\poco_2022\Foundation\src\pcre2_find_bracket.c">
      <Filter>pcre2\Source Files</Filter>
    </ClCompile>
    <ClCompile Include="D:\cpplib\poco_2022\Foundation\src\pcre2_jit_compile.c">
      <Filter>pcre2\Source Files</Filter>
    </ClCompile>
    <ClCompile Include="D:\cpplib\poco_2022\Foundation\src\pcre2_maketables.c">
      <Filter>pcre2\Source Files</Filter>
    </ClCompile>
    <ClCompile Include="D:\cpplib\poco_2022\Foundation\src\pcre2_match.c">
      <Filter>pcre2\Source Files</Filter>
    </ClCompile>
    <ClCompile Include="D:\cpplib\poco_2022\Foundation\src\pcre2_match_data.c">
      <Filter>pcre2\Source Files</Filter>
    </ClCompile>
    <ClCompile Include="D:\cpplib\poco_2022\Foundation\src\pcre2_newline.c">
      <Filter>pcre2\Source Files</Filter>
    </ClCompile>
    <ClCompile Include="D:\cpplib\poco_2022\Foundation\src\pcre2_ord2utf.c">
      <Filter>pcre2\Source Files</Filter>
    </ClCompile>
    <ClCompile Include="D:\cpplib\poco_2022\Foundation\src\pcre2_pattern_info.c">
      <Filter>pcre2\Source Files</Filter>
    </ClCompile>
    <ClCompile Include="D:\cpplib\poco_2022\Foundation\src\pcre2_script_run.c">
      <Filter>pcre2\Source Files</Filter>
    </ClCompile>
    <ClCompile Include="D:\cpplib\poco_2022\Foundation\src\pcre2_serialize.c">
      <Filter>pcre2\Source Files</Filter>
    </ClCompile>
    <ClCompile Include="D:\cpplib\poco_2022\Foundation\src\pcre2_string_utils.c">
      <Filter>pcre2\Source Files</Filter>
    </ClCompile>
    <ClCompile Include="D:\cpplib\poco_2022\Foundation\src\pcre2_study.c">
      <Filter>pcre2\Source Files</Filter>
    </ClCompile>
    <ClCompile Include="D:\cpplib\poco_2022\Foundation\src\pcre2_substitute.c">
      <Filter>pcre2\Source Files</Filter>
    </ClCompile>
    <ClCompile Include="D:\cpplib\poco_2022\Foundation\src\pcre2_substring.c">
      <Filter>pcre2\Source Files</Filter>
    </ClCompile>
    <ClCompile Include="D:\cpplib\poco_2022\Foundation\src\pcre2_tables.c">
      <Filter>pcre2\Source Files</Filter>
    </ClCompile>
    <ClCompile Include="D:\cpplib\poco_2022\Foundation\src\pcre2_ucd.c">
      <Filter>pcre2\Source Files</Filter>
    </ClCompile>
    <ClCompile Include="D:\cpplib\poco_2022\Foundation\src\pcre2_valid_utf.c">
      <Filter>pcre2\Source Files</Filter>
    </ClCompile>
    <ClCompile Include="D:\cpplib\poco_2022\Foundation\src\pcre2_xclass.c">
      <Filter>pcre2\Source Files</Filter>
    </ClCompile>
    <ClCompile Include="D:\cpplib\poco_2022\Foundation\src\adler32.c">
      <Filter>zlib\Source Files</Filter>
    </ClCompile>
    <ClCompile Include="D:\cpplib\poco_2022\Foundation\src\compress.c">
      <Filter>zlib\Source Files</Filter>
    </ClCompile>
    <ClCompile Include="D:\cpplib\poco_2022\Foundation\src\crc32.c">
      <Filter>zlib\Source Files</Filter>
    </ClCompile>
    <ClCompile Include="D:\cpplib\poco_2022\Foundation\src\deflate.c">
      <Filter>zlib\Source Files</Filter>
    </ClCompile>
    <ClCompile Include="D:\cpplib\poco_2022\Foundation\src\infback.c">
      <Filter>zlib\Source Files</Filter>
    </ClCompile>
    <ClCompile Include="D:\cpplib\poco_2022\Foundation\src\inffast.c">
      <Filter>zlib\Source Files</Filter>
    </ClCompile>
    <ClCompile Include="D:\cpplib\poco_2022\Foundation\src\inflate.c">
      <Filter>zlib\Source Files</Filter>
    </ClCompile>
    <ClCompile Include="D:\cpplib\poco_2022\Foundation\src\inftrees.c">
      <Filter>zlib\Source Files</Filter>
    </ClCompile>
    <ClCompile Include="D:\cpplib\poco_2022\Foundation\src\trees.c">
      <Filter>zlib\Source Files</Filter>
    </ClCompile>
    <ClCompile Include="D:\cpplib\poco_2022\Foundation\src\zutil.c">
      <Filter>zlib\Source Files</Filter>
    </ClCompile>
  </ItemGroup>
  <ItemGroup>
    <ClInclude Include="D:\cpplib\poco_2022\Foundation\src\DirectoryIterator_UNIX.cpp">
      <Filter>Filesystem\Source Files</Filter>
    </ClInclude>
    <ClInclude Include="D:\cpplib\poco_2022\Foundation\src\DirectoryIterator_WIN32U.cpp">
      <Filter>Filesystem\Source Files</Filter>
    </ClInclude>
    <ClInclude Include="D:\cpplib\poco_2022\Foundation\src\Environment_UNIX.cpp">
      <Filter>Core\Source Files</Filter>
    </ClInclude>
    <ClInclude Include="D:\cpplib\poco_2022\Foundation\src\Environment_VX.cpp">
      <Filter>Core\Source Files</Filter>
    </ClInclude>
    <ClInclude Include="D:\cpplib\poco_2022\Foundation\src\Environment_WIN32U.cpp">
      <Filter>Core\Source Files</Filter>
    </ClInclude>
    <ClInclude Include="D:\cpplib\poco_2022\Foundation\src\Environment_WINCE.cpp">
      <Filter>Core\Source Files</Filter>
    </ClInclude>
    <ClInclude Include="D:\cpplib\poco_2022\Foundation\src\Event_POSIX.cpp">
      <Filter>Threading\Source Files</Filter>
    </ClInclude>
    <ClInclude Include="D:\cpplib\poco_2022\Foundation\src\Event_VX.cpp">
      <Filter>Threading\Source Files</Filter>
    </ClInclude>
    <ClInclude Include="D:\cpplib\poco_2022\Foundation\src\Event_WIN32.cpp">
      <Filter>Threading\Source Files</Filter>
    </ClInclude>
    <ClInclude Include="D:\cpplib\poco_2022\Foundation\src\FPEnvironment_C99.cpp">
      <Filter>Core\Source Files</Filter>
    </ClInclude>
    <ClInclude Include="D:\cpplib\poco_2022\Foundation\src\FPEnvironment_DEC.cpp">
      <Filter>Core\Source Files</Filter>
    </ClInclude>
    <ClInclude Include="D:\cpplib\poco_2022\Foundation\src\FPEnvironment_DUMMY.cpp">
      <Filter>Core\Source Files</Filter>
    </ClInclude>
    <ClInclude Include="D:\cpplib\poco_2022\Foundation\src\FPEnvironment_QNX.cpp">
      <Filter>Core\Source Files</Filter>
    </ClInclude>
    <ClInclude Include="D:\cpplib\poco_2022\Foundation\src\FPEnvironment_SUN.cpp">
      <Filter>Core\Source Files</Filter>
    </ClInclude>
    <ClInclude Include="D:\cpplib\poco_2022\Foundation\src\FPEnvironment_WIN32.cpp">
      <Filter>Core\Source Files</Filter>
    </ClInclude>
    <ClInclude Include="D:\cpplib\poco_2022\Foundation\src\FileStream_POSIX.cpp">
      <Filter>Streams\Source Files</Filter>
    </ClInclude>
    <ClInclude Include="D:\cpplib\poco_2022\Foundation\src\FileStream_WIN32.cpp">
      <Filter>Streams\Source Files</Filter>
    </ClInclude>
    <ClInclude Include="D:\cpplib\poco_2022\Foundation\src\File_UNIX.cpp">
      <Filter>Filesystem\Source Files</Filter>
    </ClInclude>
    <ClInclude Include="D:\cpplib\poco_2022\Foundation\src\File_VX.cpp">
      <Filter>Filesystem\Source Files</Filter>
    </ClInclude>
    <ClInclude Include="D:\cpplib\poco_2022\Foundation\src\File_WIN32U.cpp">
      <Filter>Filesystem\Source Files</Filter>
    </ClInclude>
    <ClInclude Include="D:\cpplib\poco_2022\Foundation\src\File_WINCE.cpp">
      <Filter>Filesystem\Source Files</Filter>
    </ClInclude>
    <ClInclude Include="D:\cpplib\poco_2022\Foundation\src\LogFile_STD.cpp">
      <Filter>Logging\Source Files</Filter>
    </ClInclude>
    <ClInclude Include="D:\cpplib\poco_2022\Foundation\src\LogFile_WIN32U.cpp">
      <Filter>Logging\Source Files</Filter>
    </ClInclude>
    <ClInclude Include="D:\cpplib\poco_2022\Foundation\src\Mutex_POSIX.cpp">
      <Filter>Threading\Source Files</Filter>
    </ClInclude>
    <ClInclude Include="D:\cpplib\poco_2022\Foundation\src\Mutex_VX.cpp">
      <Filter>Threading\Source Files</Filter>
    </ClInclude>
    <ClInclude Include="D:\cpplib\poco_2022\Foundation\src\Mutex_WIN32.cpp">
      <Filter>Threading\Source Files</Filter>
    </ClInclude>
    <ClInclude Include="D:\cpplib\poco_2022\Foundation\src\Mutex_WINCE.cpp">
      <Filter>Threading\Source Files</Filter>
    </ClInclude>
    <ClInclude Include="D:\cpplib\poco_2022\Foundation\src\NamedEvent_Android.cpp">
      <Filter>Processes\Source Files</Filter>
    </ClInclude>
    <ClInclude Include="D:\cpplib\poco_2022\Foundation\src\NamedEvent_UNIX.cpp">
      <Filter>Processes\Source Files</Filter>
    </ClInclude>
    <ClInclude Include="D:\cpplib\poco_2022\Foundation\src\NamedEvent_WIN32U.cpp">
      <Filter>Processes\Source Files</Filter>
    </ClInclude>
    <ClInclude Include="D:\cpplib\poco_2022\Foundation\src\NamedMutex_Android.cpp">
      <Filter>Processes\Source Files</Filter>
    </ClInclude>
    <ClInclude Include="D:\cpplib\poco_2022\Foundation\src\NamedMutex_UNIX.cpp">
      <Filter>Processes\Source Files</Filter>
    </ClInclude>
    <ClInclude Include="D:\cpplib\poco_2022\Foundation\src\NamedMutex_WIN32U.cpp">
      <Filter>Processes\Source Files</Filter>
    </ClInclude>
    <ClInclude Include="D:\cpplib\poco_2022\Foundation\src\Path_UNIX.cpp">
      <Filter>Filesystem\Source Files</Filter>
    </ClInclude>
    <ClInclude Include="D:\cpplib\poco_2022\Foundation\src\Path_WIN32U.cpp">
      <Filter>Filesystem\Source Files</Filter>
    </ClInclude>
    <ClInclude Include="D:\cpplib\poco_2022\Foundation\src\Path_WINCE.cpp">
      <Filter>Filesystem\Source Files</Filter>
    </ClInclude>
    <ClInclude Include="D:\cpplib\poco_2022\Foundation\src\PipeImpl_DUMMY.cpp">
      <Filter>Processes\Source Files</Filter>
    </ClInclude>
    <ClInclude Include="D:\cpplib\poco_2022\Foundation\src\PipeImpl_POSIX.cpp">
      <Filter>Processes\Source Files</Filter>
    </ClInclude>
    <ClInclude Include="D:\cpplib\poco_2022\Foundation\src\PipeImpl_WIN32.cpp">
      <Filter>Processes\Source Files</Filter>
    </ClInclude>
    <ClInclude Include="D:\cpplib\poco_2022\Foundation\src\Process_UNIX.cpp">
      <Filter>Processes\Source Files</Filter>
    </ClInclude>
    <ClInclude Include="D:\cpplib\poco_2022\Foundation\src\Process_VX.cpp">
      <Filter>Processes\Source Files</Filter>
    </ClInclude>
    <ClInclude Include="D:\cpplib\poco_2022\Foundation\src\Process_WIN32U.cpp">
      <Filter>Processes\Source Files</Filter>
    </ClInclude>
    <ClInclude Include="D:\cpplib\poco_2022\Foundation\src\Process_WINCE.cpp">
      <Filter>Processes\Source Files</Filter>
    </ClInclude>
    <ClInclude Include="D:\cpplib\poco_2022\Foundation\src\RWLock_Android.cpp">
      <Filter>Threading\Source Files</Filter>
    </ClInclude>
    <ClInclude Include="D:\cpplib\poco_2022\Foundation\src\RWLock_POSIX.cpp">
      <Filter>Threading\Source Files</Filter>
    </ClInclude>
    <ClInclude Include="D:\cpplib\poco_2022\Foundation\src\RWLock_VX.cpp">
      <Filter>Threading\Source Files</Filter>
    </ClInclude>
    <ClInclude Include="D:\cpplib\poco_2022\Foundation\src\RWLock_WIN32.cpp">
      <Filter>Threading\Source Files</Filter>
    </ClInclude>
    <ClInclude Include="D:\cpplib\poco_2022\Foundation\src\RWLock_WINCE.cpp">
      <Filter>Threading\Source Files</Filter>
    </ClInclude>
    <ClInclude Include="D:\cpplib\poco_2022\Foundation\src\Semaphore_POSIX.cpp">
      <Filter>Threading\Source Files</Filter>
    </ClInclude>
    <ClInclude Include="D:\cpplib\poco_2022\Foundation\src\Semaphore_VX.cpp">
      <Filter>Threading\Source Files</Filter>
    </ClInclude>
    <ClInclude Include="D:\cpplib\poco_2022\Foundation\src\Semaphore_WIN32.cpp">
      <Filter>Threading\Source Files</Filter>
    </ClInclude>
    <ClInclude Include="D:\cpplib\poco_2022\Foundation\src\SharedLibrary_HPUX.cpp">
      <Filter>SharedLibrary\Source Files</Filter>
    </ClInclude>
    <ClInclude Include="D:\cpplib\poco_2022\Foundation\src\SharedLibrary_UNIX.cpp">
      <Filter>SharedLibrary\Source Files</Filter>
    </ClInclude>
    <ClInclude Include="D:\cpplib\poco_2022\Foundation\src\SharedLibrary_VX.cpp">
      <Filter>SharedLibrary\Source Files</Filter>
    </ClInclude>
    <ClInclude Include="D:\cpplib\poco_2022\Foundation\src\SharedLibrary_WIN32U.cpp">
      <Filter>SharedLibrary\Source Files</Filter>
    </ClInclude>
    <ClInclude Include="D:\cpplib\poco_2022\Foundation\src\SharedMemory_DUMMY.cpp">
      <Filter>Processes\Source Files</Filter>
    </ClInclude>
    <ClInclude Include="D:\cpplib\poco_2022\Foundation\src\SharedMemory_POSIX.cpp">
      <Filter>Processes\Source Files</Filter>
    </ClInclude>
    <ClInclude Include="D:\cpplib\poco_2022\Foundation\src\SharedMemory_WIN32.cpp">
      <Filter>Processes\Source Files</Filter>
    </ClInclude>
    <ClInclude Include="D:\cpplib\poco_2022\Foundation\src\SyslogChannel.cpp">
      <Filter>Logging\Source Files</Filter>
    </ClInclude>
    <ClInclude Include="D:\cpplib\poco_2022\Foundation\src\Thread_POSIX.cpp">
      <Filter>Threading\Source Files</Filter>
    </ClInclude>
    <ClInclude Include="D:\cpplib\poco_2022\Foundation\src\Thread_VX.cpp">
      <Filter>Threading\Source Files</Filter>
    </ClInclude>
    <ClInclude Include="D:\cpplib\poco_2022\Foundation\src\Thread_WIN32.cpp">
      <Filter>Threading\Source Files</Filter>
    </ClInclude>
    <ClInclude Include="D:\cpplib\poco_2022\Foundation\src\Thread_WINCE.cpp">
      <Filter>Threading\Source Files</Filter>
    </ClInclude>
    <ClInclude Include="D:\cpplib\poco_2022\Foundation\src\Timezone_UNIX.cpp">
      <Filter>DateTime\Source Files</Filter>
    </ClInclude>
    <ClInclude Include="D:\cpplib\poco_2022\Foundation\src\Timezone_VX.cpp">
      <Filter>DateTime\Source Files</Filter>
    </ClInclude>
    <ClInclude Include="D:\cpplib\poco_2022\Foundation\src\Timezone_WIN32.cpp">
      <Filter>DateTime\Source Files</Filter>
    </ClInclude>
    <ClInclude Include="D:\cpplib\poco_2022\Foundation\src\Timezone_WINCE.cpp">
      <Filter>DateTime\Source Files</Filter>
    </ClInclude>
    <ClInclude Include="D:\cpplib\poco_2022\Foundation\include\Poco\ASCIIEncoding.h">
      <Filter>Text\Header Files</Filter>
    </ClInclude>
    <ClInclude Include="D:\cpplib\poco_2022\Foundation\include\Poco\AbstractCache.h">
      <Filter>Cache\Header Files</Filter>
    </ClInclude>
    <ClInclude Include="D:\cpplib\poco_2022\Foundation\include\Poco\AbstractDelegate.h">
      <Filter>Events\Header Files</Filter>
    </ClInclude>
    <ClInclude Include="D:\cpplib\poco_2022\Foundation\include\Poco\AbstractEvent.h">
      <Filter>Events\Header Files</Filter>
    </ClInclude>
    <ClInclude Include="D:\cpplib\poco_2022\Foundation\include\Poco\AbstractObserver.h">
      <Filter>Notifications\Header Files</Filter>
    </ClInclude>
    <ClInclude Include="D:\cpplib\poco_2022\Foundation\include\Poco\AbstractPriorityDelegate.h">
      <Filter>Events\Header Files</Filter>
    </ClInclude>
    <ClInclude Include="D:\cpplib\poco_2022\Foundation\include\Poco\AbstractStrategy.h">
      <Filter>Cache\Header Files</Filter>
    </ClInclude>
    <ClInclude Include="D:\cpplib\poco_2022\Foundation\include\Poco\AccessExpirationDecorator.h">
      <Filter>Cache\Header Files</Filter>
    </ClInclude>
    <ClInclude Include="D:\cpplib\poco_2022\Foundation\include\Poco\AccessExpireCache.h">
      <Filter>Cache\Header Files</Filter>
    </ClInclude>
    <ClInclude Include="D:\cpplib\poco_2022\Foundation\include\Poco\AccessExpireLRUCache.h">
      <Filter>Cache\Header Files</Filter>
    </ClInclude>
    <ClInclude Include="D:\cpplib\poco_2022\Foundation\include\Poco\AccessExpireStrategy.h">
      <Filter>Cache\Header Files</Filter>
    </ClInclude>
    <ClInclude Include="D:\cpplib\poco_2022\Foundation\include\Poco\ActiveDispatcher.h">
      <Filter>Threading\Header Files</Filter>
    </ClInclude>
    <ClInclude Include="D:\cpplib\poco_2022\Foundation\include\Poco\ActiveMethod.h">
      <Filter>Threading\Header Files</Filter>
    </ClInclude>
    <ClInclude Include="D:\cpplib\poco_2022\Foundation\include\Poco\ActiveResult.h">
      <Filter>Threading\Header Files</Filter>
    </ClInclude>
    <ClInclude Include="D:\cpplib\poco_2022\Foundation\include\Poco\ActiveRunnable.h">
      <Filter>Threading\Header Files</Filter>
    </ClInclude>
    <ClInclude Include="D:\cpplib\poco_2022\Foundation\include\Poco\ActiveStarter.h">
      <Filter>Threading\Header Files</Filter>
    </ClInclude>
    <ClInclude Include="D:\cpplib\poco_2022\Foundation\include\Poco\Activity.h">
      <Filter>Threading\Header Files</Filter>
    </ClInclude>
    <ClInclude Include="D:\cpplib\poco_2022\Foundation\include\Poco\Alignment.h">
      <Filter>Dynamic\Header Files</Filter>
    </ClInclude>
    <ClInclude Include="D:\cpplib\poco_2022\Foundation\include\Poco\Any.h">
      <Filter>Core\Header Files</Filter>
    </ClInclude>
    <ClInclude Include="D:\cpplib\poco_2022\Foundation\include\Poco\ArchiveStrategy.h">
      <Filter>Logging\Header Files</Filter>
    </ClInclude>
    <ClInclude Include="D:\cpplib\poco_2022\Foundation\include\Poco\Array.h">
      <Filter>Core\Header Files</Filter>
    </ClInclude>
    <ClInclude Include="D:\cpplib\poco_2022\Foundation\include\Poco\Ascii.h">
      <Filter>Core\Header Files</Filter>
    </ClInclude>
    <ClInclude Include="D:\cpplib\poco_2022\Foundation\include\Poco\AsyncChannel.h">
      <Filter>Logging\Header Files</Filter>
    </ClInclude>
    <ClInclude Include="D:\cpplib\poco_2022\Foundation\include\Poco\AtomicCounter.h">
      <Filter>Core\Header Files</Filter>
    </ClInclude>
    <ClInclude Include="D:\cpplib\poco_2022\Foundation\include\Poco\AtomicFlag.h">
      <Filter>Core\Header Files</Filter>
    </ClInclude>
    <ClInclude Include="D:\cpplib\poco_2022\Foundation\include\Poco\AutoPtr.h">
      <Filter>Core\Header Files</Filter>
    </ClInclude>
    <ClInclude Include="D:\cpplib\poco_2022\Foundation\include\Poco\AutoReleasePool.h">
      <Filter>Core\Header Files</Filter>
    </ClInclude>
    <ClInclude Include="D:\cpplib\poco_2022\Foundation\include\Poco\Base32Decoder.h">
      <Filter>Streams\Header Files</Filter>
    </ClInclude>
    <ClInclude Include="D:\cpplib\poco_2022\Foundation\include\Poco\Base32Encoder.h">
      <Filter>Streams\Header Files</Filter>
    </ClInclude>
    <ClInclude Include="D:\cpplib\poco_2022\Foundation\include\Poco\Base64Decoder.h">
      <Filter>Streams\Header Files</Filter>
    </ClInclude>
    <ClInclude Include="D:\cpplib\poco_2022\Foundation\include\Poco\Base64Encoder.h">
      <Filter>Streams\Header Files</Filter>
    </ClInclude>
    <ClInclude Include="D:\cpplib\poco_2022\Foundation\include\Poco\BasicEvent.h">
      <Filter>Events\Header Files</Filter>
    </ClInclude>
    <ClInclude Include="D:\cpplib\poco_2022\Foundation\include\Poco\BinaryReader.h">
      <Filter>Streams\Header Files</Filter>
    </ClInclude>
    <ClInclude Include="D:\cpplib\poco_2022\Foundation\include\Poco\BinaryWriter.h">
      <Filter>Streams\Header Files</Filter>
    </ClInclude>
    <ClInclude Include="D:\cpplib\poco_2022\Foundation\include\Poco\Buffer.h">
      <Filter>Core\Header Files</Filter>
    </ClInclude>
    <ClInclude Include="D:\cpplib\poco_2022\Foundation\include\Poco\BufferAllocator.h">
      <Filter>Streams\Header Files</Filter>
    </ClInclude>
    <ClInclude Include="D:\cpplib\poco_2022\Foundation\include\Poco\BufferedBidirectionalStreamBuf.h">
      <Filter>Streams\Header Files</Filter>
    </ClInclude>
    <ClInclude Include="D:\cpplib\poco_2022\Foundation\include\Poco\BufferedStreamBuf.h">
      <Filter>Streams\Header Files</Filter>
    </ClInclude>
    <ClInclude Include="D:\cpplib\poco_2022\Foundation\include\Poco\Bugcheck.h">
      <Filter>Core\Header Files</Filter>
    </ClInclude>
    <ClInclude Include="D:\cpplib\poco_2022\Foundation\include\Poco\ByteOrder.h">
      <Filter>Core\Header Files</Filter>
    </ClInclude>
    <ClInclude Include="D:\cpplib\poco_2022\Foundation\include\Poco\Channel.h">
      <Filter>Logging\Header Files</Filter>
    </ClInclude>
    <ClInclude Include="D:\cpplib\poco_2022\Foundation\include\Poco\Checksum.h">
      <Filter>Core\Header Files</Filter>
    </ClInclude>
    <ClInclude Include="D:\cpplib\poco_2022\Foundation\include\Poco\ClassLibrary.h">
      <Filter>SharedLibrary\Header Files</Filter>
    </ClInclude>
    <ClInclude Include="D:\cpplib\poco_2022\Foundation\include\Poco\ClassLoader.h">
      <Filter>SharedLibrary\Header Files</Filter>
    </ClInclude>
    <ClInclude Include="D:\cpplib\poco_2022\Foundation\include\Poco\Clock.h">
      <Filter>DateTime\Header Files</Filter>
    </ClInclude>
    <ClInclude Include="D:\cpplib\poco_2022\Foundation\include\Poco\Condition.h">
      <Filter>Threading\Header Files</Filter>
    </ClInclude>
    <ClInclude Include="D:\cpplib\poco_2022\Foundation\include\Poco\Config.h">
      <Filter>Core\Header Files</Filter>
    </ClInclude>
    <ClInclude Include="D:\cpplib\poco_2022\Foundation\include\Poco\Configurable.h">
      <Filter>Logging\Header Files</Filter>
    </ClInclude>
    <ClInclude Include="D:\cpplib\poco_2022\Foundation\include\Poco\ConsoleChannel.h">
      <Filter>Logging\Header Files</Filter>
    </ClInclude>
    <ClInclude Include="D:\cpplib\poco_2022\Foundation\include\Poco\CountingStream.h">
      <Filter>Streams\Header Files</Filter>
    </ClInclude>
    <ClInclude Include="D:\cpplib\poco_2022\Foundation\include\Poco\DataURIStream.h">
      <Filter>Streams\Header Files</Filter>
    </ClInclude>
    <ClInclude Include="D:\cpplib\poco_2022\Foundation\include\Poco\DataURIStreamFactory.h">
      <Filter>URI\Header Files</Filter>
    </ClInclude>
    <ClInclude Include="D:\cpplib\poco_2022\Foundation\include\Poco\DateTime.h">
      <Filter>DateTime\Header Files</Filter>
    </ClInclude>
    <ClInclude Include="D:\cpplib\poco_2022\Foundation\include\Poco\DateTimeFormat.h">
      <Filter>DateTime\Header Files</Filter>
    </ClInclude>
    <ClInclude Include="D:\cpplib\poco_2022\Foundation\include\Poco\DateTimeFormatter.h">
      <Filter>DateTime\Header Files</Filter>
    </ClInclude>
    <ClInclude Include="D:\cpplib\poco_2022\Foundation\include\Poco\DateTimeParser.h">
      <Filter>DateTime\Header Files</Filter>
    </ClInclude>
    <ClInclude Include="D:\cpplib\poco_2022\Foundation\include\Poco\Debugger.h">
      <Filter>Core\Header Files</Filter>
    </ClInclude>
    <ClInclude Include="D:\cpplib\poco_2022\Foundation\include\Poco\DefaultStrategy.h">
      <Filter>Events\Header Files</Filter>
    </ClInclude>
    <ClInclude Include="D:\cpplib\poco_2022\Foundation\include\Poco\DeflatingStream.h">
      <Filter>Streams\Header Files</Filter>
    </ClInclude>
    <ClInclude Include="D:\cpplib\poco_2022\Foundation\include\Poco\Delegate.h">
      <Filter>Events\Header Files</Filter>
    </ClInclude>
    <ClInclude Include="D:\cpplib\poco_2022\Foundation\include\Poco\DigestEngine.h">
      <Filter>Crypt\Header Files</Filter>
    </ClInclude>
    <ClInclude Include="D:\cpplib\poco_2022\Foundation\include\Poco\DigestStream.h">
      <Filter>Crypt\Header Files</Filter>
    </ClInclude>
    <ClInclude Include="D:\cpplib\poco_2022\Foundation\include\Poco\DirectoryIterator.h">
      <Filter>Filesystem\Header Files</Filter>
    </ClInclude>
    <ClInclude Include="D:\cpplib\poco_2022\Foundation\include\Poco\DirectoryIteratorStrategy.h">
      <Filter>Filesystem\Header Files</Filter>
    </ClInclude>
    <ClInclude Include="D:\cpplib\poco_2022\Foundation\include\Poco\DirectoryIterator_UNIX.h">
      <Filter>Filesystem\Header Files</Filter>
    </ClInclude>
    <ClInclude Include="D:\cpplib\poco_2022\Foundation\include\Poco\DirectoryIterator_WIN32U.h">
      <Filter>Filesystem\Header Files</Filter>
    </ClInclude>
    <ClInclude Include="D:\cpplib\poco_2022\Foundation\include\Poco\DirectoryWatcher.h">
      <Filter>Filesystem\Header Files</Filter>
    </ClInclude>
    <ClInclude Include="D:\cpplib\poco_2022\Foundation\include\Poco\Dynamic\Pair.h">
      <Filter>Dynamic\Header Files</Filter>
    </ClInclude>
    <ClInclude Include="D:\cpplib\poco_2022\Foundation\include\Poco\Dynamic\Struct.h">
      <Filter>Dynamic\Header Files</Filter>
    </ClInclude>
    <ClInclude Include="D:\cpplib\poco_2022\Foundation\include\Poco\Dynamic\Var.h">
      <Filter>Dynamic\Header Files</Filter>
    </ClInclude>
    <ClInclude Include="D:\cpplib\poco_2022\Foundation\include\Poco\Dynamic\VarHolder.h">
      <Filter>Dynamic\Header Files</Filter>
    </ClInclude>
    <ClInclude Include="D:\cpplib\poco_2022\Foundation\include\Poco\Dynamic\VarIterator.h">
      <Filter>Dynamic\Header Files</Filter>
    </ClInclude>
    <ClInclude Include="D:\cpplib\poco_2022\Foundation\include\Poco\DynamicAny.h">
      <Filter>Dynamic\Header Files</Filter>
    </ClInclude>
    <ClInclude Include="D:\cpplib\poco_2022\Foundation\include\Poco\DynamicAnyHolder.h">
      <Filter>Dynamic\Header Files</Filter>
    </ClInclude>
    <ClInclude Include="D:\cpplib\poco_2022\Foundation\include\Poco\DynamicFactory.h">
      <Filter>Core\Header Files</Filter>
    </ClInclude>
    <ClInclude Include="D:\cpplib\poco_2022\Foundation\include\Poco\DynamicStruct.h">
      <Filter>Dynamic\Header Files</Filter>
    </ClInclude>
    <ClInclude Include="D:\cpplib\poco_2022\Foundation\include\Poco\Environment.h">
      <Filter>Core\Header Files</Filter>
    </ClInclude>
    <ClInclude Include="D:\cpplib\poco_2022\Foundation\include\Poco\Environment_UNIX.h">
      <Filter>Core\Header Files</Filter>
    </ClInclude>
    <ClInclude Include="D:\cpplib\poco_2022\Foundation\include\Poco\Environment_VX.h">
      <Filter>Core\Header Files</Filter>
    </ClInclude>
    <ClInclude Include="D:\cpplib\poco_2022\Foundation\include\Poco\Environment_WIN32U.h">
      <Filter>Core\Header Files</Filter>
    </ClInclude>
    <ClInclude Include="D:\cpplib\poco_2022\Foundation\include\Poco\Environment_WINCE.h">
      <Filter>Core\Header Files</Filter>
    </ClInclude>
    <ClInclude Include="D:\cpplib\poco_2022\Foundation\include\Poco\Error.h">
      <Filter>Core\Header Files</Filter>
    </ClInclude>
    <ClInclude Include="D:\cpplib\poco_2022\Foundation\include\Poco\ErrorHandler.h">
      <Filter>Threading\Header Files</Filter>
    </ClInclude>
    <ClInclude Include="D:\cpplib\poco_2022\Foundation\include\Poco\Event.h">
      <Filter>Threading\Header Files</Filter>
    </ClInclude>
    <ClInclude Include="D:\cpplib\poco_2022\Foundation\include\Poco\EventArgs.h">
      <Filter>Events\Header Files</Filter>
    </ClInclude>
    <ClInclude Include="D:\cpplib\poco_2022\Foundation\include\Poco\EventChannel.h">
      <Filter>Logging\Header Files</Filter>
    </ClInclude>
    <ClInclude Include="D:\cpplib\poco_2022\Foundation\include\Poco\EventLogChannel.h">
      <Filter>Logging\Header Files</Filter>
    </ClInclude>
    <ClInclude Include="D:\cpplib\poco_2022\Foundation\include\Poco\Event_POSIX.h">
      <Filter>Threading\Header Files</Filter>
    </ClInclude>
    <ClInclude Include="D:\cpplib\poco_2022\Foundation\include\Poco\Event_VX.h">
      <Filter>Threading\Header Files</Filter>
    </ClInclude>
    <ClInclude Include="D:\cpplib\poco_2022\Foundation\include\Poco\Event_WIN32.h">
      <Filter>Threading\Header Files</Filter>
    </ClInclude>
    <ClInclude Include="D:\cpplib\poco_2022\Foundation\include\Poco\Exception.h">
      <Filter>Core\Header Files</Filter>
    </ClInclude>
    <ClInclude Include="D:\cpplib\poco_2022\Foundation\include\Poco\ExpirationDecorator.h">
      <Filter>Events\Header Files</Filter>
    </ClInclude>
    <ClInclude Include="D:\cpplib\poco_2022\Foundation\include\Poco\Expire.h">
      <Filter>Events\Header Files</Filter>
    </ClInclude>
    <ClInclude Include="D:\cpplib\poco_2022\Foundation\include\Poco\ExpireCache.h">
      <Filter>Cache\Header Files</Filter>
    </ClInclude>
    <ClInclude Include="D:\cpplib\poco_2022\Foundation\include\Poco\ExpireLRUCache.h">
      <Filter>Cache\Header Files</Filter>
    </ClInclude>
    <ClInclude Include="D:\cpplib\poco_2022\Foundation\include\Poco\ExpireStrategy.h">
      <Filter>Cache\Header Files</Filter>
    </ClInclude>
    <ClInclude Include="D:\cpplib\poco_2022\Foundation\include\Poco\FIFOBuffer.h">
      <Filter>Core\Header Files</Filter>
    </ClInclude>
    <ClInclude Include="D:\cpplib\poco_2022\Foundation\include\Poco\FIFOBufferStream.h">
      <Filter>Streams\Header Files</Filter>
    </ClInclude>
    <ClInclude Include="D:\cpplib\poco_2022\Foundation\include\Poco\FIFOEvent.h">
      <Filter>Events\Header Files</Filter>
    </ClInclude>
    <ClInclude Include="D:\cpplib\poco_2022\Foundation\include\Poco\FIFOStrategy.h">
      <Filter>Events\Header Files</Filter>
    </ClInclude>
    <ClInclude Include="D:\cpplib\poco_2022\Foundation\include\Poco\FPEnvironment.h">
      <Filter>Core\Header Files</Filter>
    </ClInclude>
    <ClInclude Include="D:\cpplib\poco_2022\Foundation\include\Poco\FPEnvironment_C99.h">
      <Filter>Core\Header Files</Filter>
    </ClInclude>
    <ClInclude Include="D:\cpplib\poco_2022\Foundation\include\Poco\FPEnvironment_DEC.h">
      <Filter>Core\Header Files</Filter>
    </ClInclude>
    <ClInclude Include="D:\cpplib\poco_2022\Foundation\include\Poco\FPEnvironment_DUMMY.h">
      <Filter>Core\Header Files</Filter>
    </ClInclude>
    <ClInclude Include="D:\cpplib\poco_2022\Foundation\include\Poco\FPEnvironment_QNX.h">
      <Filter>Core\Header Files</Filter>
    </ClInclude>
    <ClInclude Include="D:\cpplib\poco_2022\Foundation\include\Poco\FPEnvironment_SUN.h">
      <Filter>Core\Header Files</Filter>
    </ClInclude>
    <ClInclude Include="D:\cpplib\poco_2022\Foundation\include\Poco\FPEnvironment_WIN32.h">
      <Filter>Core\Header Files</Filter>
    </ClInclude>
    <ClInclude Include="D:\cpplib\poco_2022\Foundation\include\Poco\File.h">
      <Filter>Filesystem\Header Files</Filter>
    </ClInclude>
    <ClInclude Include="D:\cpplib\poco_2022\Foundation\include\Poco\FileChannel.h">
      <Filter>Logging\Header Files</Filter>
    </ClInclude>
    <ClInclude Include="D:\cpplib\poco_2022\Foundation\include\Poco\FileStream.h">
      <Filter>Streams\Header Files</Filter>
    </ClInclude>
    <ClInclude Include="D:\cpplib\poco_2022\Foundation\include\Poco\FileStreamFactory.h">
      <Filter>URI\Header Files</Filter>
    </ClInclude>
    <ClInclude Include="D:\cpplib\poco_2022\Foundation\include\Poco\FileStream_POSIX.h">
      <Filter>Streams\Header Files</Filter>
    </ClInclude>
    <ClInclude Include="D:\cpplib\poco_2022\Foundation\include\Poco\FileStream_WIN32.h">
      <Filter>Streams\Header Files</Filter>
    </ClInclude>
    <ClInclude Include="D:\cpplib\poco_2022\Foundation\include\Poco\File_UNIX.h">
      <Filter>Filesystem\Header Files</Filter>
    </ClInclude>
    <ClInclude Include="D:\cpplib\poco_2022\Foundation\include\Poco\File_VX.h">
      <Filter>Filesystem\Header Files</Filter>
    </ClInclude>
    <ClInclude Include="D:\cpplib\poco_2022\Foundation\include\Poco\File_WIN32U.h">
      <Filter>Filesystem\Header Files</Filter>
    </ClInclude>
    <ClInclude Include="D:\cpplib\poco_2022\Foundation\include\Poco\File_WINCE.h">
      <Filter>Filesystem\Header Files</Filter>
    </ClInclude>
    <ClInclude Include="D:\cpplib\poco_2022\Foundation\include\Poco\Format.h">
      <Filter>Core\Header Files</Filter>
    </ClInclude>
    <ClInclude Include="D:\cpplib\poco_2022\Foundation\include\Poco\Formatter.h">
      <Filter>Logging\Header Files</Filter>
    </ClInclude>
    <ClInclude Include="D:\cpplib\poco_2022\Foundation\include\Poco\FormattingChannel.h">
      <Filter>Logging\Header Files</Filter>
    </ClInclude>
    <ClInclude Include="D:\cpplib\poco_2022\Foundation\include\Poco\Foundation.h">
      <Filter>Core\Header Files</Filter>
    </ClInclude>
    <ClInclude Include="D:\cpplib\poco_2022\Foundation\include\Poco\FunctionDelegate.h">
      <Filter>Events\Header Files</Filter>
    </ClInclude>
    <ClInclude Include="D:\cpplib\poco_2022\Foundation\include\Poco\FunctionPriorityDelegate.h">
      <Filter>Events\Header Files</Filter>
    </ClInclude>
    <ClInclude Include="D:\cpplib\poco_2022\Foundation\include\Poco\Glob.h">
      <Filter>Filesystem\Header Files</Filter>
    </ClInclude>
    <ClInclude Include="D:\cpplib\poco_2022\Foundation\include\Poco\HMACEngine.h">
      <Filter>Crypt\Header Files</Filter>
    </ClInclude>
    <ClInclude Include="D:\cpplib\poco_2022\Foundation\include\Poco\Hash.h">
      <Filter>Hashing\Header Files</Filter>
    </ClInclude>
    <ClInclude Include="D:\cpplib\poco_2022\Foundation\include\Poco\HashFunction.h">
      <Filter>Hashing\Header Files</Filter>
    </ClInclude>
    <ClInclude Include="D:\cpplib\poco_2022\Foundation\include\Poco\HashMap.h">
      <Filter>Hashing\Header Files</Filter>
    </ClInclude>
    <ClInclude Include="D:\cpplib\poco_2022\Foundation\include\Poco\HashSet.h">
      <Filter>Hashing\Header Files</Filter>
    </ClInclude>
    <ClInclude Include="D:\cpplib\poco_2022\Foundation\include\Poco\HashStatistic.h">
      <Filter>Hashing\Header Files</Filter>
    </ClInclude>
    <ClInclude Include="D:\cpplib\poco_2022\Foundation\include\Poco\HashTable.h">
      <Filter>Hashing\Header Files</Filter>
    </ClInclude>
    <ClInclude Include="D:\cpplib\poco_2022\Foundation\include\Poco\HexBinaryDecoder.h">
      <Filter>Streams\Header Files</Filter>
    </ClInclude>
    <ClInclude Include="D:\cpplib\poco_2022\Foundation\include\Poco\HexBinaryEncoder.h">
      <Filter>Streams\Header Files</Filter>
    </ClInclude>
    <ClInclude Include="D:\cpplib\poco_2022\Foundation\include\Poco\InflatingStream.h">
      <Filter>Streams\Header Files</Filter>
    </ClInclude>
    <ClInclude Include="D:\cpplib\poco_2022\Foundation\include\Poco\Instantiator.h">
      <Filter>Core\Header Files</Filter>
    </ClInclude>
    <ClInclude Include="D:\cpplib\poco_2022\Foundation\include\Poco\JSONString.h">
      <Filter>Core\Header Files</Filter>
    </ClInclude>
    <ClInclude Include="D:\cpplib\poco_2022\Foundation\include\Poco\KeyValueArgs.h">
      <Filter>Cache\Header Files</Filter>
    </ClInclude>
    <ClInclude Include="D:\cpplib\poco_2022\Foundation\include\Poco\LRUCache.h">
      <Filter>Cache\Header Files</Filter>
    </ClInclude>
    <ClInclude Include="D:\cpplib\poco_2022\Foundation\include\Poco\LRUStrategy.h">
      <Filter>Cache\Header Files</Filter>
    </ClInclude>
    <ClInclude Include="D:\cpplib\poco_2022\Foundation\include\Poco\Latin1Encoding.h">
      <Filter>Text\Header Files</Filter>
    </ClInclude>
    <ClInclude Include="D:\cpplib\poco_2022\Foundation\include\Poco\Latin2Encoding.h">
      <Filter>Text\Header Files</Filter>
    </ClInclude>
    <ClInclude Include="D:\cpplib\poco_2022\Foundation\include\Poco\Latin9Encoding.h">
      <Filter>Text\Header Files</Filter>
    </ClInclude>
    <ClInclude Include="D:\cpplib\poco_2022\Foundation\include\Poco\LineEndingConverter.h">
      <Filter>Streams\Header Files</Filter>
    </ClInclude>
    <ClInclude Include="D:\cpplib\poco_2022\Foundation\include\Poco\LinearHashTable.h">
      <Filter>Hashing\Header Files</Filter>
    </ClInclude>
    <ClInclude Include="D:\cpplib\poco_2022\Foundation\include\Poco\ListMap.h">
      <Filter>Core\Header Files</Filter>
    </ClInclude>
    <ClInclude Include="D:\cpplib\poco_2022\Foundation\include\Poco\LocalDateTime.h">
      <Filter>DateTime\Header Files</Filter>
    </ClInclude>
    <ClInclude Include="D:\cpplib\poco_2022\Foundation\include\Poco\LogFile.h">
      <Filter>Logging\Header Files</Filter>
    </ClInclude>
    <ClInclude Include="D:\cpplib\poco_2022\Foundation\include\Poco\LogFile_STD.h">
      <Filter>Logging\Header Files</Filter>
    </ClInclude>
    <ClInclude Include="D:\cpplib\poco_2022\Foundation\include\Poco\LogFile_WIN32U.h">
      <Filter>Logging\Header Files</Filter>
    </ClInclude>
    <ClInclude Include="D:\cpplib\poco_2022\Foundation\include\Poco\LogStream.h">
      <Filter>Logging\Header Files</Filter>
    </ClInclude>
    <ClInclude Include="D:\cpplib\poco_2022\Foundation\include\Poco\Logger.h">
      <Filter>Logging\Header Files</Filter>
    </ClInclude>
    <ClInclude Include="D:\cpplib\poco_2022\Foundation\include\Poco\LoggingFactory.h">
      <Filter>Logging\Header Files</Filter>
    </ClInclude>
    <ClInclude Include="D:\cpplib\poco_2022\Foundation\include\Poco\LoggingRegistry.h">
      <Filter>Logging\Header Files</Filter>
    </ClInclude>
    <ClInclude Include="D:\cpplib\poco_2022\Foundation\include\Poco\MD4Engine.h">
      <Filter>Crypt\Header Files</Filter>
    </ClInclude>
    <ClInclude Include="D:\cpplib\poco_2022\Foundation\include\Poco\MD5Engine.h">
      <Filter>Crypt\Header Files</Filter>
    </ClInclude>
    <ClInclude Include="D:\cpplib\poco_2022\Foundation\include\Poco\Manifest.h">
      <Filter>SharedLibrary\Header Files</Filter>
    </ClInclude>
    <ClInclude Include="D:\cpplib\poco_2022\Foundation\include\Poco\MemoryPool.h">
      <Filter>Core\Header Files</Filter>
    </ClInclude>
    <ClInclude Include="D:\cpplib\poco_2022\Foundation\include\Poco\MemoryStream.h">
      <Filter>Streams\Header Files</Filter>
    </ClInclude>
    <ClInclude Include="D:\cpplib\poco_2022\Foundation\include\Poco\Message.h">
      <Filter>Logging\Header Files</Filter>
    </ClInclude>
    <ClInclude Include="D:\cpplib\poco_2022\Foundation\include\Poco\MetaObject.h">
      <Filter>SharedLibrary\Header Files</Filter>
    </ClInclude>
    <ClInclude Include="D:\cpplib\poco_2022\Foundation\include\Poco\MetaProgramming.h">
      <Filter>Core\Header Files</Filter>
    </ClInclude>
    <ClInclude Include="D:\cpplib\poco_2022\Foundation\include\Poco\Mutex.h">
      <Filter>Threading\Header Files</Filter>
    </ClInclude>
    <ClInclude Include="D:\cpplib\poco_2022\Foundation\include\Poco\Mutex_POSIX.h">
      <Filter>Threading\Header Files</Filter>
    </ClInclude>
    <ClInclude Include="D:\cpplib\poco_2022\Foundation\include\Poco\Mutex_VX.h">
      <Filter>Threading\Header Files</Filter>
    </ClInclude>
    <ClInclude Include="D:\cpplib\poco_2022\Foundation\include\Poco\Mutex_WIN32.h">
      <Filter>Threading\Header Files</Filter>
    </ClInclude>
    <ClInclude Include="D:\cpplib\poco_2022\Foundation\include\Poco\Mutex_WINCE.h">
      <Filter>Threading\Header Files</Filter>
    </ClInclude>
    <ClInclude Include="D:\cpplib\poco_2022\Foundation\include\Poco\NObserver.h">
      <Filter>Notifications\Header Files</Filter>
    </ClInclude>
    <ClInclude Include="D:\cpplib\poco_2022\Foundation\include\Poco\NamedEvent.h">
      <Filter>Processes\Header Files</Filter>
    </ClInclude>
    <ClInclude Include="D:\cpplib\poco_2022\Foundation\include\Poco\NamedEvent_Android.h">
      <Filter>Processes\Header Files</Filter>
    </ClInclude>
    <ClInclude Include="D:\cpplib\poco_2022\Foundation\include\Poco\NamedEvent_UNIX.h">
      <Filter>Processes\Header Files</Filter>
    </ClInclude>
    <ClInclude Include="D:\cpplib\poco_2022\Foundation\include\Poco\NamedEvent_WIN32U.h">
      <Filter>Processes\Header Files</Filter>
    </ClInclude>
    <ClInclude Include="D:\cpplib\poco_2022\Foundation\include\Poco\NamedMutex.h">
      <Filter>Processes\Header Files</Filter>
    </ClInclude>
    <ClInclude Include="D:\cpplib\poco_2022\Foundation\include\Poco\NamedMutex_Android.h">
      <Filter>Processes\Header Files</Filter>
    </ClInclude>
    <ClInclude Include="D:\cpplib\poco_2022\Foundation\include\Poco\NamedMutex_UNIX.h">
      <Filter>Processes\Header Files</Filter>
    </ClInclude>
    <ClInclude Include="D:\cpplib\poco_2022\Foundation\include\Poco\NamedMutex_WIN32U.h">
      <Filter>Processes\Header Files</Filter>
    </ClInclude>
    <ClInclude Include="D:\cpplib\poco_2022\Foundation\include\Poco\NamedTuple.h">
      <Filter>Core\Header Files</Filter>
    </ClInclude>
    <ClInclude Include="D:\cpplib\poco_2022\Foundation\include\Poco\NestedDiagnosticContext.h">
      <Filter>Core\Header Files</Filter>
    </ClInclude>
    <ClInclude Include="D:\cpplib\poco_2022\Foundation\include\Poco\Notification.h">
      <Filter>Notifications\Header Files</Filter>
    </ClInclude>
    <ClInclude Include="D:\cpplib\poco_2022\Foundation\include\Poco\NotificationCenter.h">
      <Filter>Notifications\Header Files</Filter>
    </ClInclude>
    <ClInclude Include="D:\cpplib\poco_2022\Foundation\include\Poco\NotificationQueue.h">
      <Filter>Notifications\Header Files</Filter>
    </ClInclude>
    <ClInclude Include="D:\cpplib\poco_2022\Foundation\include\Poco\NotificationStrategy.h">
      <Filter>Events\Header Files</Filter>
    </ClInclude>
    <ClInclude Include="D:\cpplib\poco_2022\Foundation\include\Poco\NullChannel.h">
      <Filter>Logging\Header Files</Filter>
    </ClInclude>
    <ClInclude Include="D:\cpplib\poco_2022\Foundation\include\Poco\NullStream.h">
      <Filter>Streams\Header Files</Filter>
    </ClInclude>
    <ClInclude Include="D:\cpplib\poco_2022\Foundation\include\Poco\Nullable.h">
      <Filter>Core\Header Files</Filter>
    </ClInclude>
    <ClInclude Include="D:\cpplib\poco_2022\Foundation\include\Poco\NumberFormatter.h">
      <Filter>Core\Header Files</Filter>
    </ClInclude>
    <ClInclude Include="D:\cpplib\poco_2022\Foundation\include\Poco\NumberParser.h">
      <Filter>Core\Header Files</Filter>
    </ClInclude>
    <ClInclude Include="D:\cpplib\poco_2022\Foundation\include\Poco\NumericString.h">
      <Filter>Core\Header Files</Filter>
    </ClInclude>
    <ClInclude Include="D:\cpplib\poco_2022\Foundation\include\Poco\ObjectPool.h">
      <Filter>Core\Header Files</Filter>
    </ClInclude>
    <ClInclude Include="D:\cpplib\poco_2022\Foundation\include\Poco\Observer.h">
      <Filter>Notifications\Header Files</Filter>
    </ClInclude>
    <ClInclude Include="D:\cpplib\poco_2022\Foundation\include\Poco\Optional.h">
      <Filter>Core\Header Files</Filter>
    </ClInclude>
    <ClInclude Include="D:\cpplib\poco_2022\Foundation\include\Poco\OrderedMap.h">
      <Filter>Core\Header Files</Filter>
    </ClInclude>
    <ClInclude Include="D:\cpplib\poco_2022\Foundation\include\Poco\OrderedSet.h">
      <Filter>Core\Header Files</Filter>
    </ClInclude>
    <ClInclude Include="D:\cpplib\poco_2022\Foundation\include\Poco\PBKDF2Engine.h">
      <Filter>Crypt\Header Files</Filter>
    </ClInclude>
    <ClInclude Include="D:\cpplib\poco_2022\Foundation\include\Poco\Path.h">
      <Filter>Filesystem\Header Files</Filter>
    </ClInclude>
    <ClInclude Include="D:\cpplib\poco_2022\Foundation\include\Poco\Path_UNIX.h">
      <Filter>Filesystem\Header Files</Filter>
    </ClInclude>
    <ClInclude Include="D:\cpplib\poco_2022\Foundation\include\Poco\Path_WIN32U.h">
      <Filter>Filesystem\Header Files</Filter>
    </ClInclude>
    <ClInclude Include="D:\cpplib\poco_2022\Foundation\include\Poco\Path_WINCE.h">
      <Filter>Filesystem\Header Files</Filter>
    </ClInclude>
    <ClInclude Include="D:\cpplib\poco_2022\Foundation\include\Poco\PatternFormatter.h">
      <Filter>Logging\Header Files</Filter>
    </ClInclude>
    <ClInclude Include="D:\cpplib\poco_2022\Foundation\include\Poco\Pipe.h">
      <Filter>Processes\Header Files</Filter>
    </ClInclude>
    <ClInclude Include="D:\cpplib\poco_2022\Foundation\include\Poco\PipeImpl.h">
      <Filter>Processes\Header Files</Filter>
    </ClInclude>
    <ClInclude Include="D:\cpplib\poco_2022\Foundation\include\Poco\PipeImpl_DUMMY.h">
      <Filter>Processes\Header Files</Filter>
    </ClInclude>
    <ClInclude Include="D:\cpplib\poco_2022\Foundation\include\Poco\PipeImpl_POSIX.h">
      <Filter>Processes\Header Files</Filter>
    </ClInclude>
    <ClInclude Include="D:\cpplib\poco_2022\Foundation\include\Poco\PipeImpl_WIN32.h">
      <Filter>Processes\Header Files</Filter>
    </ClInclude>
    <ClInclude Include="D:\cpplib\poco_2022\Foundation\include\Poco\PipeStream.h">
      <Filter>Processes\Header Files</Filter>
    </ClInclude>
    <ClInclude Include="D:\cpplib\poco_2022\Foundation\include\Poco\Platform.h">
      <Filter>Core\Header Files</Filter>
    </ClInclude>
    <ClInclude Include="D:\cpplib\poco_2022\Foundation\include\Poco\Platform_POSIX.h">
      <Filter>Core\Header Files</Filter>
    </ClInclude>
    <ClInclude Include="D:\cpplib\poco_2022\Foundation\include\Poco\Platform_VX.h">
      <Filter>Core\Header Files</Filter>
    </ClInclude>
    <ClInclude Include="D:\cpplib\poco_2022\Foundation\include\Poco\Platform_WIN32.h">
      <Filter>Core\Header Files</Filter>
    </ClInclude>
    <ClInclude Include="D:\cpplib\poco_2022\Foundation\include\Poco\Poco.h">
      <Filter>Core\Header Files</Filter>
    </ClInclude>
    <ClInclude Include="D:\cpplib\poco_2022\Foundation\include\Poco\PriorityDelegate.h">
      <Filter>Events\Header Files</Filter>
    </ClInclude>
    <ClInclude Include="D:\cpplib\poco_2022\Foundation\include\Poco\PriorityEvent.h">
      <Filter>Events\Header Files</Filter>
    </ClInclude>
    <ClInclude Include="D:\cpplib\poco_2022\Foundation\include\Poco\PriorityExpire.h">
      <Filter>Events\Header Files</Filter>
    </ClInclude>
    <ClInclude Include="D:\cpplib\poco_2022\Foundation\include\Poco\PriorityNotificationQueue.h">
      <Filter>Notifications\Header Files</Filter>
    </ClInclude>
    <ClInclude Include="D:\cpplib\poco_2022\Foundation\include\Poco\PriorityStrategy.h">
      <Filter>Events\Header Files</Filter>
    </ClInclude>
    <ClInclude Include="D:\cpplib\poco_2022\Foundation\include\Poco\Process.h">
      <Filter>Processes\Header Files</Filter>
    </ClInclude>
    <ClInclude Include="D:\cpplib\poco_2022\Foundation\include\Poco\Process_UNIX.h">
      <Filter>Processes\Header Files</Filter>
    </ClInclude>
    <ClInclude Include="D:\cpplib\poco_2022\Foundation\include\Poco\Process_VX.h">
      <Filter>Processes\Header Files</Filter>
    </ClInclude>
    <ClInclude Include="D:\cpplib\poco_2022\Foundation\include\Poco\Process_WIN32U.h">
      <Filter>Processes\Header Files</Filter>
    </ClInclude>
    <ClInclude Include="D:\cpplib\poco_2022\Foundation\include\Poco\Process_WINCE.h">
      <Filter>Processes\Header Files</Filter>
    </ClInclude>
    <ClInclude Include="D:\cpplib\poco_2022\Foundation\include\Poco\PurgeStrategy.h">
      <Filter>Logging\Header Files</Filter>
    </ClInclude>
    <ClInclude Include="D:\cpplib\poco_2022\Foundation\include\Poco\RWLock.h">
      <Filter>Threading\Header Files</Filter>
    </ClInclude>
    <ClInclude Include="D:\cpplib\poco_2022\Foundation\include\Poco\RWLock_Android.h">
      <Filter>Threading\Header Files</Filter>
    </ClInclude>
    <ClInclude Include="D:\cpplib\poco_2022\Foundation\include\Poco\RWLock_POSIX.h">
      <Filter>Threading\Header Files</Filter>
    </ClInclude>
    <ClInclude Include="D:\cpplib\poco_2022\Foundation\include\Poco\RWLock_VX.h">
      <Filter>Threading\Header Files</Filter>
    </ClInclude>
    <ClInclude Include="D:\cpplib\poco_2022\Foundation\include\Poco\RWLock_WIN32.h">
      <Filter>Threading\Header Files</Filter>
    </ClInclude>
    <ClInclude Include="D:\cpplib\poco_2022\Foundation\include\Poco\RWLock_WINCE.h">
      <Filter>Threading\Header Files</Filter>
    </ClInclude>
    <ClInclude Include="D:\cpplib\poco_2022\Foundation\include\Poco\Random.h">
      <Filter>Crypt\Header Files</Filter>
    </ClInclude>
    <ClInclude Include="D:\cpplib\poco_2022\Foundation\include\Poco\RandomStream.h">
      <Filter>Crypt\Header Files</Filter>
    </ClInclude>
    <ClInclude Include="D:\cpplib\poco_2022\Foundation\include\Poco\RecursiveDirectoryIterator.h">
      <Filter>Filesystem\Header Files</Filter>
    </ClInclude>
    <ClInclude Include="D:\cpplib\poco_2022\Foundation\include\Poco\RecursiveDirectoryIteratorImpl.h">
      <Filter>Filesystem\Header Files</Filter>
    </ClInclude>
    <ClInclude Include="D:\cpplib\poco_2022\Foundation\include\Poco\RefCountedObject.h">
      <Filter>Core\Header Files</Filter>
    </ClInclude>
    <ClInclude Include="D:\cpplib\poco_2022\Foundation\include\Poco\RegularExpression.h">
      <Filter>RegExp\Header Files</Filter>
    </ClInclude>
    <ClInclude Include="D:\cpplib\poco_2022\Foundation\include\Poco\RotateStrategy.h">
      <Filter>Logging\Header Files</Filter>
    </ClInclude>
    <ClInclude Include="D:\cpplib\poco_2022\Foundation\include\Poco\Runnable.h">
      <Filter>Threading\Header Files</Filter>
    </ClInclude>
    <ClInclude Include="D:\cpplib\poco_2022\Foundation\include\Poco\RunnableAdapter.h">
      <Filter>Threading\Header Files</Filter>
    </ClInclude>
    <ClInclude Include="D:\cpplib\poco_2022\Foundation\include\Poco\SHA1Engine.h">
      <Filter>Crypt\Header Files</Filter>
    </ClInclude>
    <ClInclude Include="D:\cpplib\poco_2022\Foundation\include\Poco\SHA2Engine.h">
      <Filter>Crypt\Header Files</Filter>
    </ClInclude>
    <ClInclude Include="D:\cpplib\poco_2022\Foundation\include\Poco\ScopedLock.h">
      <Filter>Threading\Header Files</Filter>
    </ClInclude>
    <ClInclude Include="D:\cpplib\poco_2022\Foundation\include\Poco\ScopedUnlock.h">
      <Filter>Threading\Header Files</Filter>
    </ClInclude>
    <ClInclude Include="D:\cpplib\poco_2022\Foundation\include\Poco\Semaphore.h">
      <Filter>Threading\Header Files</Filter>
    </ClInclude>
    <ClInclude Include="D:\cpplib\poco_2022\Foundation\include\Poco\Semaphore_POSIX.h">
      <Filter>Threading\Header Files</Filter>
    </ClInclude>
    <ClInclude Include="D:\cpplib\poco_2022\Foundation\include\Poco\Semaphore_VX.h">
      <Filter>Threading\Header Files</Filter>
    </ClInclude>
    <ClInclude Include="D:\cpplib\poco_2022\Foundation\include\Poco\Semaphore_WIN32.h">
      <Filter>Threading\Header Files</Filter>
    </ClInclude>
    <ClInclude Include="D:\cpplib\poco_2022\Foundation\include\Poco\SharedLibrary.h">
      <Filter>SharedLibrary\Header Files</Filter>
    </ClInclude>
    <ClInclude Include="D:\cpplib\poco_2022\Foundation\include\Poco\SharedLibrary_HPUX.h">
      <Filter>SharedLibrary\Header Files</Filter>
    </ClInclude>
    <ClInclude Include="D:\cpplib\poco_2022\Foundation\include\Poco\SharedLibrary_UNIX.h">
      <Filter>SharedLibrary\Header Files</Filter>
    </ClInclude>
    <ClInclude Include="D:\cpplib\poco_2022\Foundation\include\Poco\SharedLibrary_VX.h">
      <Filter>SharedLibrary\Header Files</Filter>
    </ClInclude>
    <ClInclude Include="D:\cpplib\poco_2022\Foundation\include\Poco\SharedLibrary_WIN32U.h">
      <Filter>SharedLibrary\Header Files</Filter>
    </ClInclude>
    <ClInclude Include="D:\cpplib\poco_2022\Foundation\include\Poco\SharedMemory.h">
      <Filter>Processes\Header Files</Filter>
    </ClInclude>
    <ClInclude Include="D:\cpplib\poco_2022\Foundation\include\Poco\SharedMemory_DUMMY.h">
      <Filter>Processes\Header Files</Filter>
    </ClInclude>
    <ClInclude Include="D:\cpplib\poco_2022\Foundation\include\Poco\SharedMemory_POSIX.h">
      <Filter>Processes\Header Files</Filter>
    </ClInclude>
    <ClInclude Include="D:\cpplib\poco_2022\Foundation\include\Poco\SharedMemory_WIN32.h">
      <Filter>Processes\Header Files</Filter>
    </ClInclude>
    <ClInclude Include="D:\cpplib\poco_2022\Foundation\include\Poco\SharedPtr.h">
      <Filter>Core\Header Files</Filter>
    </ClInclude>
    <ClInclude Include="D:\cpplib\poco_2022\Foundation\include\Poco\SignalHandler.h">
      <Filter>Threading\Header Files</Filter>
    </ClInclude>
    <ClInclude Include="D:\cpplib\poco_2022\Foundation\include\Poco\SimpleFileChannel.h">
      <Filter>Logging\Header Files</Filter>
    </ClInclude>
    <ClInclude Include="D:\cpplib\poco_2022\Foundation\include\Poco\SimpleHashTable.h">
      <Filter>Hashing\Header Files</Filter>
    </ClInclude>
    <ClInclude Include="D:\cpplib\poco_2022\Foundation\include\Poco\SingletonHolder.h">
      <Filter>Core\Header Files</Filter>
    </ClInclude>
    <ClInclude Include="D:\cpplib\poco_2022\Foundation\include\Poco\SortedDirectoryIterator.h">
      <Filter>Filesystem\Header Files</Filter>
    </ClInclude>
    <ClInclude Include="D:\cpplib\poco_2022\Foundation\include\Poco\SplitterChannel.h">
      <Filter>Logging\Header Files</Filter>
    </ClInclude>
    <ClInclude Include="D:\cpplib\poco_2022\Foundation\include\Poco\Stopwatch.h">
      <Filter>DateTime\Header Files</Filter>
    </ClInclude>
    <ClInclude Include="D:\cpplib\poco_2022\Foundation\include\Poco\StrategyCollection.h">
      <Filter>Cache\Header Files</Filter>
    </ClInclude>
    <ClInclude Include="D:\cpplib\poco_2022\Foundation\include\Poco\StreamChannel.h">
      <Filter>Logging\Header Files</Filter>
    </ClInclude>
    <ClInclude Include="D:\cpplib\poco_2022\Foundation\include\Poco\StreamConverter.h">
      <Filter>Text\Header Files</Filter>
    </ClInclude>
    <ClInclude Include="D:\cpplib\poco_2022\Foundation\include\Poco\StreamCopier.h">
      <Filter>Streams\Header Files</Filter>
    </ClInclude>
    <ClInclude Include="D:\cpplib\poco_2022\Foundation\include\Poco\StreamTokenizer.h">
      <Filter>Streams\Header Files</Filter>
    </ClInclude>
    <ClInclude Include="D:\cpplib\poco_2022\Foundation\include\Poco\StreamUtil.h">
      <Filter>Streams\Header Files</Filter>
    </ClInclude>
    <ClInclude Include="D:\cpplib\poco_2022\Foundation\include\Poco\String.h">
      <Filter>Core\Header Files</Filter>
    </ClInclude>
    <ClInclude Include="D:\cpplib\poco_2022\Foundation\include\Poco\StringTokenizer.h">
      <Filter>Core\Header Files</Filter>
    </ClInclude>
    <ClInclude Include="D:\cpplib\poco_2022\Foundation\include\Poco\SynchronizedObject.h">
      <Filter>Threading\Header Files</Filter>
    </ClInclude>
    <ClInclude Include="D:\cpplib\poco_2022\Foundation\include\Poco\SyslogChannel.h">
      <Filter>Logging\Header Files</Filter>
    </ClInclude>
    <ClInclude Include="D:\cpplib\poco_2022\Foundation\include\Poco\Task.h">
      <Filter>Tasks\Header Files</Filter>
    </ClInclude>
    <ClInclude Include="D:\cpplib\poco_2022\Foundation\include\Poco\TaskManager.h">
      <Filter>Tasks\Header Files</Filter>
    </ClInclude>
    <ClInclude Include="D:\cpplib\poco_2022\Foundation\include\Poco\TaskNotification.h">
      <Filter>Tasks\Header Files</Filter>
    </ClInclude>
    <ClInclude Include="D:\cpplib\poco_2022\Foundation\include\Poco\TeeStream.h">
      <Filter>Streams\Header Files</Filter>
    </ClInclude>
    <ClInclude Include="D:\cpplib\poco_2022\Foundation\include\Poco\TemporaryFile.h">
      <Filter>Filesystem\Header Files</Filter>
    </ClInclude>
    <ClInclude Include="D:\cpplib\poco_2022\Foundation\include\Poco\TextBufferIterator.h">
      <Filter>Text\Header Files</Filter>
    </ClInclude>
    <ClInclude Include="D:\cpplib\poco_2022\Foundation\include\Poco\TextConverter.h">
      <Filter>Text\Header Files</Filter>
    </ClInclude>
    <ClInclude Include="D:\cpplib\poco_2022\Foundation\include\Poco\TextEncoding.h">
      <Filter>Text\Header Files</Filter>
    </ClInclude>
    <ClInclude Include="D:\cpplib\poco_2022\Foundation\include\Poco\TextIterator.h">
      <Filter>Text\Header Files</Filter>
    </ClInclude>
    <ClInclude Include="D:\cpplib\poco_2022\Foundation\include\Poco\Thread.h">
      <Filter>Threading\Header Files</Filter>
    </ClInclude>
    <ClInclude Include="D:\cpplib\poco_2022\Foundation\include\Poco\ThreadLocal.h">
      <Filter>Threading\Header Files</Filter>
    </ClInclude>
    <ClInclude Include="D:\cpplib\poco_2022\Foundation\include\Poco\ThreadPool.h">
      <Filter>Threading\Header Files</Filter>
    </ClInclude>
    <ClInclude Include="D:\cpplib\poco_2022\Foundation\include\Poco\ThreadTarget.h">
      <Filter>Threading\Header Files</Filter>
    </ClInclude>
    <ClInclude Include="D:\cpplib\poco_2022\Foundation\include\Poco\Thread_POSIX.h">
      <Filter>Threading\Header Files</Filter>
    </ClInclude>
    <ClInclude Include="D:\cpplib\poco_2022\Foundation\include\Poco\Thread_VX.h">
      <Filter>Threading\Header Files</Filter>
    </ClInclude>
    <ClInclude Include="D:\cpplib\poco_2022\Foundation\include\Poco\Thread_WIN32.h">
      <Filter>Threading\Header Files</Filter>
    </ClInclude>
    <ClInclude Include="D:\cpplib\poco_2022\Foundation\include\Poco\Thread_WINCE.h">
      <Filter>Threading\Header Files</Filter>
    </ClInclude>
    <ClInclude Include="D:\cpplib\poco_2022\Foundation\include\Poco\TimedNotificationQueue.h">
      <Filter>Notifications\Header Files</Filter>
    </ClInclude>
    <ClInclude Include="D:\cpplib\poco_2022\Foundation\include\Poco\Timer.h">
      <Filter>Threading\Header Files</Filter>
    </ClInclude>
    <ClInclude Include="D:\cpplib\poco_2022\Foundation\include\Poco\Timespan.h">
      <Filter>DateTime\Header Files</Filter>
    </ClInclude>
    <ClInclude Include="D:\cpplib\poco_2022\Foundation\include\Poco\Timestamp.h">
      <Filter>DateTime\Header Files</Filter>
    </ClInclude>
    <ClInclude Include="D:\cpplib\poco_2022\Foundation\include\Poco\Timezone.h">
      <Filter>DateTime\Header Files</Filter>
    </ClInclude>
    <ClInclude Include="D:\cpplib\poco_2022\Foundation\include\Poco\Token.h">
      <Filter>Streams\Header Files</Filter>
    </ClInclude>
    <ClInclude Include="D:\cpplib\poco_2022\Foundation\include\Poco\Tuple.h">
      <Filter>Core\Header Files</Filter>
    </ClInclude>
    <ClInclude Include="D:\cpplib\poco_2022\Foundation\include\Poco\TypeList.h">
      <Filter>Core\Header Files</Filter>
    </ClInclude>
    <ClInclude Include="D:\cpplib\poco_2022\Foundation\include\Poco\Types.h">
      <Filter>Core\Header Files</Filter>
    </ClInclude>
    <ClInclude Include="D:\cpplib\poco_2022\Foundation\include\Poco\URI.h">
      <Filter>URI\Header Files</Filter>
    </ClInclude>
    <ClInclude Include="D:\cpplib\poco_2022\Foundation\include\Poco\URIStreamFactory.h">
      <Filter>URI\Header Files</Filter>
    </ClInclude>
    <ClInclude Include="D:\cpplib\poco_2022\Foundation\include\Poco\URIStreamOpener.h">
      <Filter>URI\Header Files</Filter>
    </ClInclude>
    <ClInclude Include="D:\cpplib\poco_2022\Foundation\include\Poco\UTF16Encoding.h">
      <Filter>Text\Header Files</Filter>
    </ClInclude>
    <ClInclude Include="D:\cpplib\poco_2022\Foundation\include\Poco\UTF32Encoding.h">
      <Filter>Text\Header Files</Filter>
    </ClInclude>
    <ClInclude Include="D:\cpplib\poco_2022\Foundation\include\Poco\UTF8Encoding.h">
      <Filter>Text\Header Files</Filter>
    </ClInclude>
    <ClInclude Include="D:\cpplib\poco_2022\Foundation\include\Poco\UTF8String.h">
      <Filter>Text\Header Files</Filter>
    </ClInclude>
    <ClInclude Include="D:\cpplib\poco_2022\Foundation\include\Poco\UTFString.h">
      <Filter>Text\Header Files</Filter>
    </ClInclude>
    <ClInclude Include="D:\cpplib\poco_2022\Foundation\include\Poco\UUID.h">
      <Filter>UUID\Header Files</Filter>
    </ClInclude>
    <ClInclude Include="D:\cpplib\poco_2022\Foundation\include\Poco\UUIDGenerator.h">
      <Filter>UUID\Header Files</Filter>
    </ClInclude>
    <ClInclude Include="D:\cpplib\poco_2022\Foundation\include\Poco\UnWindows.h">
      <Filter>Core\Header Files</Filter>
    </ClInclude>
    <ClInclude Include="D:\cpplib\poco_2022\Foundation\include\Poco\UnbufferedStreamBuf.h">
      <Filter>Streams\Header Files</Filter>
    </ClInclude>
    <ClInclude Include="D:\cpplib\poco_2022\Foundation\include\Poco\Unicode.h">
      <Filter>Text\Header Files</Filter>
    </ClInclude>
    <ClInclude Include="D:\cpplib\poco_2022\Foundation\include\Poco\UnicodeConverter.h">
      <Filter>Text\Header Files</Filter>
    </ClInclude>
    <ClInclude Include="D:\cpplib\poco_2022\Foundation\include\Poco\UniqueAccessExpireCache.h">
      <Filter>Cache\Header Files</Filter>
    </ClInclude>
    <ClInclude Include="D:\cpplib\poco_2022\Foundation\include\Poco\UniqueAccessExpireLRUCache.h">
      <Filter>Cache\Header Files</Filter>
    </ClInclude>
    <ClInclude Include="D:\cpplib\poco_2022\Foundation\include\Poco\UniqueAccessExpireStrategy.h">
      <Filter>Cache\Header Files</Filter>
    </ClInclude>
    <ClInclude Include="D:\cpplib\poco_2022\Foundation\include\Poco\UniqueExpireCache.h">
      <Filter>Cache\Header Files</Filter>
    </ClInclude>
    <ClInclude Include="D:\cpplib\poco_2022\Foundation\include\Poco\UniqueExpireLRUCache.h">
      <Filter>Cache\Header Files</Filter>
    </ClInclude>
    <ClInclude Include="D:\cpplib\poco_2022\Foundation\include\Poco\UniqueExpireStrategy.h">
      <Filter>Cache\Header Files</Filter>
    </ClInclude>
    <ClInclude Include="D:\cpplib\poco_2022\Foundation\include\Poco\ValidArgs.h">
      <Filter>Cache\Header Files</Filter>
    </ClInclude>
    <ClInclude Include="D:\cpplib\poco_2022\Foundation\include\Poco\Version.h">
      <Filter>Core\Header Files</Filter>
    </ClInclude>
    <ClInclude Include="D:\cpplib\poco_2022\Foundation\include\Poco\Void.h">
      <Filter>Core\Header Files</Filter>
    </ClInclude>
    <ClInclude Include="D:\cpplib\poco_2022\Foundation\include\Poco\Windows1250Encoding.h">
      <Filter>Text\Header Files</Filter>
    </ClInclude>
    <ClInclude Include="D:\cpplib\poco_2022\Foundation\include\Poco\Windows1251Encoding.h">
      <Filter>Text\Header Files</Filter>
    </ClInclude>
    <ClInclude Include="D:\cpplib\poco_2022\Foundation\include\Poco\Windows1252Encoding.h">
      <Filter>Text\Header Files</Filter>
    </ClInclude>
    <ClInclude Include="D:\cpplib\poco_2022\Foundation\include\Poco\WindowsConsoleChannel.h">
      <Filter>Logging\Header Files</Filter>
    </ClInclude>
    <ClInclude Include="D:\cpplib\poco_2022\Foundation\include\Poco\ordered_hash.h">
      <Filter>Unknown\Header Files</Filter>
    </ClInclude>
    <ClInclude Include="D:\cpplib\poco_2022\Foundation\include\Poco\ordered_map.h">
      <Filter>Unknown\Header Files</Filter>
    </ClInclude>
    <ClInclude Include="D:\cpplib\poco_2022\Foundation\include\Poco\ordered_set.h">
      <Filter>Unknown\Header Files</Filter>
    </ClInclude>
    <ClInclude Include="D:\cpplib\poco_2022\Foundation\include\Poco\zconf.h">
      <Filter>zlib\Header Files</Filter>
    </ClInclude>
    <ClInclude Include="D:\cpplib\poco_2022\Foundation\include\Poco\zlib.h">
      <Filter>zlib\Header Files</Filter>
    </ClInclude>
    <ClInclude Include="D:\cpplib\poco_2022\cmake_win_x64\Foundation\pocomsg.h">
      <Filter>Logging\Header Files</Filter>
    </ClInclude>
    <ClInclude Include="D:\cpplib\poco_2022\Foundation\src\pocomsg.mc">
      <Filter>Logging\Message Files</Filter>
    </ClInclude>
  </ItemGroup>
  <ItemGroup>
    <CustomBuild Include="D:\cpplib\poco_2022\cmake_win_x64\CMakeFiles\4ba145dc43ccf534174e2b341f785f7c\pocomsg.h.rule">
      <Filter>CMake Rules</Filter>
    </CustomBuild>
    <CustomBuild Include="D:\cpplib\poco_2022\Foundation\CMakeLists.txt" />
  </ItemGroup>
  <ItemGroup>
    <ResourceCompile Include="D:\cpplib\poco_2022\DLLVersion.rc">
      <Filter>Resources</Filter>
    </ResourceCompile>
  </ItemGroup>
  <ItemGroup>
    <Filter Include="CMake Rules">
      <UniqueIdentifier>{9F3C8CEE-544E-3182-9224-0703C4F8E6DD}</UniqueIdentifier>
    </Filter>
    <Filter Include="Cache">
      <UniqueIdentifier>{C10D9171-8216-38E4-BC5F-3C3A49E3F167}</UniqueIdentifier>
    </Filter>
    <Filter Include="Cache\Header Files">
      <UniqueIdentifier>{857ACD6D-7C97-3E3F-A8AE-8FD9704F823A}</UniqueIdentifier>
    </Filter>
    <Filter Include="Core">
      <UniqueIdentifier>{002EDC9B-BD55-3E50-BC52-2FADE4DD27F8}</UniqueIdentifier>
    </Filter>
    <Filter Include="Core\Header Files">
      <UniqueIdentifier>{8B81679A-2095-392D-9B04-C9D89837833E}</UniqueIdentifier>
    </Filter>
    <Filter Include="Core\Source Files">
      <UniqueIdentifier>{578E514D-643D-3D04-80C1-3AB403FC4F58}</UniqueIdentifier>
    </Filter>
    <Filter Include="Crypt">
      <UniqueIdentifier>{B2907674-EE6E-3E57-8290-2492494278DA}</UniqueIdentifier>
    </Filter>
    <Filter Include="Crypt\Header Files">
      <UniqueIdentifier>{B114EA54-6076-3AAD-A42A-56F77ADD6C49}</UniqueIdentifier>
    </Filter>
    <Filter Include="Crypt\Source Files">
      <UniqueIdentifier>{A828ACA0-2CBE-35D1-9B1F-B2F05E99FAA1}</UniqueIdentifier>
    </Filter>
    <Filter Include="DateTime">
      <UniqueIdentifier>{F4EB6BE3-0FC3-3D8B-9EF7-F2BE97651750}</UniqueIdentifier>
    </Filter>
    <Filter Include="DateTime\Header Files">
      <UniqueIdentifier>{EB70D203-3417-32DC-B822-D8AE3297322F}</UniqueIdentifier>
    </Filter>
    <Filter Include="DateTime\Source Files">
      <UniqueIdentifier>{E73DBAC5-2395-3646-9100-CF335E06045D}</UniqueIdentifier>
    </Filter>
    <Filter Include="Dynamic">
      <UniqueIdentifier>{08F66F8E-A890-3D4A-A022-2A33DB684D5B}</UniqueIdentifier>
    </Filter>
    <Filter Include="Dynamic\Header Files">
      <UniqueIdentifier>{E2C2693F-8FD4-38D3-A34C-0A4141A1572D}</UniqueIdentifier>
    </Filter>
    <Filter Include="Dynamic\Source Files">
      <UniqueIdentifier>{DBE17A7C-6328-3D9B-A5D3-4163C2C87557}</UniqueIdentifier>
    </Filter>
    <Filter Include="Events">
      <UniqueIdentifier>{B772703F-6031-3F2F-AD35-2B9D3F5EA853}</UniqueIdentifier>
    </Filter>
    <Filter Include="Events\Header Files">
      <UniqueIdentifier>{68ECEFB1-33FB-387B-AE0F-D7D07C44F26C}</UniqueIdentifier>
    </Filter>
    <Filter Include="Events\Source Files">
      <UniqueIdentifier>{1A64FB35-FC20-39AC-8E0E-D23CD751658F}</UniqueIdentifier>
    </Filter>
    <Filter Include="Filesystem">
      <UniqueIdentifier>{EDCB0EB3-F314-3D8C-B4D9-DE7FECBA4A5F}</UniqueIdentifier>
    </Filter>
    <Filter Include="Filesystem\Header Files">
      <UniqueIdentifier>{435512CC-1ECD-3608-9946-5E383368CE37}</UniqueIdentifier>
    </Filter>
    <Filter Include="Filesystem\Source Files">
      <UniqueIdentifier>{934FB80B-A2EF-3319-84BA-CDF0633BE2B7}</UniqueIdentifier>
    </Filter>
    <Filter Include="Hashing">
      <UniqueIdentifier>{D3CD08C5-06A7-38C7-9110-1E09E9E82375}</UniqueIdentifier>
    </Filter>
    <Filter Include="Hashing\Header Files">
      <UniqueIdentifier>{1E3D38A9-665C-362E-93CC-53F05464F2A7}</UniqueIdentifier>
    </Filter>
    <Filter Include="Hashing\Source Files">
      <UniqueIdentifier>{9DB4AA17-2F78-31AF-BF5C-6BDE7EAAE99A}</UniqueIdentifier>
    </Filter>
    <Filter Include="Logging">
      <UniqueIdentifier>{BB7B4A93-628D-30B3-90F1-2E93D51908ED}</UniqueIdentifier>
    </Filter>
    <Filter Include="Logging\Header Files">
      <UniqueIdentifier>{76B2A097-C7E0-34DF-8C6D-C6621E2139C1}</UniqueIdentifier>
    </Filter>
    <Filter Include="Logging\Message Files">
      <UniqueIdentifier>{ADB3D2FC-61F8-365C-8993-8CF09F9FDC84}</UniqueIdentifier>
    </Filter>
    <Filter Include="Logging\Source Files">
      <UniqueIdentifier>{F33E952B-ABDA-36D4-ABED-65F832CB5040}</UniqueIdentifier>
    </Filter>
    <Filter Include="Notifications">
      <UniqueIdentifier>{851905B0-E75C-322A-A53C-D30C908B84C2}</UniqueIdentifier>
    </Filter>
    <Filter Include="Notifications\Header Files">
      <UniqueIdentifier>{661AAEEE-26B7-3BBD-99FD-121D98F62587}</UniqueIdentifier>
    </Filter>
    <Filter Include="Notifications\Source Files">
      <UniqueIdentifier>{57B2CE6B-E74E-3C36-8E42-F7D450C12C9B}</UniqueIdentifier>
    </Filter>
    <Filter Include="Processes">
      <UniqueIdentifier>{7DABD132-E062-3332-B485-6E67249B745D}</UniqueIdentifier>
    </Filter>
    <Filter Include="Processes\Header Files">
      <UniqueIdentifier>{116B3F8E-C4C3-3434-B177-4988FCE46287}</UniqueIdentifier>
    </Filter>
    <Filter Include="Processes\Source Files">
      <UniqueIdentifier>{0E4F74DD-88FD-3D55-AEEB-EB81DBC01A28}</UniqueIdentifier>
    </Filter>
    <Filter Include="RegExp">
      <UniqueIdentifier>{3AB0776A-4414-3899-9AC0-110A575B9A68}</UniqueIdentifier>
    </Filter>
    <Filter Include="RegExp\Header Files">
      <UniqueIdentifier>{106C2E6E-EAC5-349E-99F4-29F453ED377C}</UniqueIdentifier>
    </Filter>
    <Filter Include="RegExp\Source Files">
      <UniqueIdentifier>{9402A219-3B21-37D6-81B1-4FAA00DB16D2}</UniqueIdentifier>
    </Filter>
    <Filter Include="Resources">
      <UniqueIdentifier>{E452DCA2-70E7-3F0C-9AF0-6F0D6B2F4169}</UniqueIdentifier>
    </Filter>
    <Filter Include="SharedLibrary">
      <UniqueIdentifier>{BAF4F1E7-EFF9-31EB-ADB7-69EB135ED37D}</UniqueIdentifier>
    </Filter>
    <Filter Include="SharedLibrary\Header Files">
      <UniqueIdentifier>{C41C83C5-01A8-31BA-B74F-31C10B5EC619}</UniqueIdentifier>
    </Filter>
    <Filter Include="SharedLibrary\Source Files">
      <UniqueIdentifier>{55779576-6F8D-31D9-BA3E-13A45A0F62CC}</UniqueIdentifier>
    </Filter>
    <Filter Include="Streams">
      <UniqueIdentifier>{92B54E54-6A7A-3986-83DE-5CBF7E195B98}</UniqueIdentifier>
    </Filter>
    <Filter Include="Streams\Header Files">
      <UniqueIdentifier>{D0345BFC-9C3D-353B-AD6F-86A838457EB8}</UniqueIdentifier>
    </Filter>
    <Filter Include="Streams\Source Files">
      <UniqueIdentifier>{532DC3F1-8E14-363A-8EAE-06A00E36F443}</UniqueIdentifier>
    </Filter>
    <Filter Include="Tasks">
      <UniqueIdentifier>{FCF32FD9-294D-3D0C-A188-50BA8FF6C559}</UniqueIdentifier>
    </Filter>
    <Filter Include="Tasks\Header Files">
      <UniqueIdentifier>{BA0F0BF8-770B-3732-A4B2-87E474650532}</UniqueIdentifier>
    </Filter>
    <Filter Include="Tasks\Source Files">
      <UniqueIdentifier>{A7551D57-0686-3B20-9ADA-2490D5732ED3}</UniqueIdentifier>
    </Filter>
    <Filter Include="Text">
      <UniqueIdentifier>{3918DFFC-B508-34FB-BE6B-1908CC2BEC87}</UniqueIdentifier>
    </Filter>
    <Filter Include="Text\Header Files">
      <UniqueIdentifier>{C8008086-DE02-3333-BA95-414C26A870AD}</UniqueIdentifier>
    </Filter>
    <Filter Include="Text\Source Files">
      <UniqueIdentifier>{EF52958D-D49C-310A-AFA1-AAEE6CF3E747}</UniqueIdentifier>
    </Filter>
    <Filter Include="Threading">
      <UniqueIdentifier>{A4AFF428-7EBC-3FAC-B156-758171139DCF}</UniqueIdentifier>
    </Filter>
    <Filter Include="Threading\Header Files">
      <UniqueIdentifier>{66DC73CC-64C0-3482-B200-324D23F8AB74}</UniqueIdentifier>
    </Filter>
    <Filter Include="Threading\Source Files">
      <UniqueIdentifier>{9D066FEE-8AED-329D-A490-B5EDB0461FCE}</UniqueIdentifier>
    </Filter>
    <Filter Include="URI">
      <UniqueIdentifier>{60D4D656-94EE-347E-AF75-9FE61646B8EA}</UniqueIdentifier>
    </Filter>
    <Filter Include="URI\Header Files">
      <UniqueIdentifier>{0F8F1612-3C9F-384E-83D0-77E6EE40DE0A}</UniqueIdentifier>
    </Filter>
    <Filter Include="URI\Source Files">
      <UniqueIdentifier>{276A24B0-31C1-314E-B53D-2C6B07E56D4C}</UniqueIdentifier>
    </Filter>
    <Filter Include="UUID">
      <UniqueIdentifier>{A7558C3F-84C8-308B-B7EF-703E568F31F0}</UniqueIdentifier>
    </Filter>
    <Filter Include="UUID\Header Files">
      <UniqueIdentifier>{C9614FC6-AEE7-3711-9A77-7754006FB52D}</UniqueIdentifier>
    </Filter>
    <Filter Include="UUID\Source Files">
      <UniqueIdentifier>{5445621F-5077-3815-8B1E-999DBA38DC5C}</UniqueIdentifier>
    </Filter>
    <Filter Include="Unknown">
      <UniqueIdentifier>{AD5E51D7-ED58-33D3-8291-D2263AA0BE27}</UniqueIdentifier>
    </Filter>
    <Filter Include="Unknown\Header Files">
      <UniqueIdentifier>{97C552F3-8DD3-390A-BC43-15110747A378}</UniqueIdentifier>
    </Filter>
    <Filter Include="pcre2">
      <UniqueIdentifier>{406D2B55-5675-360F-9B80-CD5AF6155BE1}</UniqueIdentifier>
    </Filter>
    <Filter Include="pcre2\Source Files">
      <UniqueIdentifier>{9BF6E089-353F-3C99-88F3-9C55E53D5476}</UniqueIdentifier>
    </Filter>
    <Filter Include="zlib">
      <UniqueIdentifier>{A10C8ACA-8362-3D4A-B922-68AC800265DF}</UniqueIdentifier>
    </Filter>
    <Filter Include="zlib\Header Files">
      <UniqueIdentifier>{E86981F7-40AD-342E-B3B9-A36A6210C64C}</UniqueIdentifier>
    </Filter>
    <Filter Include="zlib\Source Files">
      <UniqueIdentifier>{DA4F447A-23EE-3A7D-BAE1-D10A625213D2}</UniqueIdentifier>
    </Filter>
  </ItemGroup>
</Project>
