<?xml version="1.0" encoding="utf-8"?>
<Project ToolsVersion="17.0" xmlns="http://schemas.microsoft.com/developer/msbuild/2003">
  <ItemGroup>
    <ClCompile Include="D:\cpplib\poco_2022\NetSSL_OpenSSL\src\AcceptCertificateHandler.cpp">
      <Filter>SSLCore\Source Files</Filter>
    </ClCompile>
    <ClCompile Include="D:\cpplib\poco_2022\NetSSL_OpenSSL\src\CertificateHandlerFactory.cpp">
      <Filter>SSLCore\Source Files</Filter>
    </ClCompile>
    <ClCompile Include="D:\cpplib\poco_2022\NetSSL_OpenSSL\src\CertificateHandlerFactoryMgr.cpp">
      <Filter>SSLCore\Source Files</Filter>
    </ClCompile>
    <ClCompile Include="D:\cpplib\poco_2022\NetSSL_OpenSSL\src\ConsoleCertificateHandler.cpp">
      <Filter>SSLCore\Source Files</Filter>
    </ClCompile>
    <ClCompile Include="D:\cpplib\poco_2022\NetSSL_OpenSSL\src\Context.cpp">
      <Filter>SSLCore\Source Files</Filter>
    </ClCompile>
    <ClCompile Include="D:\cpplib\poco_2022\NetSSL_OpenSSL\src\FTPSClientSession.cpp">
      <Filter>FTPS\Source Files</Filter>
    </ClCompile>
    <ClCompile Include="D:\cpplib\poco_2022\NetSSL_OpenSSL\src\FTPSStreamFactory.cpp">
      <Filter>FTPS\Source Files</Filter>
    </ClCompile>
    <ClCompile Include="D:\cpplib\poco_2022\NetSSL_OpenSSL\src\HTTPSClientSession.cpp">
      <Filter>HTTPSClient\Source Files</Filter>
    </ClCompile>
    <ClCompile Include="D:\cpplib\poco_2022\NetSSL_OpenSSL\src\HTTPSSessionInstantiator.cpp">
      <Filter>HTTPSClient\Source Files</Filter>
    </ClCompile>
    <ClCompile Include="D:\cpplib\poco_2022\NetSSL_OpenSSL\src\HTTPSStreamFactory.cpp">
      <Filter>HTTPSClient\Source Files</Filter>
    </ClCompile>
    <ClCompile Include="D:\cpplib\poco_2022\NetSSL_OpenSSL\src\InvalidCertificateHandler.cpp">
      <Filter>SSLCore\Source Files</Filter>
    </ClCompile>
    <ClCompile Include="D:\cpplib\poco_2022\NetSSL_OpenSSL\src\KeyConsoleHandler.cpp">
      <Filter>SSLCore\Source Files</Filter>
    </ClCompile>
    <ClCompile Include="D:\cpplib\poco_2022\NetSSL_OpenSSL\src\KeyFileHandler.cpp">
      <Filter>SSLCore\Source Files</Filter>
    </ClCompile>
    <ClCompile Include="D:\cpplib\poco_2022\NetSSL_OpenSSL\src\PrivateKeyFactory.cpp">
      <Filter>SSLCore\Source Files</Filter>
    </ClCompile>
    <ClCompile Include="D:\cpplib\poco_2022\NetSSL_OpenSSL\src\PrivateKeyFactoryMgr.cpp">
      <Filter>SSLCore\Source Files</Filter>
    </ClCompile>
    <ClCompile Include="D:\cpplib\poco_2022\NetSSL_OpenSSL\src\PrivateKeyPassphraseHandler.cpp">
      <Filter>SSLCore\Source Files</Filter>
    </ClCompile>
    <ClCompile Include="D:\cpplib\poco_2022\NetSSL_OpenSSL\src\RejectCertificateHandler.cpp">
      <Filter>SSLCore\Source Files</Filter>
    </ClCompile>
    <ClCompile Include="D:\cpplib\poco_2022\NetSSL_OpenSSL\src\SSLException.cpp">
      <Filter>SSLCore\Source Files</Filter>
    </ClCompile>
    <ClCompile Include="D:\cpplib\poco_2022\NetSSL_OpenSSL\src\SSLManager.cpp">
      <Filter>SSLCore\Source Files</Filter>
    </ClCompile>
    <ClCompile Include="D:\cpplib\poco_2022\NetSSL_OpenSSL\src\SecureSMTPClientSession.cpp">
      <Filter>Mail\Source Files</Filter>
    </ClCompile>
    <ClCompile Include="D:\cpplib\poco_2022\NetSSL_OpenSSL\src\SecureServerSocket.cpp">
      <Filter>SSLSockets\Source Files</Filter>
    </ClCompile>
    <ClCompile Include="D:\cpplib\poco_2022\NetSSL_OpenSSL\src\SecureServerSocketImpl.cpp">
      <Filter>SSLSockets\Source Files</Filter>
    </ClCompile>
    <ClCompile Include="D:\cpplib\poco_2022\NetSSL_OpenSSL\src\SecureSocketImpl.cpp">
      <Filter>SSLSockets\Source Files</Filter>
    </ClCompile>
    <ClCompile Include="D:\cpplib\poco_2022\NetSSL_OpenSSL\src\SecureStreamSocket.cpp">
      <Filter>SSLSockets\Source Files</Filter>
    </ClCompile>
    <ClCompile Include="D:\cpplib\poco_2022\NetSSL_OpenSSL\src\SecureStreamSocketImpl.cpp">
      <Filter>SSLSockets\Source Files</Filter>
    </ClCompile>
    <ClCompile Include="D:\cpplib\poco_2022\NetSSL_OpenSSL\src\Session.cpp">
      <Filter>SSLCore\Source Files</Filter>
    </ClCompile>
    <ClCompile Include="D:\cpplib\poco_2022\NetSSL_OpenSSL\src\Utility.cpp">
      <Filter>SSLCore\Source Files</Filter>
    </ClCompile>
    <ClCompile Include="D:\cpplib\poco_2022\NetSSL_OpenSSL\src\VerificationErrorArgs.cpp">
      <Filter>SSLCore\Source Files</Filter>
    </ClCompile>
    <ClCompile Include="D:\cpplib\poco_2022\NetSSL_OpenSSL\src\X509Certificate.cpp">
      <Filter>SSLCore\Source Files</Filter>
    </ClCompile>
  </ItemGroup>
  <ItemGroup>
    <ClInclude Include="D:\cpplib\poco_2022\NetSSL_OpenSSL\include\Poco\Net\AcceptCertificateHandler.h">
      <Filter>SSLCore\Header Files</Filter>
    </ClInclude>
    <ClInclude Include="D:\cpplib\poco_2022\NetSSL_OpenSSL\include\Poco\Net\CertificateHandlerFactory.h">
      <Filter>SSLCore\Header Files</Filter>
    </ClInclude>
    <ClInclude Include="D:\cpplib\poco_2022\NetSSL_OpenSSL\include\Poco\Net\CertificateHandlerFactoryMgr.h">
      <Filter>SSLCore\Header Files</Filter>
    </ClInclude>
    <ClInclude Include="D:\cpplib\poco_2022\NetSSL_OpenSSL\include\Poco\Net\ConsoleCertificateHandler.h">
      <Filter>SSLCore\Header Files</Filter>
    </ClInclude>
    <ClInclude Include="D:\cpplib\poco_2022\NetSSL_OpenSSL\include\Poco\Net\Context.h">
      <Filter>SSLCore\Header Files</Filter>
    </ClInclude>
    <ClInclude Include="D:\cpplib\poco_2022\NetSSL_OpenSSL\include\Poco\Net\FTPSClientSession.h">
      <Filter>FTPS\Header Files</Filter>
    </ClInclude>
    <ClInclude Include="D:\cpplib\poco_2022\NetSSL_OpenSSL\include\Poco\Net\FTPSStreamFactory.h">
      <Filter>FTPS\Header Files</Filter>
    </ClInclude>
    <ClInclude Include="D:\cpplib\poco_2022\NetSSL_OpenSSL\include\Poco\Net\HTTPSClientSession.h">
      <Filter>HTTPSClient\Header Files</Filter>
    </ClInclude>
    <ClInclude Include="D:\cpplib\poco_2022\NetSSL_OpenSSL\include\Poco\Net\HTTPSSessionInstantiator.h">
      <Filter>HTTPSClient\Header Files</Filter>
    </ClInclude>
    <ClInclude Include="D:\cpplib\poco_2022\NetSSL_OpenSSL\include\Poco\Net\HTTPSStreamFactory.h">
      <Filter>HTTPSClient\Header Files</Filter>
    </ClInclude>
    <ClInclude Include="D:\cpplib\poco_2022\NetSSL_OpenSSL\include\Poco\Net\InvalidCertificateHandler.h">
      <Filter>SSLCore\Header Files</Filter>
    </ClInclude>
    <ClInclude Include="D:\cpplib\poco_2022\NetSSL_OpenSSL\include\Poco\Net\KeyConsoleHandler.h">
      <Filter>SSLCore\Header Files</Filter>
    </ClInclude>
    <ClInclude Include="D:\cpplib\poco_2022\NetSSL_OpenSSL\include\Poco\Net\KeyFileHandler.h">
      <Filter>SSLCore\Header Files</Filter>
    </ClInclude>
    <ClInclude Include="D:\cpplib\poco_2022\NetSSL_OpenSSL\include\Poco\Net\NetSSL.h">
      <Filter>SSLCore\Header Files</Filter>
    </ClInclude>
    <ClInclude Include="D:\cpplib\poco_2022\NetSSL_OpenSSL\include\Poco\Net\PrivateKeyFactory.h">
      <Filter>SSLCore\Header Files</Filter>
    </ClInclude>
    <ClInclude Include="D:\cpplib\poco_2022\NetSSL_OpenSSL\include\Poco\Net\PrivateKeyFactoryMgr.h">
      <Filter>SSLCore\Header Files</Filter>
    </ClInclude>
    <ClInclude Include="D:\cpplib\poco_2022\NetSSL_OpenSSL\include\Poco\Net\PrivateKeyPassphraseHandler.h">
      <Filter>SSLCore\Header Files</Filter>
    </ClInclude>
    <ClInclude Include="D:\cpplib\poco_2022\NetSSL_OpenSSL\include\Poco\Net\RejectCertificateHandler.h">
      <Filter>SSLCore\Header Files</Filter>
    </ClInclude>
    <ClInclude Include="D:\cpplib\poco_2022\NetSSL_OpenSSL\include\Poco\Net\SSLException.h">
      <Filter>SSLCore\Header Files</Filter>
    </ClInclude>
    <ClInclude Include="D:\cpplib\poco_2022\NetSSL_OpenSSL\include\Poco\Net\SSLManager.h">
      <Filter>SSLCore\Header Files</Filter>
    </ClInclude>
    <ClInclude Include="D:\cpplib\poco_2022\NetSSL_OpenSSL\include\Poco\Net\SecureSMTPClientSession.h">
      <Filter>Mail\Header Files</Filter>
    </ClInclude>
    <ClInclude Include="D:\cpplib\poco_2022\NetSSL_OpenSSL\include\Poco\Net\SecureServerSocket.h">
      <Filter>SSLSockets\Header Files</Filter>
    </ClInclude>
    <ClInclude Include="D:\cpplib\poco_2022\NetSSL_OpenSSL\include\Poco\Net\SecureServerSocketImpl.h">
      <Filter>SSLSockets\Header Files</Filter>
    </ClInclude>
    <ClInclude Include="D:\cpplib\poco_2022\NetSSL_OpenSSL\include\Poco\Net\SecureSocketImpl.h">
      <Filter>SSLSockets\Header Files</Filter>
    </ClInclude>
    <ClInclude Include="D:\cpplib\poco_2022\NetSSL_OpenSSL\include\Poco\Net\SecureStreamSocket.h">
      <Filter>SSLSockets\Header Files</Filter>
    </ClInclude>
    <ClInclude Include="D:\cpplib\poco_2022\NetSSL_OpenSSL\include\Poco\Net\SecureStreamSocketImpl.h">
      <Filter>SSLSockets\Header Files</Filter>
    </ClInclude>
    <ClInclude Include="D:\cpplib\poco_2022\NetSSL_OpenSSL\include\Poco\Net\Session.h">
      <Filter>SSLCore\Header Files</Filter>
    </ClInclude>
    <ClInclude Include="D:\cpplib\poco_2022\NetSSL_OpenSSL\include\Poco\Net\Utility.h">
      <Filter>SSLCore\Header Files</Filter>
    </ClInclude>
    <ClInclude Include="D:\cpplib\poco_2022\NetSSL_OpenSSL\include\Poco\Net\VerificationErrorArgs.h">
      <Filter>SSLCore\Header Files</Filter>
    </ClInclude>
    <ClInclude Include="D:\cpplib\poco_2022\NetSSL_OpenSSL\include\Poco\Net\X509Certificate.h">
      <Filter>SSLCore\Header Files</Filter>
    </ClInclude>
  </ItemGroup>
  <ItemGroup>
    <CustomBuild Include="D:\cpplib\poco_2022\NetSSL_OpenSSL\CMakeLists.txt" />
  </ItemGroup>
  <ItemGroup>
    <ResourceCompile Include="D:\cpplib\poco_2022\DLLVersion.rc">
      <Filter>Resources</Filter>
    </ResourceCompile>
  </ItemGroup>
  <ItemGroup>
    <Filter Include="FTPS">
      <UniqueIdentifier>{0C94DFD4-8FF3-3990-83E5-2E2CAAEA6C3E}</UniqueIdentifier>
    </Filter>
    <Filter Include="FTPS\Header Files">
      <UniqueIdentifier>{628E9BCB-C602-338D-840D-E7D4631CEEB2}</UniqueIdentifier>
    </Filter>
    <Filter Include="FTPS\Source Files">
      <UniqueIdentifier>{63B38E48-25B1-3A27-929E-27C671A4DBE6}</UniqueIdentifier>
    </Filter>
    <Filter Include="HTTPSClient">
      <UniqueIdentifier>{B1FDD825-DCB4-3375-96AE-E08528B9CA80}</UniqueIdentifier>
    </Filter>
    <Filter Include="HTTPSClient\Header Files">
      <UniqueIdentifier>{B923ECC2-A525-302D-921D-96DC87B491F9}</UniqueIdentifier>
    </Filter>
    <Filter Include="HTTPSClient\Source Files">
      <UniqueIdentifier>{804B8A68-8FC3-391C-AE60-4C4313A8D569}</UniqueIdentifier>
    </Filter>
    <Filter Include="Mail">
      <UniqueIdentifier>{92628BB9-1744-33FF-8053-44C740C8BBEC}</UniqueIdentifier>
    </Filter>
    <Filter Include="Mail\Header Files">
      <UniqueIdentifier>{6486267A-DAC7-3BD4-ACE8-3D352DDE1847}</UniqueIdentifier>
    </Filter>
    <Filter Include="Mail\Source Files">
      <UniqueIdentifier>{4D4BB9BA-020E-339C-A932-AE032CB80C6E}</UniqueIdentifier>
    </Filter>
    <Filter Include="Resources">
      <UniqueIdentifier>{E452DCA2-70E7-3F0C-9AF0-6F0D6B2F4169}</UniqueIdentifier>
    </Filter>
    <Filter Include="SSLCore">
      <UniqueIdentifier>{D4464B8F-AF2F-33E0-9A51-52750211E6DF}</UniqueIdentifier>
    </Filter>
    <Filter Include="SSLCore\Header Files">
      <UniqueIdentifier>{F0DB7DB8-E1D4-3652-B6C0-B19B183FA8D2}</UniqueIdentifier>
    </Filter>
    <Filter Include="SSLCore\Source Files">
      <UniqueIdentifier>{9CF89C4B-18F8-34BD-86A4-20DA07FC9913}</UniqueIdentifier>
    </Filter>
    <Filter Include="SSLSockets">
      <UniqueIdentifier>{FA03727C-582F-35E5-95BD-829524BEDE0D}</UniqueIdentifier>
    </Filter>
    <Filter Include="SSLSockets\Header Files">
      <UniqueIdentifier>{BA0C711F-20C9-3975-9377-72A3BD8ADF6A}</UniqueIdentifier>
    </Filter>
    <Filter Include="SSLSockets\Source Files">
      <UniqueIdentifier>{ABE99DB8-5779-3201-9841-DF1ACFD93C41}</UniqueIdentifier>
    </Filter>
  </ItemGroup>
</Project>
