<?xml version="1.0" encoding="utf-8"?>
<Project ToolsVersion="17.0" xmlns="http://schemas.microsoft.com/developer/msbuild/2003">
  <ItemGroup>
    <ClCompile Include="D:\cpplib\poco_2022\XML\src\AbstractContainerNode.cpp">
      <Filter>DOM\Source Files</Filter>
    </ClCompile>
    <ClCompile Include="D:\cpplib\poco_2022\XML\src\AbstractNode.cpp">
      <Filter>DOM\Source Files</Filter>
    </ClCompile>
    <ClCompile Include="D:\cpplib\poco_2022\XML\src\Attr.cpp">
      <Filter>DOM\Source Files</Filter>
    </ClCompile>
    <ClCompile Include="D:\cpplib\poco_2022\XML\src\AttrMap.cpp">
      <Filter>DOM\Source Files</Filter>
    </ClCompile>
    <ClCompile Include="D:\cpplib\poco_2022\XML\src\Attributes.cpp">
      <Filter>SAX\Source Files</Filter>
    </ClCompile>
    <ClCompile Include="D:\cpplib\poco_2022\XML\src\AttributesImpl.cpp">
      <Filter>SAX\Source Files</Filter>
    </ClCompile>
    <ClCompile Include="D:\cpplib\poco_2022\XML\src\CDATASection.cpp">
      <Filter>DOM\Source Files</Filter>
    </ClCompile>
    <ClCompile Include="D:\cpplib\poco_2022\XML\src\CharacterData.cpp">
      <Filter>DOM\Source Files</Filter>
    </ClCompile>
    <ClCompile Include="D:\cpplib\poco_2022\XML\src\ChildNodesList.cpp">
      <Filter>DOM\Source Files</Filter>
    </ClCompile>
    <ClCompile Include="D:\cpplib\poco_2022\XML\src\Comment.cpp">
      <Filter>DOM\Source Files</Filter>
    </ClCompile>
    <ClCompile Include="D:\cpplib\poco_2022\XML\src\ContentHandler.cpp">
      <Filter>SAX\Source Files</Filter>
    </ClCompile>
    <ClCompile Include="D:\cpplib\poco_2022\XML\src\DOMBuilder.cpp">
      <Filter>DOM\Source Files</Filter>
    </ClCompile>
    <ClCompile Include="D:\cpplib\poco_2022\XML\src\DOMException.cpp">
      <Filter>DOM\Source Files</Filter>
    </ClCompile>
    <ClCompile Include="D:\cpplib\poco_2022\XML\src\DOMImplementation.cpp">
      <Filter>DOM\Source Files</Filter>
    </ClCompile>
    <ClCompile Include="D:\cpplib\poco_2022\XML\src\DOMObject.cpp">
      <Filter>DOM\Source Files</Filter>
    </ClCompile>
    <ClCompile Include="D:\cpplib\poco_2022\XML\src\DOMParser.cpp">
      <Filter>DOM\Source Files</Filter>
    </ClCompile>
    <ClCompile Include="D:\cpplib\poco_2022\XML\src\DOMSerializer.cpp">
      <Filter>DOM\Source Files</Filter>
    </ClCompile>
    <ClCompile Include="D:\cpplib\poco_2022\XML\src\DOMWriter.cpp">
      <Filter>DOM\Source Files</Filter>
    </ClCompile>
    <ClCompile Include="D:\cpplib\poco_2022\XML\src\DTDHandler.cpp">
      <Filter>SAX\Source Files</Filter>
    </ClCompile>
    <ClCompile Include="D:\cpplib\poco_2022\XML\src\DTDMap.cpp">
      <Filter>DOM\Source Files</Filter>
    </ClCompile>
    <ClCompile Include="D:\cpplib\poco_2022\XML\src\DeclHandler.cpp">
      <Filter>SAX\Source Files</Filter>
    </ClCompile>
    <ClCompile Include="D:\cpplib\poco_2022\XML\src\DefaultHandler.cpp">
      <Filter>SAX\Source Files</Filter>
    </ClCompile>
    <ClCompile Include="D:\cpplib\poco_2022\XML\src\Document.cpp">
      <Filter>DOM\Source Files</Filter>
    </ClCompile>
    <ClCompile Include="D:\cpplib\poco_2022\XML\src\DocumentEvent.cpp">
      <Filter>DOM\Source Files</Filter>
    </ClCompile>
    <ClCompile Include="D:\cpplib\poco_2022\XML\src\DocumentFragment.cpp">
      <Filter>DOM\Source Files</Filter>
    </ClCompile>
    <ClCompile Include="D:\cpplib\poco_2022\XML\src\DocumentType.cpp">
      <Filter>DOM\Source Files</Filter>
    </ClCompile>
    <ClCompile Include="D:\cpplib\poco_2022\XML\src\Element.cpp">
      <Filter>DOM\Source Files</Filter>
    </ClCompile>
    <ClCompile Include="D:\cpplib\poco_2022\XML\src\ElementsByTagNameList.cpp">
      <Filter>DOM\Source Files</Filter>
    </ClCompile>
    <ClCompile Include="D:\cpplib\poco_2022\XML\src\Entity.cpp">
      <Filter>DOM\Source Files</Filter>
    </ClCompile>
    <ClCompile Include="D:\cpplib\poco_2022\XML\src\EntityReference.cpp">
      <Filter>DOM\Source Files</Filter>
    </ClCompile>
    <ClCompile Include="D:\cpplib\poco_2022\XML\src\EntityResolver.cpp">
      <Filter>SAX\Source Files</Filter>
    </ClCompile>
    <ClCompile Include="D:\cpplib\poco_2022\XML\src\EntityResolverImpl.cpp">
      <Filter>SAX\Source Files</Filter>
    </ClCompile>
    <ClCompile Include="D:\cpplib\poco_2022\XML\src\ErrorHandler.cpp">
      <Filter>SAX\Source Files</Filter>
    </ClCompile>
    <ClCompile Include="D:\cpplib\poco_2022\XML\src\Event.cpp">
      <Filter>DOM\Source Files</Filter>
    </ClCompile>
    <ClCompile Include="D:\cpplib\poco_2022\XML\src\EventDispatcher.cpp">
      <Filter>DOM\Source Files</Filter>
    </ClCompile>
    <ClCompile Include="D:\cpplib\poco_2022\XML\src\EventException.cpp">
      <Filter>DOM\Source Files</Filter>
    </ClCompile>
    <ClCompile Include="D:\cpplib\poco_2022\XML\src\EventListener.cpp">
      <Filter>DOM\Source Files</Filter>
    </ClCompile>
    <ClCompile Include="D:\cpplib\poco_2022\XML\src\EventTarget.cpp">
      <Filter>DOM\Source Files</Filter>
    </ClCompile>
    <ClCompile Include="D:\cpplib\poco_2022\XML\src\InputSource.cpp">
      <Filter>SAX\Source Files</Filter>
    </ClCompile>
    <ClCompile Include="D:\cpplib\poco_2022\XML\src\LexicalHandler.cpp">
      <Filter>SAX\Source Files</Filter>
    </ClCompile>
    <ClCompile Include="D:\cpplib\poco_2022\XML\src\Locator.cpp">
      <Filter>SAX\Source Files</Filter>
    </ClCompile>
    <ClCompile Include="D:\cpplib\poco_2022\XML\src\LocatorImpl.cpp">
      <Filter>SAX\Source Files</Filter>
    </ClCompile>
    <ClCompile Include="D:\cpplib\poco_2022\XML\src\MutationEvent.cpp">
      <Filter>DOM\Source Files</Filter>
    </ClCompile>
    <ClCompile Include="D:\cpplib\poco_2022\XML\src\Name.cpp">
      <Filter>XML\Source Files</Filter>
    </ClCompile>
    <ClCompile Include="D:\cpplib\poco_2022\XML\src\NamePool.cpp">
      <Filter>XML\Source Files</Filter>
    </ClCompile>
    <ClCompile Include="D:\cpplib\poco_2022\XML\src\NamedNodeMap.cpp">
      <Filter>DOM\Source Files</Filter>
    </ClCompile>
    <ClCompile Include="D:\cpplib\poco_2022\XML\src\NamespaceStrategy.cpp">
      <Filter>XML\Source Files</Filter>
    </ClCompile>
    <ClCompile Include="D:\cpplib\poco_2022\XML\src\NamespaceSupport.cpp">
      <Filter>SAX\Source Files</Filter>
    </ClCompile>
    <ClCompile Include="D:\cpplib\poco_2022\XML\src\Node.cpp">
      <Filter>DOM\Source Files</Filter>
    </ClCompile>
    <ClCompile Include="D:\cpplib\poco_2022\XML\src\NodeAppender.cpp">
      <Filter>DOM\Source Files</Filter>
    </ClCompile>
    <ClCompile Include="D:\cpplib\poco_2022\XML\src\NodeFilter.cpp">
      <Filter>DOM\Source Files</Filter>
    </ClCompile>
    <ClCompile Include="D:\cpplib\poco_2022\XML\src\NodeIterator.cpp">
      <Filter>DOM\Source Files</Filter>
    </ClCompile>
    <ClCompile Include="D:\cpplib\poco_2022\XML\src\NodeList.cpp">
      <Filter>DOM\Source Files</Filter>
    </ClCompile>
    <ClCompile Include="D:\cpplib\poco_2022\XML\src\Notation.cpp">
      <Filter>DOM\Source Files</Filter>
    </ClCompile>
    <ClCompile Include="D:\cpplib\poco_2022\XML\src\ParserEngine.cpp">
      <Filter>XML\Source Files</Filter>
    </ClCompile>
    <ClCompile Include="D:\cpplib\poco_2022\XML\src\ProcessingInstruction.cpp">
      <Filter>DOM\Source Files</Filter>
    </ClCompile>
    <ClCompile Include="D:\cpplib\poco_2022\XML\src\QName.cpp">
      <Filter>XML\Source Files</Filter>
    </ClCompile>
    <ClCompile Include="D:\cpplib\poco_2022\XML\src\SAXException.cpp">
      <Filter>SAX\Source Files</Filter>
    </ClCompile>
    <ClCompile Include="D:\cpplib\poco_2022\XML\src\SAXParser.cpp">
      <Filter>SAX\Source Files</Filter>
    </ClCompile>
    <ClCompile Include="D:\cpplib\poco_2022\XML\src\Text.cpp">
      <Filter>DOM\Source Files</Filter>
    </ClCompile>
    <ClCompile Include="D:\cpplib\poco_2022\XML\src\TreeWalker.cpp">
      <Filter>DOM\Source Files</Filter>
    </ClCompile>
    <ClCompile Include="D:\cpplib\poco_2022\XML\src\ValueTraits.cpp">
      <Filter>XML\Source Files</Filter>
    </ClCompile>
    <ClCompile Include="D:\cpplib\poco_2022\XML\src\WhitespaceFilter.cpp">
      <Filter>SAX\Source Files</Filter>
    </ClCompile>
    <ClCompile Include="D:\cpplib\poco_2022\XML\src\XMLException.cpp">
      <Filter>XML\Source Files</Filter>
    </ClCompile>
    <ClCompile Include="D:\cpplib\poco_2022\XML\src\XMLFilter.cpp">
      <Filter>SAX\Source Files</Filter>
    </ClCompile>
    <ClCompile Include="D:\cpplib\poco_2022\XML\src\XMLFilterImpl.cpp">
      <Filter>SAX\Source Files</Filter>
    </ClCompile>
    <ClCompile Include="D:\cpplib\poco_2022\XML\src\XMLReader.cpp">
      <Filter>SAX\Source Files</Filter>
    </ClCompile>
    <ClCompile Include="D:\cpplib\poco_2022\XML\src\XMLStreamParser.cpp">
      <Filter>XML\Source Files</Filter>
    </ClCompile>
    <ClCompile Include="D:\cpplib\poco_2022\XML\src\XMLStreamParserException.cpp">
      <Filter>XML\Source Files</Filter>
    </ClCompile>
    <ClCompile Include="D:\cpplib\poco_2022\XML\src\XMLString.cpp">
      <Filter>XML\Source Files</Filter>
    </ClCompile>
    <ClCompile Include="D:\cpplib\poco_2022\XML\src\XMLWriter.cpp">
      <Filter>XML\Source Files</Filter>
    </ClCompile>
    <ClCompile Include="D:\cpplib\poco_2022\XML\src\xmlparse.cpp">
      <Filter>expat\Source Files</Filter>
    </ClCompile>
    <ClCompile Include="D:\cpplib\poco_2022\XML\src\xmlrole.c">
      <Filter>expat\Source Files</Filter>
    </ClCompile>
    <ClCompile Include="D:\cpplib\poco_2022\XML\src\xmltok.c">
      <Filter>expat\Source Files</Filter>
    </ClCompile>
    <ClCompile Include="D:\cpplib\poco_2022\XML\src\xmltok_impl.c">
      <Filter>expat\Source Files</Filter>
    </ClCompile>
    <ClCompile Include="D:\cpplib\poco_2022\XML\src\xmltok_ns.c">
      <Filter>expat\Source Files</Filter>
    </ClCompile>
  </ItemGroup>
  <ItemGroup>
    <ClInclude Include="D:\cpplib\poco_2022\XML\include\Poco\DOM\AbstractContainerNode.h">
      <Filter>DOM\Header Files</Filter>
    </ClInclude>
    <ClInclude Include="D:\cpplib\poco_2022\XML\include\Poco\DOM\AbstractNode.h">
      <Filter>DOM\Header Files</Filter>
    </ClInclude>
    <ClInclude Include="D:\cpplib\poco_2022\XML\include\Poco\DOM\Attr.h">
      <Filter>DOM\Header Files</Filter>
    </ClInclude>
    <ClInclude Include="D:\cpplib\poco_2022\XML\include\Poco\DOM\AttrMap.h">
      <Filter>DOM\Header Files</Filter>
    </ClInclude>
    <ClInclude Include="D:\cpplib\poco_2022\XML\include\Poco\DOM\AutoPtr.h">
      <Filter>DOM\Header Files</Filter>
    </ClInclude>
    <ClInclude Include="D:\cpplib\poco_2022\XML\include\Poco\DOM\CDATASection.h">
      <Filter>DOM\Header Files</Filter>
    </ClInclude>
    <ClInclude Include="D:\cpplib\poco_2022\XML\include\Poco\DOM\CharacterData.h">
      <Filter>DOM\Header Files</Filter>
    </ClInclude>
    <ClInclude Include="D:\cpplib\poco_2022\XML\include\Poco\DOM\ChildNodesList.h">
      <Filter>DOM\Header Files</Filter>
    </ClInclude>
    <ClInclude Include="D:\cpplib\poco_2022\XML\include\Poco\DOM\Comment.h">
      <Filter>DOM\Header Files</Filter>
    </ClInclude>
    <ClInclude Include="D:\cpplib\poco_2022\XML\include\Poco\DOM\DOMBuilder.h">
      <Filter>DOM\Header Files</Filter>
    </ClInclude>
    <ClInclude Include="D:\cpplib\poco_2022\XML\include\Poco\DOM\DOMException.h">
      <Filter>DOM\Header Files</Filter>
    </ClInclude>
    <ClInclude Include="D:\cpplib\poco_2022\XML\include\Poco\DOM\DOMImplementation.h">
      <Filter>DOM\Header Files</Filter>
    </ClInclude>
    <ClInclude Include="D:\cpplib\poco_2022\XML\include\Poco\DOM\DOMObject.h">
      <Filter>DOM\Header Files</Filter>
    </ClInclude>
    <ClInclude Include="D:\cpplib\poco_2022\XML\include\Poco\DOM\DOMParser.h">
      <Filter>DOM\Header Files</Filter>
    </ClInclude>
    <ClInclude Include="D:\cpplib\poco_2022\XML\include\Poco\DOM\DOMSerializer.h">
      <Filter>DOM\Header Files</Filter>
    </ClInclude>
    <ClInclude Include="D:\cpplib\poco_2022\XML\include\Poco\DOM\DOMWriter.h">
      <Filter>DOM\Header Files</Filter>
    </ClInclude>
    <ClInclude Include="D:\cpplib\poco_2022\XML\include\Poco\DOM\DTDMap.h">
      <Filter>DOM\Header Files</Filter>
    </ClInclude>
    <ClInclude Include="D:\cpplib\poco_2022\XML\include\Poco\DOM\Document.h">
      <Filter>DOM\Header Files</Filter>
    </ClInclude>
    <ClInclude Include="D:\cpplib\poco_2022\XML\include\Poco\DOM\DocumentEvent.h">
      <Filter>DOM\Header Files</Filter>
    </ClInclude>
    <ClInclude Include="D:\cpplib\poco_2022\XML\include\Poco\DOM\DocumentFragment.h">
      <Filter>DOM\Header Files</Filter>
    </ClInclude>
    <ClInclude Include="D:\cpplib\poco_2022\XML\include\Poco\DOM\DocumentType.h">
      <Filter>DOM\Header Files</Filter>
    </ClInclude>
    <ClInclude Include="D:\cpplib\poco_2022\XML\include\Poco\DOM\Element.h">
      <Filter>DOM\Header Files</Filter>
    </ClInclude>
    <ClInclude Include="D:\cpplib\poco_2022\XML\include\Poco\DOM\ElementsByTagNameList.h">
      <Filter>DOM\Header Files</Filter>
    </ClInclude>
    <ClInclude Include="D:\cpplib\poco_2022\XML\include\Poco\DOM\Entity.h">
      <Filter>DOM\Header Files</Filter>
    </ClInclude>
    <ClInclude Include="D:\cpplib\poco_2022\XML\include\Poco\DOM\EntityReference.h">
      <Filter>DOM\Header Files</Filter>
    </ClInclude>
    <ClInclude Include="D:\cpplib\poco_2022\XML\include\Poco\DOM\Event.h">
      <Filter>DOM\Header Files</Filter>
    </ClInclude>
    <ClInclude Include="D:\cpplib\poco_2022\XML\include\Poco\DOM\EventDispatcher.h">
      <Filter>DOM\Header Files</Filter>
    </ClInclude>
    <ClInclude Include="D:\cpplib\poco_2022\XML\include\Poco\DOM\EventException.h">
      <Filter>DOM\Header Files</Filter>
    </ClInclude>
    <ClInclude Include="D:\cpplib\poco_2022\XML\include\Poco\DOM\EventListener.h">
      <Filter>DOM\Header Files</Filter>
    </ClInclude>
    <ClInclude Include="D:\cpplib\poco_2022\XML\include\Poco\DOM\EventTarget.h">
      <Filter>DOM\Header Files</Filter>
    </ClInclude>
    <ClInclude Include="D:\cpplib\poco_2022\XML\include\Poco\DOM\MutationEvent.h">
      <Filter>DOM\Header Files</Filter>
    </ClInclude>
    <ClInclude Include="D:\cpplib\poco_2022\XML\include\Poco\DOM\NamedNodeMap.h">
      <Filter>DOM\Header Files</Filter>
    </ClInclude>
    <ClInclude Include="D:\cpplib\poco_2022\XML\include\Poco\DOM\Node.h">
      <Filter>DOM\Header Files</Filter>
    </ClInclude>
    <ClInclude Include="D:\cpplib\poco_2022\XML\include\Poco\DOM\NodeAppender.h">
      <Filter>DOM\Header Files</Filter>
    </ClInclude>
    <ClInclude Include="D:\cpplib\poco_2022\XML\include\Poco\DOM\NodeFilter.h">
      <Filter>DOM\Header Files</Filter>
    </ClInclude>
    <ClInclude Include="D:\cpplib\poco_2022\XML\include\Poco\DOM\NodeIterator.h">
      <Filter>DOM\Header Files</Filter>
    </ClInclude>
    <ClInclude Include="D:\cpplib\poco_2022\XML\include\Poco\DOM\NodeList.h">
      <Filter>DOM\Header Files</Filter>
    </ClInclude>
    <ClInclude Include="D:\cpplib\poco_2022\XML\include\Poco\DOM\Notation.h">
      <Filter>DOM\Header Files</Filter>
    </ClInclude>
    <ClInclude Include="D:\cpplib\poco_2022\XML\include\Poco\DOM\ProcessingInstruction.h">
      <Filter>DOM\Header Files</Filter>
    </ClInclude>
    <ClInclude Include="D:\cpplib\poco_2022\XML\include\Poco\DOM\Text.h">
      <Filter>DOM\Header Files</Filter>
    </ClInclude>
    <ClInclude Include="D:\cpplib\poco_2022\XML\include\Poco\DOM\TreeWalker.h">
      <Filter>DOM\Header Files</Filter>
    </ClInclude>
    <ClInclude Include="D:\cpplib\poco_2022\XML\include\Poco\SAX\Attributes.h">
      <Filter>SAX\Header Files</Filter>
    </ClInclude>
    <ClInclude Include="D:\cpplib\poco_2022\XML\include\Poco\SAX\AttributesImpl.h">
      <Filter>SAX\Header Files</Filter>
    </ClInclude>
    <ClInclude Include="D:\cpplib\poco_2022\XML\include\Poco\SAX\ContentHandler.h">
      <Filter>SAX\Header Files</Filter>
    </ClInclude>
    <ClInclude Include="D:\cpplib\poco_2022\XML\include\Poco\SAX\DTDHandler.h">
      <Filter>SAX\Header Files</Filter>
    </ClInclude>
    <ClInclude Include="D:\cpplib\poco_2022\XML\include\Poco\SAX\DeclHandler.h">
      <Filter>SAX\Header Files</Filter>
    </ClInclude>
    <ClInclude Include="D:\cpplib\poco_2022\XML\include\Poco\SAX\DefaultHandler.h">
      <Filter>SAX\Header Files</Filter>
    </ClInclude>
    <ClInclude Include="D:\cpplib\poco_2022\XML\include\Poco\SAX\EntityResolver.h">
      <Filter>SAX\Header Files</Filter>
    </ClInclude>
    <ClInclude Include="D:\cpplib\poco_2022\XML\include\Poco\SAX\EntityResolverImpl.h">
      <Filter>SAX\Header Files</Filter>
    </ClInclude>
    <ClInclude Include="D:\cpplib\poco_2022\XML\include\Poco\SAX\ErrorHandler.h">
      <Filter>SAX\Header Files</Filter>
    </ClInclude>
    <ClInclude Include="D:\cpplib\poco_2022\XML\include\Poco\SAX\InputSource.h">
      <Filter>SAX\Header Files</Filter>
    </ClInclude>
    <ClInclude Include="D:\cpplib\poco_2022\XML\include\Poco\SAX\LexicalHandler.h">
      <Filter>SAX\Header Files</Filter>
    </ClInclude>
    <ClInclude Include="D:\cpplib\poco_2022\XML\include\Poco\SAX\Locator.h">
      <Filter>SAX\Header Files</Filter>
    </ClInclude>
    <ClInclude Include="D:\cpplib\poco_2022\XML\include\Poco\SAX\LocatorImpl.h">
      <Filter>SAX\Header Files</Filter>
    </ClInclude>
    <ClInclude Include="D:\cpplib\poco_2022\XML\include\Poco\SAX\NamespaceSupport.h">
      <Filter>SAX\Header Files</Filter>
    </ClInclude>
    <ClInclude Include="D:\cpplib\poco_2022\XML\include\Poco\SAX\SAXException.h">
      <Filter>SAX\Header Files</Filter>
    </ClInclude>
    <ClInclude Include="D:\cpplib\poco_2022\XML\include\Poco\SAX\SAXParser.h">
      <Filter>SAX\Header Files</Filter>
    </ClInclude>
    <ClInclude Include="D:\cpplib\poco_2022\XML\include\Poco\SAX\WhitespaceFilter.h">
      <Filter>SAX\Header Files</Filter>
    </ClInclude>
    <ClInclude Include="D:\cpplib\poco_2022\XML\include\Poco\SAX\XMLFilter.h">
      <Filter>SAX\Header Files</Filter>
    </ClInclude>
    <ClInclude Include="D:\cpplib\poco_2022\XML\include\Poco\SAX\XMLFilterImpl.h">
      <Filter>SAX\Header Files</Filter>
    </ClInclude>
    <ClInclude Include="D:\cpplib\poco_2022\XML\include\Poco\SAX\XMLReader.h">
      <Filter>SAX\Header Files</Filter>
    </ClInclude>
    <ClInclude Include="D:\cpplib\poco_2022\XML\include\Poco\XML\Content.h">
      <Filter>XML\Header Files</Filter>
    </ClInclude>
    <ClInclude Include="D:\cpplib\poco_2022\XML\include\Poco\XML\Name.h">
      <Filter>XML\Header Files</Filter>
    </ClInclude>
    <ClInclude Include="D:\cpplib\poco_2022\XML\include\Poco\XML\NamePool.h">
      <Filter>XML\Header Files</Filter>
    </ClInclude>
    <ClInclude Include="D:\cpplib\poco_2022\XML\include\Poco\XML\NamespaceStrategy.h">
      <Filter>XML\Header Files</Filter>
    </ClInclude>
    <ClInclude Include="D:\cpplib\poco_2022\XML\include\Poco\XML\ParserEngine.h">
      <Filter>XML\Header Files</Filter>
    </ClInclude>
    <ClInclude Include="D:\cpplib\poco_2022\XML\include\Poco\XML\QName.h">
      <Filter>XML\Header Files</Filter>
    </ClInclude>
    <ClInclude Include="D:\cpplib\poco_2022\XML\include\Poco\XML\ValueTraits.h">
      <Filter>XML\Header Files</Filter>
    </ClInclude>
    <ClInclude Include="D:\cpplib\poco_2022\XML\include\Poco\XML\XML.h">
      <Filter>XML\Header Files</Filter>
    </ClInclude>
    <ClInclude Include="D:\cpplib\poco_2022\XML\include\Poco\XML\XMLException.h">
      <Filter>XML\Header Files</Filter>
    </ClInclude>
    <ClInclude Include="D:\cpplib\poco_2022\XML\include\Poco\XML\XMLStream.h">
      <Filter>XML\Header Files</Filter>
    </ClInclude>
    <ClInclude Include="D:\cpplib\poco_2022\XML\include\Poco\XML\XMLStreamParser.h">
      <Filter>XML\Header Files</Filter>
    </ClInclude>
    <ClInclude Include="D:\cpplib\poco_2022\XML\include\Poco\XML\XMLStreamParserException.h">
      <Filter>XML\Header Files</Filter>
    </ClInclude>
    <ClInclude Include="D:\cpplib\poco_2022\XML\include\Poco\XML\XMLString.h">
      <Filter>XML\Header Files</Filter>
    </ClInclude>
    <ClInclude Include="D:\cpplib\poco_2022\XML\include\Poco\XML\XMLWriter.h">
      <Filter>XML\Header Files</Filter>
    </ClInclude>
    <ClInclude Include="D:\cpplib\poco_2022\XML\include\Poco\XML\expat.h">
      <Filter>Unknown\Header Files</Filter>
    </ClInclude>
    <ClInclude Include="D:\cpplib\poco_2022\XML\include\Poco\XML\expat_external.h">
      <Filter>Unknown\Header Files</Filter>
    </ClInclude>
  </ItemGroup>
  <ItemGroup>
    <CustomBuild Include="D:\cpplib\poco_2022\XML\CMakeLists.txt" />
  </ItemGroup>
  <ItemGroup>
    <ResourceCompile Include="D:\cpplib\poco_2022\DLLVersion.rc">
      <Filter>Resources</Filter>
    </ResourceCompile>
  </ItemGroup>
  <ItemGroup>
    <Filter Include="DOM">
      <UniqueIdentifier>{3E2F7D20-B9CA-3C39-882D-D74142C18057}</UniqueIdentifier>
    </Filter>
    <Filter Include="DOM\Header Files">
      <UniqueIdentifier>{8109FAF4-5364-349D-8D49-0C9EACF254A0}</UniqueIdentifier>
    </Filter>
    <Filter Include="DOM\Source Files">
      <UniqueIdentifier>{5C520E71-E25E-358D-ABA6-72B9F9C40200}</UniqueIdentifier>
    </Filter>
    <Filter Include="Resources">
      <UniqueIdentifier>{E452DCA2-70E7-3F0C-9AF0-6F0D6B2F4169}</UniqueIdentifier>
    </Filter>
    <Filter Include="SAX">
      <UniqueIdentifier>{86321D31-46CF-30DB-A4AE-1A9ABB853881}</UniqueIdentifier>
    </Filter>
    <Filter Include="SAX\Header Files">
      <UniqueIdentifier>{17A20F4C-4233-3C3D-BFB0-61A01B395DEC}</UniqueIdentifier>
    </Filter>
    <Filter Include="SAX\Source Files">
      <UniqueIdentifier>{BB103072-84E2-34FE-9871-C6C475F0240C}</UniqueIdentifier>
    </Filter>
    <Filter Include="Unknown">
      <UniqueIdentifier>{AD5E51D7-ED58-33D3-8291-D2263AA0BE27}</UniqueIdentifier>
    </Filter>
    <Filter Include="Unknown\Header Files">
      <UniqueIdentifier>{97C552F3-8DD3-390A-BC43-15110747A378}</UniqueIdentifier>
    </Filter>
    <Filter Include="XML">
      <UniqueIdentifier>{2EC7153F-74A5-3254-9E23-E8B6AE421AED}</UniqueIdentifier>
    </Filter>
    <Filter Include="XML\Header Files">
      <UniqueIdentifier>{2AF96B18-0583-3AE4-9FCF-A2F5C2EC4621}</UniqueIdentifier>
    </Filter>
    <Filter Include="XML\Source Files">
      <UniqueIdentifier>{D727CFCD-4BA6-31C7-98A2-648DCFB2610C}</UniqueIdentifier>
    </Filter>
    <Filter Include="expat">
      <UniqueIdentifier>{57896A3E-0D8D-3458-9FB6-57D678F2834C}</UniqueIdentifier>
    </Filter>
    <Filter Include="expat\Source Files">
      <UniqueIdentifier>{8B59A9BF-7A7D-3973-AD54-39F80D598301}</UniqueIdentifier>
    </Filter>
  </ItemGroup>
</Project>
