<?xml version="1.0" encoding="utf-8"?>
<Project ToolsVersion="17.0" xmlns="http://schemas.microsoft.com/developer/msbuild/2003">
  <ItemGroup>
    <ClCompile Include="D:\cpplib\poco_2022\Data\ODBC\src\Binder.cpp">
      <Filter>ODBC\Source Files</Filter>
    </ClCompile>
    <ClCompile Include="D:\cpplib\poco_2022\Data\ODBC\src\ConnectionHandle.cpp">
      <Filter>ODBC\Source Files</Filter>
    </ClCompile>
    <ClCompile Include="D:\cpplib\poco_2022\Data\ODBC\src\Connector.cpp">
      <Filter>ODBC\Source Files</Filter>
    </ClCompile>
    <ClCompile Include="D:\cpplib\poco_2022\Data\ODBC\src\EnvironmentHandle.cpp">
      <Filter>ODBC\Source Files</Filter>
    </ClCompile>
    <ClCompile Include="D:\cpplib\poco_2022\Data\ODBC\src\Extractor.cpp">
      <Filter>ODBC\Source Files</Filter>
    </ClCompile>
    <ClCompile Include="D:\cpplib\poco_2022\Data\ODBC\src\ODBCException.cpp">
      <Filter>ODBC\Source Files</Filter>
    </ClCompile>
    <ClCompile Include="D:\cpplib\poco_2022\Data\ODBC\src\ODBCMetaColumn.cpp">
      <Filter>ODBC\Source Files</Filter>
    </ClCompile>
    <ClCompile Include="D:\cpplib\poco_2022\Data\ODBC\src\ODBCStatementImpl.cpp">
      <Filter>ODBC\Source Files</Filter>
    </ClCompile>
    <ClCompile Include="D:\cpplib\poco_2022\Data\ODBC\src\Parameter.cpp">
      <Filter>ODBC\Source Files</Filter>
    </ClCompile>
    <ClCompile Include="D:\cpplib\poco_2022\Data\ODBC\src\Preparator.cpp">
      <Filter>ODBC\Source Files</Filter>
    </ClCompile>
    <ClCompile Include="D:\cpplib\poco_2022\Data\ODBC\src\SessionImpl.cpp">
      <Filter>ODBC\Source Files</Filter>
    </ClCompile>
    <ClCompile Include="D:\cpplib\poco_2022\Data\ODBC\src\TypeInfo.cpp">
      <Filter>ODBC\Source Files</Filter>
    </ClCompile>
    <ClCompile Include="D:\cpplib\poco_2022\Data\ODBC\src\Unicode.cpp">
      <Filter>ODBC\Source Files</Filter>
    </ClCompile>
    <ClCompile Include="D:\cpplib\poco_2022\Data\ODBC\src\Utility.cpp">
      <Filter>ODBC\Source Files</Filter>
    </ClCompile>
  </ItemGroup>
  <ItemGroup>
    <ClInclude Include="D:\cpplib\poco_2022\Data\ODBC\src\Unicode_UNIXODBC.cpp">
      <Filter>ODBC\Source Files</Filter>
    </ClInclude>
    <ClInclude Include="D:\cpplib\poco_2022\Data\ODBC\src\Unicode_WIN32.cpp">
      <Filter>ODBC\Source Files</Filter>
    </ClInclude>
    <ClInclude Include="D:\cpplib\poco_2022\Data\ODBC\include\Poco\Data\ODBC\Binder.h">
      <Filter>ODBC\Header Files</Filter>
    </ClInclude>
    <ClInclude Include="D:\cpplib\poco_2022\Data\ODBC\include\Poco\Data\ODBC\ConnectionHandle.h">
      <Filter>ODBC\Header Files</Filter>
    </ClInclude>
    <ClInclude Include="D:\cpplib\poco_2022\Data\ODBC\include\Poco\Data\ODBC\Connector.h">
      <Filter>ODBC\Header Files</Filter>
    </ClInclude>
    <ClInclude Include="D:\cpplib\poco_2022\Data\ODBC\include\Poco\Data\ODBC\Diagnostics.h">
      <Filter>ODBC\Header Files</Filter>
    </ClInclude>
    <ClInclude Include="D:\cpplib\poco_2022\Data\ODBC\include\Poco\Data\ODBC\EnvironmentHandle.h">
      <Filter>ODBC\Header Files</Filter>
    </ClInclude>
    <ClInclude Include="D:\cpplib\poco_2022\Data\ODBC\include\Poco\Data\ODBC\Error.h">
      <Filter>ODBC\Header Files</Filter>
    </ClInclude>
    <ClInclude Include="D:\cpplib\poco_2022\Data\ODBC\include\Poco\Data\ODBC\Extractor.h">
      <Filter>ODBC\Header Files</Filter>
    </ClInclude>
    <ClInclude Include="D:\cpplib\poco_2022\Data\ODBC\include\Poco\Data\ODBC\Handle.h">
      <Filter>ODBC\Header Files</Filter>
    </ClInclude>
    <ClInclude Include="D:\cpplib\poco_2022\Data\ODBC\include\Poco\Data\ODBC\ODBC.h">
      <Filter>ODBC\Header Files</Filter>
    </ClInclude>
    <ClInclude Include="D:\cpplib\poco_2022\Data\ODBC\include\Poco\Data\ODBC\ODBCException.h">
      <Filter>ODBC\Header Files</Filter>
    </ClInclude>
    <ClInclude Include="D:\cpplib\poco_2022\Data\ODBC\include\Poco\Data\ODBC\ODBCMetaColumn.h">
      <Filter>ODBC\Header Files</Filter>
    </ClInclude>
    <ClInclude Include="D:\cpplib\poco_2022\Data\ODBC\include\Poco\Data\ODBC\ODBCStatementImpl.h">
      <Filter>ODBC\Header Files</Filter>
    </ClInclude>
    <ClInclude Include="D:\cpplib\poco_2022\Data\ODBC\include\Poco\Data\ODBC\Parameter.h">
      <Filter>ODBC\Header Files</Filter>
    </ClInclude>
    <ClInclude Include="D:\cpplib\poco_2022\Data\ODBC\include\Poco\Data\ODBC\Preparator.h">
      <Filter>ODBC\Header Files</Filter>
    </ClInclude>
    <ClInclude Include="D:\cpplib\poco_2022\Data\ODBC\include\Poco\Data\ODBC\SessionImpl.h">
      <Filter>ODBC\Header Files</Filter>
    </ClInclude>
    <ClInclude Include="D:\cpplib\poco_2022\Data\ODBC\include\Poco\Data\ODBC\TypeInfo.h">
      <Filter>ODBC\Header Files</Filter>
    </ClInclude>
    <ClInclude Include="D:\cpplib\poco_2022\Data\ODBC\include\Poco\Data\ODBC\Unicode.h">
      <Filter>ODBC\Header Files</Filter>
    </ClInclude>
    <ClInclude Include="D:\cpplib\poco_2022\Data\ODBC\include\Poco\Data\ODBC\Unicode_UNIXODBC.h">
      <Filter>ODBC\Header Files</Filter>
    </ClInclude>
    <ClInclude Include="D:\cpplib\poco_2022\Data\ODBC\include\Poco\Data\ODBC\Unicode_WIN32.h">
      <Filter>ODBC\Header Files</Filter>
    </ClInclude>
    <ClInclude Include="D:\cpplib\poco_2022\Data\ODBC\include\Poco\Data\ODBC\Utility.h">
      <Filter>ODBC\Header Files</Filter>
    </ClInclude>
  </ItemGroup>
  <ItemGroup>
    <CustomBuild Include="D:\cpplib\poco_2022\Data\ODBC\CMakeLists.txt" />
  </ItemGroup>
  <ItemGroup>
    <ResourceCompile Include="D:\cpplib\poco_2022\DLLVersion.rc">
      <Filter>Resources</Filter>
    </ResourceCompile>
  </ItemGroup>
  <ItemGroup>
    <Filter Include="ODBC">
      <UniqueIdentifier>{4A153C06-35D1-39D9-97AC-3900821148B2}</UniqueIdentifier>
    </Filter>
    <Filter Include="ODBC\Header Files">
      <UniqueIdentifier>{5F36A308-2B13-34A4-96AE-CE25DE64D87A}</UniqueIdentifier>
    </Filter>
    <Filter Include="ODBC\Source Files">
      <UniqueIdentifier>{0D064A8E-B142-3712-9485-1B24F703B5E0}</UniqueIdentifier>
    </Filter>
    <Filter Include="Resources">
      <UniqueIdentifier>{E452DCA2-70E7-3F0C-9AF0-6F0D6B2F4169}</UniqueIdentifier>
    </Filter>
  </ItemGroup>
</Project>
