<?xml version="1.0" encoding="utf-8"?>
<Project ToolsVersion="17.0" xmlns="http://schemas.microsoft.com/developer/msbuild/2003">
  <ItemGroup>
    <ClCompile Include="D:\cpplib\poco_2022\JSON\src\Array.cpp">
      <Filter>JSON\Source Files</Filter>
    </ClCompile>
    <ClCompile Include="D:\cpplib\poco_2022\JSON\src\Handler.cpp">
      <Filter>JSON\Source Files</Filter>
    </ClCompile>
    <ClCompile Include="D:\cpplib\poco_2022\JSON\src\JSONException.cpp">
      <Filter>JSON\Source Files</Filter>
    </ClCompile>
    <ClCompile Include="D:\cpplib\poco_2022\JSON\src\Object.cpp">
      <Filter>JSON\Source Files</Filter>
    </ClCompile>
    <ClCompile Include="D:\cpplib\poco_2022\JSON\src\ParseHandler.cpp">
      <Filter>JSON\Source Files</Filter>
    </ClCompile>
    <ClCompile Include="D:\cpplib\poco_2022\JSON\src\Parser.cpp">
      <Filter>JSON\Source Files</Filter>
    </ClCompile>
    <ClCompile Include="D:\cpplib\poco_2022\JSON\src\ParserImpl.cpp">
      <Filter>JSON\Source Files</Filter>
    </ClCompile>
    <ClCompile Include="D:\cpplib\poco_2022\JSON\src\PrintHandler.cpp">
      <Filter>JSON\Source Files</Filter>
    </ClCompile>
    <ClCompile Include="D:\cpplib\poco_2022\JSON\src\Query.cpp">
      <Filter>JSON\Source Files</Filter>
    </ClCompile>
    <ClCompile Include="D:\cpplib\poco_2022\JSON\src\Stringifier.cpp">
      <Filter>JSON\Source Files</Filter>
    </ClCompile>
    <ClCompile Include="D:\cpplib\poco_2022\JSON\src\Template.cpp">
      <Filter>JSON\Source Files</Filter>
    </ClCompile>
    <ClCompile Include="D:\cpplib\poco_2022\JSON\src\TemplateCache.cpp">
      <Filter>JSON\Source Files</Filter>
    </ClCompile>
    <ClCompile Include="D:\cpplib\poco_2022\JSON\src\pdjson.c">
      <Filter>pdjson\Source Files</Filter>
    </ClCompile>
  </ItemGroup>
  <ItemGroup>
    <ClInclude Include="D:\cpplib\poco_2022\JSON\include\Poco\JSON\Array.h">
      <Filter>JSON\Header Files</Filter>
    </ClInclude>
    <ClInclude Include="D:\cpplib\poco_2022\JSON\include\Poco\JSON\Handler.h">
      <Filter>JSON\Header Files</Filter>
    </ClInclude>
    <ClInclude Include="D:\cpplib\poco_2022\JSON\include\Poco\JSON\JSON.h">
      <Filter>JSON\Header Files</Filter>
    </ClInclude>
    <ClInclude Include="D:\cpplib\poco_2022\JSON\include\Poco\JSON\JSONException.h">
      <Filter>JSON\Header Files</Filter>
    </ClInclude>
    <ClInclude Include="D:\cpplib\poco_2022\JSON\include\Poco\JSON\Object.h">
      <Filter>JSON\Header Files</Filter>
    </ClInclude>
    <ClInclude Include="D:\cpplib\poco_2022\JSON\include\Poco\JSON\ParseHandler.h">
      <Filter>JSON\Header Files</Filter>
    </ClInclude>
    <ClInclude Include="D:\cpplib\poco_2022\JSON\include\Poco\JSON\Parser.h">
      <Filter>JSON\Header Files</Filter>
    </ClInclude>
    <ClInclude Include="D:\cpplib\poco_2022\JSON\include\Poco\JSON\ParserImpl.h">
      <Filter>JSON\Header Files</Filter>
    </ClInclude>
    <ClInclude Include="D:\cpplib\poco_2022\JSON\include\Poco\JSON\PrintHandler.h">
      <Filter>JSON\Header Files</Filter>
    </ClInclude>
    <ClInclude Include="D:\cpplib\poco_2022\JSON\include\Poco\JSON\Query.h">
      <Filter>JSON\Header Files</Filter>
    </ClInclude>
    <ClInclude Include="D:\cpplib\poco_2022\JSON\include\Poco\JSON\Stringifier.h">
      <Filter>JSON\Header Files</Filter>
    </ClInclude>
    <ClInclude Include="D:\cpplib\poco_2022\JSON\include\Poco\JSON\Template.h">
      <Filter>JSON\Header Files</Filter>
    </ClInclude>
    <ClInclude Include="D:\cpplib\poco_2022\JSON\include\Poco\JSON\TemplateCache.h">
      <Filter>JSON\Header Files</Filter>
    </ClInclude>
  </ItemGroup>
  <ItemGroup>
    <CustomBuild Include="D:\cpplib\poco_2022\JSON\CMakeLists.txt" />
  </ItemGroup>
  <ItemGroup>
    <ResourceCompile Include="D:\cpplib\poco_2022\DLLVersion.rc">
      <Filter>Resources</Filter>
    </ResourceCompile>
  </ItemGroup>
  <ItemGroup>
    <Filter Include="JSON">
      <UniqueIdentifier>{95A7B08B-549E-3F3C-A02D-4BFED8DCACF4}</UniqueIdentifier>
    </Filter>
    <Filter Include="JSON\Header Files">
      <UniqueIdentifier>{3D871CCC-BD65-3081-94BF-6A4EDB72B0F0}</UniqueIdentifier>
    </Filter>
    <Filter Include="JSON\Source Files">
      <UniqueIdentifier>{B0601608-1BAC-3439-A466-205F258B27F5}</UniqueIdentifier>
    </Filter>
    <Filter Include="Resources">
      <UniqueIdentifier>{E452DCA2-70E7-3F0C-9AF0-6F0D6B2F4169}</UniqueIdentifier>
    </Filter>
    <Filter Include="pdjson">
      <UniqueIdentifier>{2EA19940-AEEF-3107-B119-A8A5E0D3DFA0}</UniqueIdentifier>
    </Filter>
    <Filter Include="pdjson\Source Files">
      <UniqueIdentifier>{4C86F4BD-A100-31AF-A7DF-867067F490EF}</UniqueIdentifier>
    </Filter>
  </ItemGroup>
</Project>
