<?xml version="1.0" encoding="utf-8"?>
<Project ToolsVersion="17.0" xmlns="http://schemas.microsoft.com/developer/msbuild/2003">
  <ItemGroup>
    <ClCompile Include="D:\cpplib\poco_2022\Data\MySQL\src\Binder.cpp">
      <Filter>MySQL\Source Files</Filter>
    </ClCompile>
    <ClCompile Include="D:\cpplib\poco_2022\Data\MySQL\src\Connector.cpp">
      <Filter>MySQL\Source Files</Filter>
    </ClCompile>
    <ClCompile Include="D:\cpplib\poco_2022\Data\MySQL\src\Extractor.cpp">
      <Filter>MySQL\Source Files</Filter>
    </ClCompile>
    <ClCompile Include="D:\cpplib\poco_2022\Data\MySQL\src\MySQLException.cpp">
      <Filter>MySQL\Source Files</Filter>
    </ClCompile>
    <ClCompile Include="D:\cpplib\poco_2022\Data\MySQL\src\MySQLStatementImpl.cpp">
      <Filter>MySQL\Source Files</Filter>
    </ClCompile>
    <ClCompile Include="D:\cpplib\poco_2022\Data\MySQL\src\ResultMetadata.cpp">
      <Filter>MySQL\Source Files</Filter>
    </ClCompile>
    <ClCompile Include="D:\cpplib\poco_2022\Data\MySQL\src\SessionHandle.cpp">
      <Filter>MySQL\Source Files</Filter>
    </ClCompile>
    <ClCompile Include="D:\cpplib\poco_2022\Data\MySQL\src\SessionImpl.cpp">
      <Filter>MySQL\Source Files</Filter>
    </ClCompile>
    <ClCompile Include="D:\cpplib\poco_2022\Data\MySQL\src\StatementExecutor.cpp">
      <Filter>MySQL\Source Files</Filter>
    </ClCompile>
    <ClCompile Include="D:\cpplib\poco_2022\Data\MySQL\src\Utility.cpp">
      <Filter>MySQL\Source Files</Filter>
    </ClCompile>
  </ItemGroup>
  <ItemGroup>
    <ClInclude Include="D:\cpplib\poco_2022\Data\MySQL\include\Poco\Data\MySQL\Binder.h">
      <Filter>MySQL\Header Files</Filter>
    </ClInclude>
    <ClInclude Include="D:\cpplib\poco_2022\Data\MySQL\include\Poco\Data\MySQL\Connector.h">
      <Filter>MySQL\Header Files</Filter>
    </ClInclude>
    <ClInclude Include="D:\cpplib\poco_2022\Data\MySQL\include\Poco\Data\MySQL\Extractor.h">
      <Filter>MySQL\Header Files</Filter>
    </ClInclude>
    <ClInclude Include="D:\cpplib\poco_2022\Data\MySQL\include\Poco\Data\MySQL\MySQL.h">
      <Filter>MySQL\Header Files</Filter>
    </ClInclude>
    <ClInclude Include="D:\cpplib\poco_2022\Data\MySQL\include\Poco\Data\MySQL\MySQLException.h">
      <Filter>MySQL\Header Files</Filter>
    </ClInclude>
    <ClInclude Include="D:\cpplib\poco_2022\Data\MySQL\include\Poco\Data\MySQL\MySQLStatementImpl.h">
      <Filter>MySQL\Header Files</Filter>
    </ClInclude>
    <ClInclude Include="D:\cpplib\poco_2022\Data\MySQL\include\Poco\Data\MySQL\ResultMetadata.h">
      <Filter>MySQL\Header Files</Filter>
    </ClInclude>
    <ClInclude Include="D:\cpplib\poco_2022\Data\MySQL\include\Poco\Data\MySQL\SessionHandle.h">
      <Filter>MySQL\Header Files</Filter>
    </ClInclude>
    <ClInclude Include="D:\cpplib\poco_2022\Data\MySQL\include\Poco\Data\MySQL\SessionImpl.h">
      <Filter>MySQL\Header Files</Filter>
    </ClInclude>
    <ClInclude Include="D:\cpplib\poco_2022\Data\MySQL\include\Poco\Data\MySQL\StatementExecutor.h">
      <Filter>MySQL\Header Files</Filter>
    </ClInclude>
    <ClInclude Include="D:\cpplib\poco_2022\Data\MySQL\include\Poco\Data\MySQL\Utility.h">
      <Filter>MySQL\Header Files</Filter>
    </ClInclude>
  </ItemGroup>
  <ItemGroup>
    <CustomBuild Include="D:\cpplib\poco_2022\Data\MySQL\CMakeLists.txt" />
  </ItemGroup>
  <ItemGroup>
    <ResourceCompile Include="D:\cpplib\poco_2022\DLLVersion.rc">
      <Filter>Resources</Filter>
    </ResourceCompile>
  </ItemGroup>
  <ItemGroup>
    <Filter Include="MySQL">
      <UniqueIdentifier>{D1EDE1F6-AFC5-33FC-9E77-6C6C21655CCC}</UniqueIdentifier>
    </Filter>
    <Filter Include="MySQL\Header Files">
      <UniqueIdentifier>{8AC8FB19-244F-3D16-9A10-0BD3453EF9FB}</UniqueIdentifier>
    </Filter>
    <Filter Include="MySQL\Source Files">
      <UniqueIdentifier>{509E1A48-C5A1-3C35-B57B-8D58C872026F}</UniqueIdentifier>
    </Filter>
    <Filter Include="Resources">
      <UniqueIdentifier>{E452DCA2-70E7-3F0C-9AF0-6F0D6B2F4169}</UniqueIdentifier>
    </Filter>
  </ItemGroup>
</Project>
