<?xml version="1.0" encoding="utf-8"?>
<Project ToolsVersion="17.0" xmlns="http://schemas.microsoft.com/developer/msbuild/2003">
  <ItemGroup>
    <ClCompile Include="D:\cpplib\poco_2022\Net\src\AbstractHTTPRequestHandler.cpp">
      <Filter>HTTPServer\Source Files</Filter>
    </ClCompile>
    <ClCompile Include="D:\cpplib\poco_2022\Net\src\DNS.cpp">
      <Filter>NetCore\Source Files</Filter>
    </ClCompile>
    <ClCompile Include="D:\cpplib\poco_2022\Net\src\DatagramSocket.cpp">
      <Filter>Sockets\Source Files</Filter>
    </ClCompile>
    <ClCompile Include="D:\cpplib\poco_2022\Net\src\DatagramSocketImpl.cpp">
      <Filter>Sockets\Source Files</Filter>
    </ClCompile>
    <ClCompile Include="D:\cpplib\poco_2022\Net\src\DialogSocket.cpp">
      <Filter>Sockets\Source Files</Filter>
    </ClCompile>
    <ClCompile Include="D:\cpplib\poco_2022\Net\src\EscapeHTMLStream.cpp">
      <Filter>Mail\Source Files</Filter>
    </ClCompile>
    <ClCompile Include="D:\cpplib\poco_2022\Net\src\FTPClientSession.cpp">
      <Filter>FTP\Source Files</Filter>
    </ClCompile>
    <ClCompile Include="D:\cpplib\poco_2022\Net\src\FTPStreamFactory.cpp">
      <Filter>FTP\Source Files</Filter>
    </ClCompile>
    <ClCompile Include="D:\cpplib\poco_2022\Net\src\FilePartSource.cpp">
      <Filter>Messages\Source Files</Filter>
    </ClCompile>
    <ClCompile Include="D:\cpplib\poco_2022\Net\src\HTMLForm.cpp">
      <Filter>HTML\Source Files</Filter>
    </ClCompile>
    <ClCompile Include="D:\cpplib\poco_2022\Net\src\HTTPAuthenticationParams.cpp">
      <Filter>HTTP\Source Files</Filter>
    </ClCompile>
    <ClCompile Include="D:\cpplib\poco_2022\Net\src\HTTPBasicCredentials.cpp">
      <Filter>HTTP\Source Files</Filter>
    </ClCompile>
    <ClCompile Include="D:\cpplib\poco_2022\Net\src\HTTPBufferAllocator.cpp">
      <Filter>HTTP\Source Files</Filter>
    </ClCompile>
    <ClCompile Include="D:\cpplib\poco_2022\Net\src\HTTPChunkedStream.cpp">
      <Filter>HTTP\Source Files</Filter>
    </ClCompile>
    <ClCompile Include="D:\cpplib\poco_2022\Net\src\HTTPClientSession.cpp">
      <Filter>HTTPClient\Source Files</Filter>
    </ClCompile>
    <ClCompile Include="D:\cpplib\poco_2022\Net\src\HTTPCookie.cpp">
      <Filter>HTTP\Source Files</Filter>
    </ClCompile>
    <ClCompile Include="D:\cpplib\poco_2022\Net\src\HTTPCredentials.cpp">
      <Filter>HTTP\Source Files</Filter>
    </ClCompile>
    <ClCompile Include="D:\cpplib\poco_2022\Net\src\HTTPDigestCredentials.cpp">
      <Filter>HTTP\Source Files</Filter>
    </ClCompile>
    <ClCompile Include="D:\cpplib\poco_2022\Net\src\HTTPFixedLengthStream.cpp">
      <Filter>HTTP\Source Files</Filter>
    </ClCompile>
    <ClCompile Include="D:\cpplib\poco_2022\Net\src\HTTPHeaderStream.cpp">
      <Filter>HTTP\Source Files</Filter>
    </ClCompile>
    <ClCompile Include="D:\cpplib\poco_2022\Net\src\HTTPIOStream.cpp">
      <Filter>HTTP\Source Files</Filter>
    </ClCompile>
    <ClCompile Include="D:\cpplib\poco_2022\Net\src\HTTPMessage.cpp">
      <Filter>HTTP\Source Files</Filter>
    </ClCompile>
    <ClCompile Include="D:\cpplib\poco_2022\Net\src\HTTPNTLMCredentials.cpp">
      <Filter>HTTP\Source Files</Filter>
    </ClCompile>
    <ClCompile Include="D:\cpplib\poco_2022\Net\src\HTTPRequest.cpp">
      <Filter>HTTP\Source Files</Filter>
    </ClCompile>
    <ClCompile Include="D:\cpplib\poco_2022\Net\src\HTTPRequestHandler.cpp">
      <Filter>HTTPServer\Source Files</Filter>
    </ClCompile>
    <ClCompile Include="D:\cpplib\poco_2022\Net\src\HTTPRequestHandlerFactory.cpp">
      <Filter>HTTPServer\Source Files</Filter>
    </ClCompile>
    <ClCompile Include="D:\cpplib\poco_2022\Net\src\HTTPResponse.cpp">
      <Filter>HTTP\Source Files</Filter>
    </ClCompile>
    <ClCompile Include="D:\cpplib\poco_2022\Net\src\HTTPServer.cpp">
      <Filter>HTTPServer\Source Files</Filter>
    </ClCompile>
    <ClCompile Include="D:\cpplib\poco_2022\Net\src\HTTPServerConnection.cpp">
      <Filter>HTTPServer\Source Files</Filter>
    </ClCompile>
    <ClCompile Include="D:\cpplib\poco_2022\Net\src\HTTPServerConnectionFactory.cpp">
      <Filter>HTTPServer\Source Files</Filter>
    </ClCompile>
    <ClCompile Include="D:\cpplib\poco_2022\Net\src\HTTPServerParams.cpp">
      <Filter>HTTPServer\Source Files</Filter>
    </ClCompile>
    <ClCompile Include="D:\cpplib\poco_2022\Net\src\HTTPServerRequest.cpp">
      <Filter>HTTPServer\Source Files</Filter>
    </ClCompile>
    <ClCompile Include="D:\cpplib\poco_2022\Net\src\HTTPServerRequestImpl.cpp">
      <Filter>HTTPServer\Source Files</Filter>
    </ClCompile>
    <ClCompile Include="D:\cpplib\poco_2022\Net\src\HTTPServerResponse.cpp">
      <Filter>HTTPServer\Source Files</Filter>
    </ClCompile>
    <ClCompile Include="D:\cpplib\poco_2022\Net\src\HTTPServerResponseImpl.cpp">
      <Filter>HTTPServer\Source Files</Filter>
    </ClCompile>
    <ClCompile Include="D:\cpplib\poco_2022\Net\src\HTTPServerSession.cpp">
      <Filter>HTTPServer\Source Files</Filter>
    </ClCompile>
    <ClCompile Include="D:\cpplib\poco_2022\Net\src\HTTPSession.cpp">
      <Filter>HTTP\Source Files</Filter>
    </ClCompile>
    <ClCompile Include="D:\cpplib\poco_2022\Net\src\HTTPSessionFactory.cpp">
      <Filter>HTTPClient\Source Files</Filter>
    </ClCompile>
    <ClCompile Include="D:\cpplib\poco_2022\Net\src\HTTPSessionInstantiator.cpp">
      <Filter>HTTPClient\Source Files</Filter>
    </ClCompile>
    <ClCompile Include="D:\cpplib\poco_2022\Net\src\HTTPStream.cpp">
      <Filter>HTTP\Source Files</Filter>
    </ClCompile>
    <ClCompile Include="D:\cpplib\poco_2022\Net\src\HTTPStreamFactory.cpp">
      <Filter>HTTP\Source Files</Filter>
    </ClCompile>
    <ClCompile Include="D:\cpplib\poco_2022\Net\src\HostEntry.cpp">
      <Filter>NetCore\Source Files</Filter>
    </ClCompile>
    <ClCompile Include="D:\cpplib\poco_2022\Net\src\ICMPClient.cpp">
      <Filter>ICMP\Source Files</Filter>
    </ClCompile>
    <ClCompile Include="D:\cpplib\poco_2022\Net\src\ICMPEventArgs.cpp">
      <Filter>ICMP\Source Files</Filter>
    </ClCompile>
    <ClCompile Include="D:\cpplib\poco_2022\Net\src\ICMPPacket.cpp">
      <Filter>ICMP\Source Files</Filter>
    </ClCompile>
    <ClCompile Include="D:\cpplib\poco_2022\Net\src\ICMPPacketImpl.cpp">
      <Filter>ICMP\Source Files</Filter>
    </ClCompile>
    <ClCompile Include="D:\cpplib\poco_2022\Net\src\ICMPSocket.cpp">
      <Filter>ICMP\Source Files</Filter>
    </ClCompile>
    <ClCompile Include="D:\cpplib\poco_2022\Net\src\ICMPSocketImpl.cpp">
      <Filter>ICMP\Source Files</Filter>
    </ClCompile>
    <ClCompile Include="D:\cpplib\poco_2022\Net\src\ICMPv4PacketImpl.cpp">
      <Filter>ICMP\Source Files</Filter>
    </ClCompile>
    <ClCompile Include="D:\cpplib\poco_2022\Net\src\IPAddress.cpp">
      <Filter>NetCore\Source Files</Filter>
    </ClCompile>
    <ClCompile Include="D:\cpplib\poco_2022\Net\src\IPAddressImpl.cpp">
      <Filter>NetCore\Source Files</Filter>
    </ClCompile>
    <ClCompile Include="D:\cpplib\poco_2022\Net\src\MailMessage.cpp">
      <Filter>Mail\Source Files</Filter>
    </ClCompile>
    <ClCompile Include="D:\cpplib\poco_2022\Net\src\MailRecipient.cpp">
      <Filter>Mail\Source Files</Filter>
    </ClCompile>
    <ClCompile Include="D:\cpplib\poco_2022\Net\src\MailStream.cpp">
      <Filter>Mail\Source Files</Filter>
    </ClCompile>
    <ClCompile Include="D:\cpplib\poco_2022\Net\src\MediaType.cpp">
      <Filter>Messages\Source Files</Filter>
    </ClCompile>
    <ClCompile Include="D:\cpplib\poco_2022\Net\src\MessageHeader.cpp">
      <Filter>Messages\Source Files</Filter>
    </ClCompile>
    <ClCompile Include="D:\cpplib\poco_2022\Net\src\MulticastSocket.cpp">
      <Filter>Sockets\Source Files</Filter>
    </ClCompile>
    <ClCompile Include="D:\cpplib\poco_2022\Net\src\MultipartReader.cpp">
      <Filter>Messages\Source Files</Filter>
    </ClCompile>
    <ClCompile Include="D:\cpplib\poco_2022\Net\src\MultipartWriter.cpp">
      <Filter>Messages\Source Files</Filter>
    </ClCompile>
    <ClCompile Include="D:\cpplib\poco_2022\Net\src\NTLMCredentials.cpp">
      <Filter>NTLM\Source Files</Filter>
    </ClCompile>
    <ClCompile Include="D:\cpplib\poco_2022\Net\src\NTPClient.cpp">
      <Filter>NTP\Source Files</Filter>
    </ClCompile>
    <ClCompile Include="D:\cpplib\poco_2022\Net\src\NTPEventArgs.cpp">
      <Filter>NTP\Source Files</Filter>
    </ClCompile>
    <ClCompile Include="D:\cpplib\poco_2022\Net\src\NTPPacket.cpp">
      <Filter>NTP\Source Files</Filter>
    </ClCompile>
    <ClCompile Include="D:\cpplib\poco_2022\Net\src\NameValueCollection.cpp">
      <Filter>Messages\Source Files</Filter>
    </ClCompile>
    <ClCompile Include="D:\cpplib\poco_2022\Net\src\Net.cpp">
      <Filter>NetCore\Source Files</Filter>
    </ClCompile>
    <ClCompile Include="D:\cpplib\poco_2022\Net\src\NetException.cpp">
      <Filter>NetCore\Source Files</Filter>
    </ClCompile>
    <ClCompile Include="D:\cpplib\poco_2022\Net\src\NetworkInterface.cpp">
      <Filter>NetCore\Source Files</Filter>
    </ClCompile>
    <ClCompile Include="D:\cpplib\poco_2022\Net\src\NullPartHandler.cpp">
      <Filter>Messages\Source Files</Filter>
    </ClCompile>
    <ClCompile Include="D:\cpplib\poco_2022\Net\src\OAuth10Credentials.cpp">
      <Filter>OAuth\Source Files</Filter>
    </ClCompile>
    <ClCompile Include="D:\cpplib\poco_2022\Net\src\OAuth20Credentials.cpp">
      <Filter>OAuth\Source Files</Filter>
    </ClCompile>
    <ClCompile Include="D:\cpplib\poco_2022\Net\src\POP3ClientSession.cpp">
      <Filter>Mail\Source Files</Filter>
    </ClCompile>
    <ClCompile Include="D:\cpplib\poco_2022\Net\src\PartHandler.cpp">
      <Filter>Messages\Source Files</Filter>
    </ClCompile>
    <ClCompile Include="D:\cpplib\poco_2022\Net\src\PartSource.cpp">
      <Filter>Messages\Source Files</Filter>
    </ClCompile>
    <ClCompile Include="D:\cpplib\poco_2022\Net\src\PartStore.cpp">
      <Filter>Messages\Source Files</Filter>
    </ClCompile>
    <ClCompile Include="D:\cpplib\poco_2022\Net\src\PollSet.cpp">
      <Filter>Sockets\Source Files</Filter>
    </ClCompile>
    <ClCompile Include="D:\cpplib\poco_2022\Net\src\QuotedPrintableDecoder.cpp">
      <Filter>Messages\Source Files</Filter>
    </ClCompile>
    <ClCompile Include="D:\cpplib\poco_2022\Net\src\QuotedPrintableEncoder.cpp">
      <Filter>Messages\Source Files</Filter>
    </ClCompile>
    <ClCompile Include="D:\cpplib\poco_2022\Net\src\RawSocket.cpp">
      <Filter>Sockets\Source Files</Filter>
    </ClCompile>
    <ClCompile Include="D:\cpplib\poco_2022\Net\src\RawSocketImpl.cpp">
      <Filter>Sockets\Source Files</Filter>
    </ClCompile>
    <ClCompile Include="D:\cpplib\poco_2022\Net\src\RemoteSyslogChannel.cpp">
      <Filter>Logging\Source Files</Filter>
    </ClCompile>
    <ClCompile Include="D:\cpplib\poco_2022\Net\src\RemoteSyslogListener.cpp">
      <Filter>Logging\Source Files</Filter>
    </ClCompile>
    <ClCompile Include="D:\cpplib\poco_2022\Net\src\SMTPChannel.cpp">
      <Filter>Logging\Source Files</Filter>
    </ClCompile>
    <ClCompile Include="D:\cpplib\poco_2022\Net\src\SMTPClientSession.cpp">
      <Filter>Mail\Source Files</Filter>
    </ClCompile>
    <ClCompile Include="D:\cpplib\poco_2022\Net\src\SSPINTLMCredentials.cpp">
      <Filter>NTLM\Source Files</Filter>
    </ClCompile>
    <ClCompile Include="D:\cpplib\poco_2022\Net\src\ServerSocket.cpp">
      <Filter>Sockets\Source Files</Filter>
    </ClCompile>
    <ClCompile Include="D:\cpplib\poco_2022\Net\src\ServerSocketImpl.cpp">
      <Filter>Sockets\Source Files</Filter>
    </ClCompile>
    <ClCompile Include="D:\cpplib\poco_2022\Net\src\Socket.cpp">
      <Filter>Sockets\Source Files</Filter>
    </ClCompile>
    <ClCompile Include="D:\cpplib\poco_2022\Net\src\SocketAddress.cpp">
      <Filter>NetCore\Source Files</Filter>
    </ClCompile>
    <ClCompile Include="D:\cpplib\poco_2022\Net\src\SocketAddressImpl.cpp">
      <Filter>NetCore\Source Files</Filter>
    </ClCompile>
    <ClCompile Include="D:\cpplib\poco_2022\Net\src\SocketImpl.cpp">
      <Filter>Sockets\Source Files</Filter>
    </ClCompile>
    <ClCompile Include="D:\cpplib\poco_2022\Net\src\SocketNotification.cpp">
      <Filter>Reactor\Source Files</Filter>
    </ClCompile>
    <ClCompile Include="D:\cpplib\poco_2022\Net\src\SocketNotifier.cpp">
      <Filter>Reactor\Source Files</Filter>
    </ClCompile>
    <ClCompile Include="D:\cpplib\poco_2022\Net\src\SocketProactor.cpp">
      <Filter>Sockets\Source Files</Filter>
    </ClCompile>
    <ClCompile Include="D:\cpplib\poco_2022\Net\src\SocketReactor.cpp">
      <Filter>Reactor\Source Files</Filter>
    </ClCompile>
    <ClCompile Include="D:\cpplib\poco_2022\Net\src\SocketStream.cpp">
      <Filter>Sockets\Source Files</Filter>
    </ClCompile>
    <ClCompile Include="D:\cpplib\poco_2022\Net\src\StreamSocket.cpp">
      <Filter>Sockets\Source Files</Filter>
    </ClCompile>
    <ClCompile Include="D:\cpplib\poco_2022\Net\src\StreamSocketImpl.cpp">
      <Filter>Sockets\Source Files</Filter>
    </ClCompile>
    <ClCompile Include="D:\cpplib\poco_2022\Net\src\StringPartSource.cpp">
      <Filter>Messages\Source Files</Filter>
    </ClCompile>
    <ClCompile Include="D:\cpplib\poco_2022\Net\src\TCPServer.cpp">
      <Filter>TCPServer\Source Files</Filter>
    </ClCompile>
    <ClCompile Include="D:\cpplib\poco_2022\Net\src\TCPServerConnection.cpp">
      <Filter>TCPServer\Source Files</Filter>
    </ClCompile>
    <ClCompile Include="D:\cpplib\poco_2022\Net\src\TCPServerConnectionFactory.cpp">
      <Filter>TCPServer\Source Files</Filter>
    </ClCompile>
    <ClCompile Include="D:\cpplib\poco_2022\Net\src\TCPServerDispatcher.cpp">
      <Filter>TCPServer\Source Files</Filter>
    </ClCompile>
    <ClCompile Include="D:\cpplib\poco_2022\Net\src\TCPServerParams.cpp">
      <Filter>TCPServer\Source Files</Filter>
    </ClCompile>
    <ClCompile Include="D:\cpplib\poco_2022\Net\src\UDPClient.cpp">
      <Filter>UDP\Source Files</Filter>
    </ClCompile>
    <ClCompile Include="D:\cpplib\poco_2022\Net\src\UDPServerParams.cpp">
      <Filter>UDP\Source Files</Filter>
    </ClCompile>
    <ClCompile Include="D:\cpplib\poco_2022\Net\src\WebSocket.cpp">
      <Filter>WebSocket\Source Files</Filter>
    </ClCompile>
    <ClCompile Include="D:\cpplib\poco_2022\Net\src\WebSocketImpl.cpp">
      <Filter>WebSocket\Source Files</Filter>
    </ClCompile>
    <ClCompile Include="D:\cpplib\poco_2022\Net\src\wepoll.c">
      <Filter>Unknown\Source Files</Filter>
    </ClCompile>
  </ItemGroup>
  <ItemGroup>
    <ClInclude Include="D:\cpplib\poco_2022\Net\include\Poco\Net\AbstractHTTPRequestHandler.h">
      <Filter>HTTPServer\Header Files</Filter>
    </ClInclude>
    <ClInclude Include="D:\cpplib\poco_2022\Net\include\Poco\Net\DNS.h">
      <Filter>NetCore\Header Files</Filter>
    </ClInclude>
    <ClInclude Include="D:\cpplib\poco_2022\Net\include\Poco\Net\DatagramSocket.h">
      <Filter>Sockets\Header Files</Filter>
    </ClInclude>
    <ClInclude Include="D:\cpplib\poco_2022\Net\include\Poco\Net\DatagramSocketImpl.h">
      <Filter>Sockets\Header Files</Filter>
    </ClInclude>
    <ClInclude Include="D:\cpplib\poco_2022\Net\include\Poco\Net\DialogSocket.h">
      <Filter>Sockets\Header Files</Filter>
    </ClInclude>
    <ClInclude Include="D:\cpplib\poco_2022\Net\include\Poco\Net\EscapeHTMLStream.h">
      <Filter>HTTP\Header Files</Filter>
    </ClInclude>
    <ClInclude Include="D:\cpplib\poco_2022\Net\include\Poco\Net\FTPClientSession.h">
      <Filter>FTP\Header Files</Filter>
    </ClInclude>
    <ClInclude Include="D:\cpplib\poco_2022\Net\include\Poco\Net\FTPStreamFactory.h">
      <Filter>FTP\Header Files</Filter>
    </ClInclude>
    <ClInclude Include="D:\cpplib\poco_2022\Net\include\Poco\Net\FilePartSource.h">
      <Filter>Messages\Header Files</Filter>
    </ClInclude>
    <ClInclude Include="D:\cpplib\poco_2022\Net\include\Poco\Net\HTMLForm.h">
      <Filter>HTML\Header Files</Filter>
    </ClInclude>
    <ClInclude Include="D:\cpplib\poco_2022\Net\include\Poco\Net\HTTPAuthenticationParams.h">
      <Filter>HTTP\Header Files</Filter>
    </ClInclude>
    <ClInclude Include="D:\cpplib\poco_2022\Net\include\Poco\Net\HTTPBasicCredentials.h">
      <Filter>HTTP\Header Files</Filter>
    </ClInclude>
    <ClInclude Include="D:\cpplib\poco_2022\Net\include\Poco\Net\HTTPBasicStreamBuf.h">
      <Filter>HTTP\Header Files</Filter>
    </ClInclude>
    <ClInclude Include="D:\cpplib\poco_2022\Net\include\Poco\Net\HTTPBufferAllocator.h">
      <Filter>HTTP\Header Files</Filter>
    </ClInclude>
    <ClInclude Include="D:\cpplib\poco_2022\Net\include\Poco\Net\HTTPChunkedStream.h">
      <Filter>HTTP\Header Files</Filter>
    </ClInclude>
    <ClInclude Include="D:\cpplib\poco_2022\Net\include\Poco\Net\HTTPClientSession.h">
      <Filter>HTTPClient\Header Files</Filter>
    </ClInclude>
    <ClInclude Include="D:\cpplib\poco_2022\Net\include\Poco\Net\HTTPCookie.h">
      <Filter>HTTP\Header Files</Filter>
    </ClInclude>
    <ClInclude Include="D:\cpplib\poco_2022\Net\include\Poco\Net\HTTPCredentials.h">
      <Filter>HTTP\Header Files</Filter>
    </ClInclude>
    <ClInclude Include="D:\cpplib\poco_2022\Net\include\Poco\Net\HTTPDigestCredentials.h">
      <Filter>HTTP\Header Files</Filter>
    </ClInclude>
    <ClInclude Include="D:\cpplib\poco_2022\Net\include\Poco\Net\HTTPFixedLengthStream.h">
      <Filter>HTTP\Header Files</Filter>
    </ClInclude>
    <ClInclude Include="D:\cpplib\poco_2022\Net\include\Poco\Net\HTTPHeaderStream.h">
      <Filter>HTTP\Header Files</Filter>
    </ClInclude>
    <ClInclude Include="D:\cpplib\poco_2022\Net\include\Poco\Net\HTTPIOStream.h">
      <Filter>HTTP\Header Files</Filter>
    </ClInclude>
    <ClInclude Include="D:\cpplib\poco_2022\Net\include\Poco\Net\HTTPMessage.h">
      <Filter>HTTP\Header Files</Filter>
    </ClInclude>
    <ClInclude Include="D:\cpplib\poco_2022\Net\include\Poco\Net\HTTPNTLMCredentials.h">
      <Filter>HTTP\Header Files</Filter>
    </ClInclude>
    <ClInclude Include="D:\cpplib\poco_2022\Net\include\Poco\Net\HTTPRequest.h">
      <Filter>HTTP\Header Files</Filter>
    </ClInclude>
    <ClInclude Include="D:\cpplib\poco_2022\Net\include\Poco\Net\HTTPRequestHandler.h">
      <Filter>HTTPServer\Header Files</Filter>
    </ClInclude>
    <ClInclude Include="D:\cpplib\poco_2022\Net\include\Poco\Net\HTTPRequestHandlerFactory.h">
      <Filter>HTTPServer\Header Files</Filter>
    </ClInclude>
    <ClInclude Include="D:\cpplib\poco_2022\Net\include\Poco\Net\HTTPResponse.h">
      <Filter>HTTP\Header Files</Filter>
    </ClInclude>
    <ClInclude Include="D:\cpplib\poco_2022\Net\include\Poco\Net\HTTPServer.h">
      <Filter>HTTPServer\Header Files</Filter>
    </ClInclude>
    <ClInclude Include="D:\cpplib\poco_2022\Net\include\Poco\Net\HTTPServerConnection.h">
      <Filter>HTTPServer\Header Files</Filter>
    </ClInclude>
    <ClInclude Include="D:\cpplib\poco_2022\Net\include\Poco\Net\HTTPServerConnectionFactory.h">
      <Filter>HTTPServer\Header Files</Filter>
    </ClInclude>
    <ClInclude Include="D:\cpplib\poco_2022\Net\include\Poco\Net\HTTPServerParams.h">
      <Filter>HTTPServer\Header Files</Filter>
    </ClInclude>
    <ClInclude Include="D:\cpplib\poco_2022\Net\include\Poco\Net\HTTPServerRequest.h">
      <Filter>HTTPServer\Header Files</Filter>
    </ClInclude>
    <ClInclude Include="D:\cpplib\poco_2022\Net\include\Poco\Net\HTTPServerRequestImpl.h">
      <Filter>HTTPServer\Header Files</Filter>
    </ClInclude>
    <ClInclude Include="D:\cpplib\poco_2022\Net\include\Poco\Net\HTTPServerResponse.h">
      <Filter>HTTPServer\Header Files</Filter>
    </ClInclude>
    <ClInclude Include="D:\cpplib\poco_2022\Net\include\Poco\Net\HTTPServerResponseImpl.h">
      <Filter>HTTPServer\Header Files</Filter>
    </ClInclude>
    <ClInclude Include="D:\cpplib\poco_2022\Net\include\Poco\Net\HTTPServerSession.h">
      <Filter>HTTPServer\Header Files</Filter>
    </ClInclude>
    <ClInclude Include="D:\cpplib\poco_2022\Net\include\Poco\Net\HTTPSession.h">
      <Filter>HTTP\Header Files</Filter>
    </ClInclude>
    <ClInclude Include="D:\cpplib\poco_2022\Net\include\Poco\Net\HTTPSessionFactory.h">
      <Filter>HTTPClient\Header Files</Filter>
    </ClInclude>
    <ClInclude Include="D:\cpplib\poco_2022\Net\include\Poco\Net\HTTPSessionInstantiator.h">
      <Filter>HTTPClient\Header Files</Filter>
    </ClInclude>
    <ClInclude Include="D:\cpplib\poco_2022\Net\include\Poco\Net\HTTPStream.h">
      <Filter>HTTP\Header Files</Filter>
    </ClInclude>
    <ClInclude Include="D:\cpplib\poco_2022\Net\include\Poco\Net\HTTPStreamFactory.h">
      <Filter>HTTP\Header Files</Filter>
    </ClInclude>
    <ClInclude Include="D:\cpplib\poco_2022\Net\include\Poco\Net\HostEntry.h">
      <Filter>NetCore\Header Files</Filter>
    </ClInclude>
    <ClInclude Include="D:\cpplib\poco_2022\Net\include\Poco\Net\ICMPClient.h">
      <Filter>ICMP\Header Files</Filter>
    </ClInclude>
    <ClInclude Include="D:\cpplib\poco_2022\Net\include\Poco\Net\ICMPEventArgs.h">
      <Filter>ICMP\Header Files</Filter>
    </ClInclude>
    <ClInclude Include="D:\cpplib\poco_2022\Net\include\Poco\Net\ICMPPacket.h">
      <Filter>ICMP\Header Files</Filter>
    </ClInclude>
    <ClInclude Include="D:\cpplib\poco_2022\Net\include\Poco\Net\ICMPPacketImpl.h">
      <Filter>ICMP\Header Files</Filter>
    </ClInclude>
    <ClInclude Include="D:\cpplib\poco_2022\Net\include\Poco\Net\ICMPSocket.h">
      <Filter>ICMP\Header Files</Filter>
    </ClInclude>
    <ClInclude Include="D:\cpplib\poco_2022\Net\include\Poco\Net\ICMPSocketImpl.h">
      <Filter>ICMP\Header Files</Filter>
    </ClInclude>
    <ClInclude Include="D:\cpplib\poco_2022\Net\include\Poco\Net\ICMPv4PacketImpl.h">
      <Filter>ICMP\Header Files</Filter>
    </ClInclude>
    <ClInclude Include="D:\cpplib\poco_2022\Net\include\Poco\Net\IPAddress.h">
      <Filter>NetCore\Header Files</Filter>
    </ClInclude>
    <ClInclude Include="D:\cpplib\poco_2022\Net\include\Poco\Net\IPAddressImpl.h">
      <Filter>NetCore\Header Files</Filter>
    </ClInclude>
    <ClInclude Include="D:\cpplib\poco_2022\Net\include\Poco\Net\MailMessage.h">
      <Filter>Mail\Header Files</Filter>
    </ClInclude>
    <ClInclude Include="D:\cpplib\poco_2022\Net\include\Poco\Net\MailRecipient.h">
      <Filter>Mail\Header Files</Filter>
    </ClInclude>
    <ClInclude Include="D:\cpplib\poco_2022\Net\include\Poco\Net\MailStream.h">
      <Filter>Mail\Header Files</Filter>
    </ClInclude>
    <ClInclude Include="D:\cpplib\poco_2022\Net\include\Poco\Net\MediaType.h">
      <Filter>Messages\Header Files</Filter>
    </ClInclude>
    <ClInclude Include="D:\cpplib\poco_2022\Net\include\Poco\Net\MessageHeader.h">
      <Filter>Messages\Header Files</Filter>
    </ClInclude>
    <ClInclude Include="D:\cpplib\poco_2022\Net\include\Poco\Net\MultiSocketPoller.h">
      <Filter>UDP\Header Files</Filter>
    </ClInclude>
    <ClInclude Include="D:\cpplib\poco_2022\Net\include\Poco\Net\MulticastSocket.h">
      <Filter>Sockets\Header Files</Filter>
    </ClInclude>
    <ClInclude Include="D:\cpplib\poco_2022\Net\include\Poco\Net\MultipartReader.h">
      <Filter>Messages\Header Files</Filter>
    </ClInclude>
    <ClInclude Include="D:\cpplib\poco_2022\Net\include\Poco\Net\MultipartWriter.h">
      <Filter>Messages\Header Files</Filter>
    </ClInclude>
    <ClInclude Include="D:\cpplib\poco_2022\Net\include\Poco\Net\NTLMCredentials.h">
      <Filter>NTLM\Header Files</Filter>
    </ClInclude>
    <ClInclude Include="D:\cpplib\poco_2022\Net\include\Poco\Net\NTPClient.h">
      <Filter>NTP\Header Files</Filter>
    </ClInclude>
    <ClInclude Include="D:\cpplib\poco_2022\Net\include\Poco\Net\NTPEventArgs.h">
      <Filter>NTP\Header Files</Filter>
    </ClInclude>
    <ClInclude Include="D:\cpplib\poco_2022\Net\include\Poco\Net\NTPPacket.h">
      <Filter>NTP\Header Files</Filter>
    </ClInclude>
    <ClInclude Include="D:\cpplib\poco_2022\Net\include\Poco\Net\NameValueCollection.h">
      <Filter>Messages\Header Files</Filter>
    </ClInclude>
    <ClInclude Include="D:\cpplib\poco_2022\Net\include\Poco\Net\Net.h">
      <Filter>NetCore\Header Files</Filter>
    </ClInclude>
    <ClInclude Include="D:\cpplib\poco_2022\Net\include\Poco\Net\NetException.h">
      <Filter>NetCore\Header Files</Filter>
    </ClInclude>
    <ClInclude Include="D:\cpplib\poco_2022\Net\include\Poco\Net\NetworkInterface.h">
      <Filter>Sockets\Header Files</Filter>
    </ClInclude>
    <ClInclude Include="D:\cpplib\poco_2022\Net\include\Poco\Net\NullPartHandler.h">
      <Filter>Messages\Header Files</Filter>
    </ClInclude>
    <ClInclude Include="D:\cpplib\poco_2022\Net\include\Poco\Net\OAuth10Credentials.h">
      <Filter>OAuth\Header Files</Filter>
    </ClInclude>
    <ClInclude Include="D:\cpplib\poco_2022\Net\include\Poco\Net\OAuth20Credentials.h">
      <Filter>OAuth\Header Files</Filter>
    </ClInclude>
    <ClInclude Include="D:\cpplib\poco_2022\Net\include\Poco\Net\POP3ClientSession.h">
      <Filter>Mail\Header Files</Filter>
    </ClInclude>
    <ClInclude Include="D:\cpplib\poco_2022\Net\include\Poco\Net\ParallelSocketAcceptor.h">
      <Filter>Reactor\Header Files</Filter>
    </ClInclude>
    <ClInclude Include="D:\cpplib\poco_2022\Net\include\Poco\Net\ParallelSocketReactor.h">
      <Filter>Reactor\Header Files</Filter>
    </ClInclude>
    <ClInclude Include="D:\cpplib\poco_2022\Net\include\Poco\Net\PartHandler.h">
      <Filter>Messages\Header Files</Filter>
    </ClInclude>
    <ClInclude Include="D:\cpplib\poco_2022\Net\include\Poco\Net\PartSource.h">
      <Filter>Messages\Header Files</Filter>
    </ClInclude>
    <ClInclude Include="D:\cpplib\poco_2022\Net\include\Poco\Net\PartStore.h">
      <Filter>Messages\Header Files</Filter>
    </ClInclude>
    <ClInclude Include="D:\cpplib\poco_2022\Net\include\Poco\Net\PollSet.h">
      <Filter>Sockets\Header Files</Filter>
    </ClInclude>
    <ClInclude Include="D:\cpplib\poco_2022\Net\include\Poco\Net\QuotedPrintableDecoder.h">
      <Filter>Messages\Header Files</Filter>
    </ClInclude>
    <ClInclude Include="D:\cpplib\poco_2022\Net\include\Poco\Net\QuotedPrintableEncoder.h">
      <Filter>Messages\Header Files</Filter>
    </ClInclude>
    <ClInclude Include="D:\cpplib\poco_2022\Net\include\Poco\Net\RawSocket.h">
      <Filter>Sockets\Header Files</Filter>
    </ClInclude>
    <ClInclude Include="D:\cpplib\poco_2022\Net\include\Poco\Net\RawSocketImpl.h">
      <Filter>Sockets\Header Files</Filter>
    </ClInclude>
    <ClInclude Include="D:\cpplib\poco_2022\Net\include\Poco\Net\RemoteSyslogChannel.h">
      <Filter>Logging\Header Files</Filter>
    </ClInclude>
    <ClInclude Include="D:\cpplib\poco_2022\Net\include\Poco\Net\RemoteSyslogListener.h">
      <Filter>Logging\Header Files</Filter>
    </ClInclude>
    <ClInclude Include="D:\cpplib\poco_2022\Net\include\Poco\Net\SMTPChannel.h">
      <Filter>Logging\Header Files</Filter>
    </ClInclude>
    <ClInclude Include="D:\cpplib\poco_2022\Net\include\Poco\Net\SMTPClientSession.h">
      <Filter>Mail\Header Files</Filter>
    </ClInclude>
    <ClInclude Include="D:\cpplib\poco_2022\Net\include\Poco\Net\SSPINTLMCredentials.h">
      <Filter>NTLM\Header Files</Filter>
    </ClInclude>
    <ClInclude Include="D:\cpplib\poco_2022\Net\include\Poco\Net\ServerSocket.h">
      <Filter>Sockets\Header Files</Filter>
    </ClInclude>
    <ClInclude Include="D:\cpplib\poco_2022\Net\include\Poco\Net\ServerSocketImpl.h">
      <Filter>Sockets\Header Files</Filter>
    </ClInclude>
    <ClInclude Include="D:\cpplib\poco_2022\Net\include\Poco\Net\SingleSocketPoller.h">
      <Filter>UDP\Header Files</Filter>
    </ClInclude>
    <ClInclude Include="D:\cpplib\poco_2022\Net\include\Poco\Net\Socket.h">
      <Filter>Sockets\Header Files</Filter>
    </ClInclude>
    <ClInclude Include="D:\cpplib\poco_2022\Net\include\Poco\Net\SocketAcceptor.h">
      <Filter>Reactor\Header Files</Filter>
    </ClInclude>
    <ClInclude Include="D:\cpplib\poco_2022\Net\include\Poco\Net\SocketAddress.h">
      <Filter>NetCore\Header Files</Filter>
    </ClInclude>
    <ClInclude Include="D:\cpplib\poco_2022\Net\include\Poco\Net\SocketAddressImpl.h">
      <Filter>NetCore\Header Files</Filter>
    </ClInclude>
    <ClInclude Include="D:\cpplib\poco_2022\Net\include\Poco\Net\SocketConnector.h">
      <Filter>Reactor\Header Files</Filter>
    </ClInclude>
    <ClInclude Include="D:\cpplib\poco_2022\Net\include\Poco\Net\SocketDefs.h">
      <Filter>NetCore\Header Files</Filter>
    </ClInclude>
    <ClInclude Include="D:\cpplib\poco_2022\Net\include\Poco\Net\SocketImpl.h">
      <Filter>Sockets\Header Files</Filter>
    </ClInclude>
    <ClInclude Include="D:\cpplib\poco_2022\Net\include\Poco\Net\SocketNotification.h">
      <Filter>Reactor\Header Files</Filter>
    </ClInclude>
    <ClInclude Include="D:\cpplib\poco_2022\Net\include\Poco\Net\SocketNotifier.h">
      <Filter>Reactor\Header Files</Filter>
    </ClInclude>
    <ClInclude Include="D:\cpplib\poco_2022\Net\include\Poco\Net\SocketProactor.h">
      <Filter>Sockets\Header Files</Filter>
    </ClInclude>
    <ClInclude Include="D:\cpplib\poco_2022\Net\include\Poco\Net\SocketReactor.h">
      <Filter>Reactor\Header Files</Filter>
    </ClInclude>
    <ClInclude Include="D:\cpplib\poco_2022\Net\include\Poco\Net\SocketStream.h">
      <Filter>Sockets\Header Files</Filter>
    </ClInclude>
    <ClInclude Include="D:\cpplib\poco_2022\Net\include\Poco\Net\StreamSocket.h">
      <Filter>Sockets\Header Files</Filter>
    </ClInclude>
    <ClInclude Include="D:\cpplib\poco_2022\Net\include\Poco\Net\StreamSocketImpl.h">
      <Filter>Sockets\Header Files</Filter>
    </ClInclude>
    <ClInclude Include="D:\cpplib\poco_2022\Net\include\Poco\Net\StringPartSource.h">
      <Filter>Messages\Header Files</Filter>
    </ClInclude>
    <ClInclude Include="D:\cpplib\poco_2022\Net\include\Poco\Net\TCPServer.h">
      <Filter>TCPServer\Header Files</Filter>
    </ClInclude>
    <ClInclude Include="D:\cpplib\poco_2022\Net\include\Poco\Net\TCPServerConnection.h">
      <Filter>TCPServer\Header Files</Filter>
    </ClInclude>
    <ClInclude Include="D:\cpplib\poco_2022\Net\include\Poco\Net\TCPServerConnectionFactory.h">
      <Filter>TCPServer\Header Files</Filter>
    </ClInclude>
    <ClInclude Include="D:\cpplib\poco_2022\Net\include\Poco\Net\TCPServerDispatcher.h">
      <Filter>TCPServer\Header Files</Filter>
    </ClInclude>
    <ClInclude Include="D:\cpplib\poco_2022\Net\include\Poco\Net\TCPServerParams.h">
      <Filter>TCPServer\Header Files</Filter>
    </ClInclude>
    <ClInclude Include="D:\cpplib\poco_2022\Net\include\Poco\Net\UDPClient.h">
      <Filter>UDP\Header Files</Filter>
    </ClInclude>
    <ClInclude Include="D:\cpplib\poco_2022\Net\include\Poco\Net\UDPHandler.h">
      <Filter>UDP\Header Files</Filter>
    </ClInclude>
    <ClInclude Include="D:\cpplib\poco_2022\Net\include\Poco\Net\UDPServer.h">
      <Filter>UDP\Header Files</Filter>
    </ClInclude>
    <ClInclude Include="D:\cpplib\poco_2022\Net\include\Poco\Net\UDPServerParams.h">
      <Filter>UDP\Header Files</Filter>
    </ClInclude>
    <ClInclude Include="D:\cpplib\poco_2022\Net\include\Poco\Net\UDPSocketReader.h">
      <Filter>UDP\Header Files</Filter>
    </ClInclude>
    <ClInclude Include="D:\cpplib\poco_2022\Net\include\Poco\Net\WebSocket.h">
      <Filter>WebSocket\Header Files</Filter>
    </ClInclude>
    <ClInclude Include="D:\cpplib\poco_2022\Net\include\Poco\Net\WebSocketImpl.h">
      <Filter>WebSocket\Header Files</Filter>
    </ClInclude>
    <ClInclude Include="D:\cpplib\poco_2022\Net\src\wepoll.h">
      <Filter>Unknown\Header Files</Filter>
    </ClInclude>
  </ItemGroup>
  <ItemGroup>
    <CustomBuild Include="D:\cpplib\poco_2022\Net\CMakeLists.txt" />
  </ItemGroup>
  <ItemGroup>
    <ResourceCompile Include="D:\cpplib\poco_2022\DLLVersion.rc">
      <Filter>Resources</Filter>
    </ResourceCompile>
  </ItemGroup>
  <ItemGroup>
    <Filter Include="FTP">
      <UniqueIdentifier>{5E772C8B-447E-3A39-A54B-37C29688CB79}</UniqueIdentifier>
    </Filter>
    <Filter Include="FTP\Header Files">
      <UniqueIdentifier>{65CDC76F-F31C-3B3B-B417-22C00CBA4D2C}</UniqueIdentifier>
    </Filter>
    <Filter Include="FTP\Source Files">
      <UniqueIdentifier>{B947C129-D4E7-3383-839B-FCE1C3D6C12D}</UniqueIdentifier>
    </Filter>
    <Filter Include="HTML">
      <UniqueIdentifier>{0EA07E2D-4EC9-373E-BB0C-637406AA9910}</UniqueIdentifier>
    </Filter>
    <Filter Include="HTML\Header Files">
      <UniqueIdentifier>{C533D664-5553-3552-B78B-262D0770C37E}</UniqueIdentifier>
    </Filter>
    <Filter Include="HTML\Source Files">
      <UniqueIdentifier>{0AB911E0-A67C-32C5-A375-35F699D18A1D}</UniqueIdentifier>
    </Filter>
    <Filter Include="HTTP">
      <UniqueIdentifier>{41208DEC-CB78-3374-8831-15FA54DF0876}</UniqueIdentifier>
    </Filter>
    <Filter Include="HTTPClient">
      <UniqueIdentifier>{DA9AAD74-3FFD-3143-AFFB-B9ED812D6B46}</UniqueIdentifier>
    </Filter>
    <Filter Include="HTTPClient\Header Files">
      <UniqueIdentifier>{62A08F0F-878A-37B7-AAC8-1386E730D108}</UniqueIdentifier>
    </Filter>
    <Filter Include="HTTPClient\Source Files">
      <UniqueIdentifier>{EE98E762-ADF0-35B1-9156-839F383BE695}</UniqueIdentifier>
    </Filter>
    <Filter Include="HTTPServer">
      <UniqueIdentifier>{3BE144C0-378D-3B65-BDFC-A5A327600459}</UniqueIdentifier>
    </Filter>
    <Filter Include="HTTPServer\Header Files">
      <UniqueIdentifier>{342E91D9-D717-3908-AF2B-2D09A5BDF70D}</UniqueIdentifier>
    </Filter>
    <Filter Include="HTTPServer\Source Files">
      <UniqueIdentifier>{C18BBC2C-05D3-31AC-ABC0-ACB360A047B0}</UniqueIdentifier>
    </Filter>
    <Filter Include="HTTP\Header Files">
      <UniqueIdentifier>{E645462E-AA49-343A-975A-5811ACEC65F2}</UniqueIdentifier>
    </Filter>
    <Filter Include="HTTP\Source Files">
      <UniqueIdentifier>{0B97830E-7C14-34D7-902A-FE3CF3855159}</UniqueIdentifier>
    </Filter>
    <Filter Include="ICMP">
      <UniqueIdentifier>{CABCF798-62CB-36F3-A230-50FBD08AC63F}</UniqueIdentifier>
    </Filter>
    <Filter Include="ICMP\Header Files">
      <UniqueIdentifier>{67DEE47E-EFE5-3CF3-8A1F-194F1D722275}</UniqueIdentifier>
    </Filter>
    <Filter Include="ICMP\Source Files">
      <UniqueIdentifier>{86832E58-6D8E-3712-BC56-B60E7FE915EE}</UniqueIdentifier>
    </Filter>
    <Filter Include="Logging">
      <UniqueIdentifier>{BB7B4A93-628D-30B3-90F1-2E93D51908ED}</UniqueIdentifier>
    </Filter>
    <Filter Include="Logging\Header Files">
      <UniqueIdentifier>{76B2A097-C7E0-34DF-8C6D-C6621E2139C1}</UniqueIdentifier>
    </Filter>
    <Filter Include="Logging\Source Files">
      <UniqueIdentifier>{F33E952B-ABDA-36D4-ABED-65F832CB5040}</UniqueIdentifier>
    </Filter>
    <Filter Include="Mail">
      <UniqueIdentifier>{92628BB9-1744-33FF-8053-44C740C8BBEC}</UniqueIdentifier>
    </Filter>
    <Filter Include="Mail\Header Files">
      <UniqueIdentifier>{6486267A-DAC7-3BD4-ACE8-3D352DDE1847}</UniqueIdentifier>
    </Filter>
    <Filter Include="Mail\Source Files">
      <UniqueIdentifier>{4D4BB9BA-020E-339C-A932-AE032CB80C6E}</UniqueIdentifier>
    </Filter>
    <Filter Include="Messages">
      <UniqueIdentifier>{17166587-2113-30D7-AED1-0322BD4F9F70}</UniqueIdentifier>
    </Filter>
    <Filter Include="Messages\Header Files">
      <UniqueIdentifier>{8544BF1A-7BAC-3D93-81E4-B303593E8FA1}</UniqueIdentifier>
    </Filter>
    <Filter Include="Messages\Source Files">
      <UniqueIdentifier>{DC4AF4F6-ABA2-39C0-A3A2-E1430E49A4B8}</UniqueIdentifier>
    </Filter>
    <Filter Include="NTLM">
      <UniqueIdentifier>{5767429F-9CFA-3CC0-B3B7-38C599EE1BFA}</UniqueIdentifier>
    </Filter>
    <Filter Include="NTLM\Header Files">
      <UniqueIdentifier>{A85C68E8-2FED-331E-8D85-4A3C45BFFE89}</UniqueIdentifier>
    </Filter>
    <Filter Include="NTLM\Source Files">
      <UniqueIdentifier>{D4FCFB1D-6508-36AC-AEC1-BB13E681D21C}</UniqueIdentifier>
    </Filter>
    <Filter Include="NTP">
      <UniqueIdentifier>{283712FB-AA5B-34BD-A98B-891F0B54B9C6}</UniqueIdentifier>
    </Filter>
    <Filter Include="NTP\Header Files">
      <UniqueIdentifier>{C3BBB9B0-D18C-36B1-82F0-B9C0518D2544}</UniqueIdentifier>
    </Filter>
    <Filter Include="NTP\Source Files">
      <UniqueIdentifier>{86553E13-C9C5-3106-AA0B-DF373F3F0D68}</UniqueIdentifier>
    </Filter>
    <Filter Include="NetCore">
      <UniqueIdentifier>{7862C30E-3383-3600-8BB5-095F510AB41F}</UniqueIdentifier>
    </Filter>
    <Filter Include="NetCore\Header Files">
      <UniqueIdentifier>{AACBE8E0-C631-3B44-8247-E10A7D0A075E}</UniqueIdentifier>
    </Filter>
    <Filter Include="NetCore\Source Files">
      <UniqueIdentifier>{4C83CBED-BBE5-3E67-9544-2F60FD14C65A}</UniqueIdentifier>
    </Filter>
    <Filter Include="OAuth">
      <UniqueIdentifier>{F92B9863-D837-39F5-851E-3C233B9AD3F3}</UniqueIdentifier>
    </Filter>
    <Filter Include="OAuth\Header Files">
      <UniqueIdentifier>{785E4487-B65A-37A2-9202-D21E16F03E61}</UniqueIdentifier>
    </Filter>
    <Filter Include="OAuth\Source Files">
      <UniqueIdentifier>{BDD18296-CB3F-3C96-8A46-5D0CA88AC437}</UniqueIdentifier>
    </Filter>
    <Filter Include="Reactor">
      <UniqueIdentifier>{5B6540C1-A2F4-3987-8287-B90689102587}</UniqueIdentifier>
    </Filter>
    <Filter Include="Reactor\Header Files">
      <UniqueIdentifier>{91DFE59E-D1F7-3FE9-BACA-05E55AA51389}</UniqueIdentifier>
    </Filter>
    <Filter Include="Reactor\Source Files">
      <UniqueIdentifier>{B35D8337-6371-3BAB-BAAD-2BD497E1BF8F}</UniqueIdentifier>
    </Filter>
    <Filter Include="Resources">
      <UniqueIdentifier>{E452DCA2-70E7-3F0C-9AF0-6F0D6B2F4169}</UniqueIdentifier>
    </Filter>
    <Filter Include="Sockets">
      <UniqueIdentifier>{02FABF88-BB2D-3FD0-B694-48A5E663353B}</UniqueIdentifier>
    </Filter>
    <Filter Include="Sockets\Header Files">
      <UniqueIdentifier>{C314B6CA-5028-3FB0-932D-B3993C44A394}</UniqueIdentifier>
    </Filter>
    <Filter Include="Sockets\Source Files">
      <UniqueIdentifier>{AA1D0CAF-11C0-3BE8-8F71-38FC85E7007F}</UniqueIdentifier>
    </Filter>
    <Filter Include="TCPServer">
      <UniqueIdentifier>{B25B5965-4F2A-3A86-8F9E-5B47628E4B1C}</UniqueIdentifier>
    </Filter>
    <Filter Include="TCPServer\Header Files">
      <UniqueIdentifier>{962D9831-08FE-308D-A827-2A1604594826}</UniqueIdentifier>
    </Filter>
    <Filter Include="TCPServer\Source Files">
      <UniqueIdentifier>{E67E0B7B-132B-3321-B1F7-26FB0B82912E}</UniqueIdentifier>
    </Filter>
    <Filter Include="UDP">
      <UniqueIdentifier>{35A6D0AB-4242-34B1-9AF8-1C4CF63B78CE}</UniqueIdentifier>
    </Filter>
    <Filter Include="UDP\Header Files">
      <UniqueIdentifier>{A0372246-3089-3F45-8445-EE7C8DEDD54A}</UniqueIdentifier>
    </Filter>
    <Filter Include="UDP\Source Files">
      <UniqueIdentifier>{F2D6FC53-85AB-3599-899F-5F53BC74CD4B}</UniqueIdentifier>
    </Filter>
    <Filter Include="Unknown">
      <UniqueIdentifier>{AD5E51D7-ED58-33D3-8291-D2263AA0BE27}</UniqueIdentifier>
    </Filter>
    <Filter Include="Unknown\Header Files">
      <UniqueIdentifier>{97C552F3-8DD3-390A-BC43-15110747A378}</UniqueIdentifier>
    </Filter>
    <Filter Include="Unknown\Source Files">
      <UniqueIdentifier>{9E5E3007-46DD-3B81-A5C4-32DCC4E339F6}</UniqueIdentifier>
    </Filter>
    <Filter Include="WebSocket">
      <UniqueIdentifier>{919900CF-A512-389F-85E2-E0D10FE45EE4}</UniqueIdentifier>
    </Filter>
    <Filter Include="WebSocket\Header Files">
      <UniqueIdentifier>{4B783878-B301-3D13-8C32-EB795394879C}</UniqueIdentifier>
    </Filter>
    <Filter Include="WebSocket\Source Files">
      <UniqueIdentifier>{88B618B4-499A-331C-A277-5E1857C0B28F}</UniqueIdentifier>
    </Filter>
  </ItemGroup>
</Project>
